
Microsoft Visual Studio Solution File, Format Version 12.00
# Visual Studio 15
VisualStudioVersion = 15.0.27703.2018
MinimumVisualStudioVersion = 10.0.40219.1
Project("{FAE04EC0-301F-11D3-BF4B-00C04F79EFBC}") = "XFESClipboard", "XFESClipboard\XFESClipboard\XFESClipboard.csproj", "{E9596224-EABE-441D-8D06-C41933834366}"
EndProject
Project("{FAE04EC0-301F-11D3-BF4B-00C04F79EFBC}") = "XFESClipboard.Android", "XFESClipboard\XFESClipboard.Android\XFESClipboard.Android.csproj", "{1E4200DF-A8E0-44D5-AF5E-9A5AB98204B5}"
EndProject
Project("{FAE04EC0-301F-11D3-BF4B-00C04F79EFBC}") = "XFESClipboard.iOS", "XFESClipboard\XFESClipboard.iOS\XFESClipboard.iOS.csproj", "{FE390629-1CE0-42F0-97CC-A78D73A42DE2}"
EndProject
Project("{FAE04EC0-301F-11D3-BF4B-00C04F79EFBC}") = "XFESClipboard.UWP", "XFESClipboard\XFESClipboard.UWP\XFESClipboard.UWP.csproj", "{E6BC8C5D-4BAC-4348-A03A-339AA13D1C5F}"
EndProject
Global
	GlobalSection(SolutionConfigurationPlatforms) = preSolution
		Ad-Hoc|Any CPU = Ad-Hoc|Any CPU
		Ad-Hoc|ARM = Ad-Hoc|ARM
		Ad-Hoc|iPhone = Ad-Hoc|iPhone
		Ad-Hoc|iPhoneSimulator = Ad-Hoc|iPhoneSimulator
		Ad-Hoc|x64 = Ad-Hoc|x64
		Ad-Hoc|x86 = Ad-Hoc|x86
		AppStore|Any CPU = AppStore|Any CPU
		AppStore|ARM = AppStore|ARM
		AppStore|iPhone = AppStore|iPhone
		AppStore|iPhoneSimulator = AppStore|iPhoneSimulator
		AppStore|x64 = AppStore|x64
		AppStore|x86 = AppStore|x86
		Debug|Any CPU = Debug|Any CPU
		Debug|ARM = Debug|ARM
		Debug|iPhone = Debug|iPhone
		Debug|iPhoneSimulator = Debug|iPhoneSimulator
		Debug|x64 = Debug|x64
		Debug|x86 = Debug|x86
		Release|Any CPU = Release|Any CPU
		Release|ARM = Release|ARM
		Release|iPhone = Release|iPhone
		Release|iPhoneSimulator = Release|iPhoneSimulator
		Release|x64 = Release|x64
		Release|x86 = Release|x86
	EndGlobalSection
	GlobalSection(ProjectConfigurationPlatforms) = postSolution
		{E9596224-EABE-441D-8D06-C41933834366}.Ad-Hoc|Any CPU.ActiveCfg = Debug|Any CPU
		{E9596224-EABE-441D-8D06-C41933834366}.Ad-Hoc|Any CPU.Build.0 = Debug|Any CPU
		{E9596224-EABE-441D-8D06-C41933834366}.Ad-Hoc|ARM.ActiveCfg = Debug|Any CPU
		{E9596224-EABE-441D-8D06-C41933834366}.Ad-Hoc|ARM.Build.0 = Debug|Any CPU
		{E9596224-EABE-441D-8D06-C41933834366}.Ad-Hoc|iPhone.ActiveCfg = Debug|Any CPU
		{E9596224-EABE-441D-8D06-C41933834366}.Ad-Hoc|iPhone.Build.0 = Debug|Any CPU
		{E9596224-EABE-441D-8D06-C41933834366}.Ad-Hoc|iPhoneSimulator.ActiveCfg = Debug|Any CPU
		{E9596224-EABE-441D-8D06-C41933834366}.Ad-Hoc|iPhoneSimulator.Build.0 = Debug|Any CPU
		{E9596224-EABE-441D-8D06-C41933834366}.Ad-Hoc|x64.ActiveCfg = Debug|Any CPU
		{E9596224-EABE-441D-8D06-C41933834366}.Ad-Hoc|x64.Build.0 = Debug|Any CPU
		{E9596224-EABE-441D-8D06-C41933834366}.Ad-Hoc|x86.ActiveCfg = Debug|Any CPU
		{E9596224-EABE-441D-8D06-C41933834366}.Ad-Hoc|x86.Build.0 = Debug|Any CPU
		{E9596224-EABE-441D-8D06-C41933834366}.AppStore|Any CPU.ActiveCfg = Debug|Any CPU
		{E9596224-EABE-441D-8D06-C41933834366}.AppStore|Any CPU.Build.0 = Debug|Any CPU
		{E9596224-EABE-441D-8D06-C41933834366}.AppStore|ARM.ActiveCfg = Debug|Any CPU
		{E9596224-EABE-441D-8D06-C41933834366}.AppStore|ARM.Build.0 = Debug|Any CPU
		{E9596224-EABE-441D-8D06-C41933834366}.AppStore|iPhone.ActiveCfg = Debug|Any CPU
		{E9596224-EABE-441D-8D06-C41933834366}.AppStore|iPhone.Build.0 = Debug|Any CPU
		{E9596224-EABE-441D-8D06-C41933834366}.AppStore|iPhoneSimulator.ActiveCfg = Debug|Any CPU
		{E9596224-EABE-441D-8D06-C41933834366}.AppStore|iPhoneSimulator.Build.0 = Debug|Any CPU
		{E9596224-EABE-441D-8D06-C41933834366}.AppStore|x64.ActiveCfg = Debug|Any CPU
		{E9596224-EABE-441D-8D06-C41933834366}.AppStore|x64.Build.0 = Debug|Any CPU
		{E9596224-EABE-441D-8D06-C41933834366}.AppStore|x86.ActiveCfg = Debug|Any CPU
		{E9596224-EABE-441D-8D06-C41933834366}.AppStore|x86.Build.0 = Debug|Any CPU
		{E9596224-EABE-441D-8D06-C41933834366}.Debug|Any CPU.ActiveCfg = Debug|Any CPU
		{E9596224-EABE-441D-8D06-C41933834366}.Debug|Any CPU.Build.0 = Debug|Any CPU
		{E9596224-EABE-441D-8D06-C41933834366}.Debug|ARM.ActiveCfg = Debug|Any CPU
		{E9596224-EABE-441D-8D06-C41933834366}.Debug|ARM.Build.0 = Debug|Any CPU
		{E9596224-EABE-441D-8D06-C41933834366}.Debug|iPhone.ActiveCfg = Debug|Any CPU
		{E9596224-EABE-441D-8D06-C41933834366}.Debug|iPhone.Build.0 = Debug|Any CPU
		{E9596224-EABE-441D-8D06-C41933834366}.Debug|iPhoneSimulator.ActiveCfg = Debug|Any CPU
		{E9596224-EABE-441D-8D06-C41933834366}.Debug|iPhoneSimulator.Build.0 = Debug|Any CPU
		{E9596224-EABE-441D-8D06-C41933834366}.Debug|x64.ActiveCfg = Debug|Any CPU
		{E9596224-EABE-441D-8D06-C41933834366}.Debug|x64.Build.0 = Debug|Any CPU
		{E9596224-EABE-441D-8D06-C41933834366}.Debug|x86.ActiveCfg = Debug|Any CPU
		{E9596224-EABE-441D-8D06-C41933834366}.Debug|x86.Build.0 = Debug|Any CPU
		{E9596224-EABE-441D-8D06-C41933834366}.Release|Any CPU.ActiveCfg = Release|Any CPU
		{E9596224-EABE-441D-8D06-C41933834366}.Release|Any CPU.Build.0 = Release|Any CPU
		{E9596224-EABE-441D-8D06-C41933834366}.Release|ARM.ActiveCfg = Release|Any CPU
		{E9596224-EABE-441D-8D06-C41933834366}.Release|ARM.Build.0 = Release|Any CPU
		{E9596224-EABE-441D-8D06-C41933834366}.Release|iPhone.ActiveCfg = Release|Any CPU
		{E9596224-EABE-441D-8D06-C41933834366}.Release|iPhone.Build.0 = Release|Any CPU
		{E9596224-EABE-441D-8D06-C41933834366}.Release|iPhoneSimulator.ActiveCfg = Release|Any CPU
		{E9596224-EABE-441D-8D06-C41933834366}.Release|iPhoneSimulator.Build.0 = Release|Any CPU
		{E9596224-EABE-441D-8D06-C41933834366}.Release|x64.ActiveCfg = Release|Any CPU
		{E9596224-EABE-441D-8D06-C41933834366}.Release|x64.Build.0 = Release|Any CPU
		{E9596224-EABE-441D-8D06-C41933834366}.Release|x86.ActiveCfg = Release|Any CPU
		{E9596224-EABE-441D-8D06-C41933834366}.Release|x86.Build.0 = Release|Any CPU
		{1E4200DF-A8E0-44D5-AF5E-9A5AB98204B5}.Ad-Hoc|Any CPU.ActiveCfg = Release|Any CPU
		{1E4200DF-A8E0-44D5-AF5E-9A5AB98204B5}.Ad-Hoc|Any CPU.Build.0 = Release|Any CPU
		{1E4200DF-A8E0-44D5-AF5E-9A5AB98204B5}.Ad-Hoc|Any CPU.Deploy.0 = Release|Any CPU
		{1E4200DF-A8E0-44D5-AF5E-9A5AB98204B5}.Ad-Hoc|ARM.ActiveCfg = Release|Any CPU
		{1E4200DF-A8E0-44D5-AF5E-9A5AB98204B5}.Ad-Hoc|ARM.Build.0 = Release|Any CPU
		{1E4200DF-A8E0-44D5-AF5E-9A5AB98204B5}.Ad-Hoc|ARM.Deploy.0 = Release|Any CPU
		{1E4200DF-A8E0-44D5-AF5E-9A5AB98204B5}.Ad-Hoc|iPhone.ActiveCfg = Release|Any CPU
		{1E4200DF-A8E0-44D5-AF5E-9A5AB98204B5}.Ad-Hoc|iPhone.Build.0 = Release|Any CPU
		{1E4200DF-A8E0-44D5-AF5E-9A5AB98204B5}.Ad-Hoc|iPhone.Deploy.0 = Release|Any CPU
		{1E4200DF-A8E0-44D5-AF5E-9A5AB98204B5}.Ad-Hoc|iPhoneSimulator.ActiveCfg = Release|Any CPU
		{1E4200DF-A8E0-44D5-AF5E-9A5AB98204B5}.Ad-Hoc|iPhoneSimulator.Build.0 = Release|Any CPU
		{1E4200DF-A8E0-44D5-AF5E-9A5AB98204B5}.Ad-Hoc|iPhoneSimulator.Deploy.0 = Release|Any CPU
		{1E4200DF-A8E0-44D5-AF5E-9A5AB98204B5}.Ad-Hoc|x64.ActiveCfg = Release|Any CPU
		{1E4200DF-A8E0-44D5-AF5E-9A5AB98204B5}.Ad-Hoc|x64.Build.0 = Release|Any CPU
		{1E4200DF-A8E0-44D5-AF5E-9A5AB98204B5}.Ad-Hoc|x64.Deploy.0 = Release|Any CPU
		{1E4200DF-A8E0-44D5-AF5E-9A5AB98204B5}.Ad-Hoc|x86.ActiveCfg = Release|Any CPU
		{1E4200DF-A8E0-44D5-AF5E-9A5AB98204B5}.Ad-Hoc|x86.Build.0 = Release|Any CPU
		{1E4200DF-A8E0-44D5-AF5E-9A5AB98204B5}.Ad-Hoc|x86.Deploy.0 = Release|Any CPU
		{1E4200DF-A8E0-44D5-AF5E-9A5AB98204B5}.AppStore|Any CPU.ActiveCfg = Release|Any CPU
		{1E4200DF-A8E0-44D5-AF5E-9A5AB98204B5}.AppStore|Any CPU.Build.0 = Release|Any CPU
		{1E4200DF-A8E0-44D5-AF5E-9A5AB98204B5}.AppStore|Any CPU.Deploy.0 = Release|Any CPU
		{1E4200DF-A8E0-44D5-AF5E-9A5AB98204B5}.AppStore|ARM.ActiveCfg = Release|Any CPU
		{1E4200DF-A8E0-44D5-AF5E-9A5AB98204B5}.AppStore|ARM.Build.0 = Release|Any CPU
		{1E4200DF-A8E0-44D5-AF5E-9A5AB98204B5}.AppStore|ARM.Deploy.0 = Release|Any CPU
		{1E4200DF-A8E0-44D5-AF5E-9A5AB98204B5}.AppStore|iPhone.ActiveCfg = Release|Any CPU
		{1E4200DF-A8E0-44D5-AF5E-9A5AB98204B5}.AppStore|iPhone.Build.0 = Release|Any CPU
		{1E4200DF-A8E0-44D5-AF5E-9A5AB98204B5}.AppStore|iPhone.Deploy.0 = Release|Any CPU
		{1E4200DF-A8E0-44D5-AF5E-9A5AB98204B5}.AppStore|iPhoneSimulator.ActiveCfg = Release|Any CPU
		{1E4200DF-A8E0-44D5-AF5E-9A5AB98204B5}.AppStore|iPhoneSimulator.Build.0 = Release|Any CPU
		{1E4200DF-A8E0-44D5-AF5E-9A5AB98204B5}.AppStore|iPhoneSimulator.Deploy.0 = Release|Any CPU
		{1E4200DF-A8E0-44D5-AF5E-9A5AB98204B5}.AppStore|x64.ActiveCfg = Release|Any CPU
		{1E4200DF-A8E0-44D5-AF5E-9A5AB98204B5}.AppStore|x64.Build.0 = Release|Any CPU
		{1E4200DF-A8E0-44D5-AF5E-9A5AB98204B5}.AppStore|x64.Deploy.0 = Release|Any CPU
		{1E4200DF-A8E0-44D5-AF5E-9A5AB98204B5}.AppStore|x86.ActiveCfg = Release|Any CPU
		{1E4200DF-A8E0-44D5-AF5E-9A5AB98204B5}.AppStore|x86.Build.0 = Release|Any CPU
		{1E4200DF-A8E0-44D5-AF5E-9A5AB98204B5}.AppStore|x86.Deploy.0 = Release|Any CPU
		{1E4200DF-A8E0-44D5-AF5E-9A5AB98204B5}.Debug|Any CPU.ActiveCfg = Debug|Any CPU
		{1E4200DF-A8E0-44D5-AF5E-9A5AB98204B5}.Debug|Any CPU.Build.0 = Debug|Any CPU
		{1E4200DF-A8E0-44D5-AF5E-9A5AB98204B5}.Debug|Any CPU.Deploy.0 = Debug|Any CPU
		{1E4200DF-A8E0-44D5-AF5E-9A5AB98204B5}.Debug|ARM.ActiveCfg = Debug|Any CPU
		{1E4200DF-A8E0-44D5-AF5E-9A5AB98204B5}.Debug|ARM.Build.0 = Debug|Any CPU
		{1E4200DF-A8E0-44D5-AF5E-9A5AB98204B5}.Debug|ARM.Deploy.0 = Debug|Any CPU
		{1E4200DF-A8E0-44D5-AF5E-9A5AB98204B5}.Debug|iPhone.ActiveCfg = Debug|Any CPU
		{1E4200DF-A8E0-44D5-AF5E-9A5AB98204B5}.Debug|iPhone.Build.0 = Debug|Any CPU
		{1E4200DF-A8E0-44D5-AF5E-9A5AB98204B5}.Debug|iPhone.Deploy.0 = Debug|Any CPU
		{1E4200DF-A8E0-44D5-AF5E-9A5AB98204B5}.Debug|iPhoneSimulator.ActiveCfg = Debug|Any CPU
		{1E4200DF-A8E0-44D5-AF5E-9A5AB98204B5}.Debug|iPhoneSimulator.Build.0 = Debug|Any CPU
		{1E4200DF-A8E0-44D5-AF5E-9A5AB98204B5}.Debug|iPhoneSimulator.Deploy.0 = Debug|Any CPU
		{1E4200DF-A8E0-44D5-AF5E-9A5AB98204B5}.Debug|x64.ActiveCfg = Debug|Any CPU
		{1E4200DF-A8E0-44D5-AF5E-9A5AB98204B5}.Debug|x64.Build.0 = Debug|Any CPU
		{1E4200DF-A8E0-44D5-AF5E-9A5AB98204B5}.Debug|x64.Deploy.0 = Debug|Any CPU
		{1E4200DF-A8E0-44D5-AF5E-9A5AB98204B5}.Debug|x86.ActiveCfg = Debug|Any CPU
		{1E4200DF-A8E0-44D5-AF5E-9A5AB98204B5}.Debug|x86.Build.0 = Debug|Any CPU
		{1E4200DF-A8E0-44D5-AF5E-9A5AB98204B5}.Debug|x86.Deploy.0 = Debug|Any CPU
		{1E4200DF-A8E0-44D5-AF5E-9A5AB98204B5}.Release|Any CPU.ActiveCfg = Release|Any CPU
		{1E4200DF-A8E0-44D5-AF5E-9A5AB98204B5}.Release|Any CPU.Build.0 = Release|Any CPU
		{1E4200DF-A8E0-44D5-AF5E-9A5AB98204B5}.Release|Any CPU.Deploy.0 = Release|Any CPU
		{1E4200DF-A8E0-44D5-AF5E-9A5AB98204B5}.Release|ARM.ActiveCfg = Release|Any CPU
		{1E4200DF-A8E0-44D5-AF5E-9A5AB98204B5}.Release|ARM.Build.0 = Release|Any CPU
		{1E4200DF-A8E0-44D5-AF5E-9A5AB98204B5}.Release|ARM.Deploy.0 = Release|Any CPU
		{1E4200DF-A8E0-44D5-AF5E-9A5AB98204B5}.Release|iPhone.ActiveCfg = Release|Any CPU
		{1E4200DF-A8E0-44D5-AF5E-9A5AB98204B5}.Release|iPhone.Build.0 = Release|Any CPU
		{1E4200DF-A8E0-44D5-AF5E-9A5AB98204B5}.Release|iPhone.Deploy.0 = Release|Any CPU
		{1E4200DF-A8E0-44D5-AF5E-9A5AB98204B5}.Release|iPhoneSimulator.ActiveCfg = Release|Any CPU
		{1E4200DF-A8E0-44D5-AF5E-9A5AB98204B5}.Release|iPhoneSimulator.Build.0 = Release|Any CPU
		{1E4200DF-A8E0-44D5-AF5E-9A5AB98204B5}.Release|iPhoneSimulator.Deploy.0 = Release|Any CPU
		{1E4200DF-A8E0-44D5-AF5E-9A5AB98204B5}.Release|x64.ActiveCfg = Release|Any CPU
		{1E4200DF-A8E0-44D5-AF5E-9A5AB98204B5}.Release|x64.Build.0 = Release|Any CPU
		{1E4200DF-A8E0-44D5-AF5E-9A5AB98204B5}.Release|x64.Deploy.0 = Release|Any CPU
		{1E4200DF-A8E0-44D5-AF5E-9A5AB98204B5}.Release|x86.ActiveCfg = Release|Any CPU
		{1E4200DF-A8E0-44D5-AF5E-9A5AB98204B5}.Release|x86.Build.0 = Release|Any CPU
		{1E4200DF-A8E0-44D5-AF5E-9A5AB98204B5}.Release|x86.Deploy.0 = Release|Any CPU
		{FE390629-1CE0-42F0-97CC-A78D73A42DE2}.Ad-Hoc|Any CPU.ActiveCfg = Ad-Hoc|iPhone
		{FE390629-1CE0-42F0-97CC-A78D73A42DE2}.Ad-Hoc|ARM.ActiveCfg = Ad-Hoc|iPhone
		{FE390629-1CE0-42F0-97CC-A78D73A42DE2}.Ad-Hoc|iPhone.ActiveCfg = Ad-Hoc|iPhone
		{FE390629-1CE0-42F0-97CC-A78D73A42DE2}.Ad-Hoc|iPhone.Build.0 = Ad-Hoc|iPhone
		{FE390629-1CE0-42F0-97CC-A78D73A42DE2}.Ad-Hoc|iPhoneSimulator.ActiveCfg = Ad-Hoc|iPhoneSimulator
		{FE390629-1CE0-42F0-97CC-A78D73A42DE2}.Ad-Hoc|iPhoneSimulator.Build.0 = Ad-Hoc|iPhoneSimulator
		{FE390629-1CE0-42F0-97CC-A78D73A42DE2}.Ad-Hoc|x64.ActiveCfg = Ad-Hoc|iPhone
		{FE390629-1CE0-42F0-97CC-A78D73A42DE2}.Ad-Hoc|x86.ActiveCfg = Ad-Hoc|iPhone
		{FE390629-1CE0-42F0-97CC-A78D73A42DE2}.AppStore|Any CPU.ActiveCfg = AppStore|iPhone
		{FE390629-1CE0-42F0-97CC-A78D73A42DE2}.AppStore|ARM.ActiveCfg = AppStore|iPhone
		{FE390629-1CE0-42F0-97CC-A78D73A42DE2}.AppStore|iPhone.ActiveCfg = AppStore|iPhone
		{FE390629-1CE0-42F0-97CC-A78D73A42DE2}.AppStore|iPhone.Build.0 = AppStore|iPhone
		{FE390629-1CE0-42F0-97CC-A78D73A42DE2}.AppStore|iPhoneSimulator.ActiveCfg = AppStore|iPhoneSimulator
		{FE390629-1CE0-42F0-97CC-A78D73A42DE2}.AppStore|iPhoneSimulator.Build.0 = AppStore|iPhoneSimulator
		{FE390629-1CE0-42F0-97CC-A78D73A42DE2}.AppStore|x64.ActiveCfg = AppStore|iPhone
		{FE390629-1CE0-42F0-97CC-A78D73A42DE2}.AppStore|x86.ActiveCfg = AppStore|iPhone
		{FE390629-1CE0-42F0-97CC-A78D73A42DE2}.Debug|Any CPU.ActiveCfg = Debug|iPhone
		{FE390629-1CE0-42F0-97CC-A78D73A42DE2}.Debug|ARM.ActiveCfg = Debug|iPhone
		{FE390629-1CE0-42F0-97CC-A78D73A42DE2}.Debug|iPhone.ActiveCfg = Debug|iPhone
		{FE390629-1CE0-42F0-97CC-A78D73A42DE2}.Debug|iPhone.Build.0 = Debug|iPhone
		{FE390629-1CE0-42F0-97CC-A78D73A42DE2}.Debug|iPhoneSimulator.ActiveCfg = Debug|iPhoneSimulator
		{FE390629-1CE0-42F0-97CC-A78D73A42DE2}.Debug|iPhoneSimulator.Build.0 = Debug|iPhoneSimulator
		{FE390629-1CE0-42F0-97CC-A78D73A42DE2}.Debug|x64.ActiveCfg = Debug|iPhone
		{FE390629-1CE0-42F0-97CC-A78D73A42DE2}.Debug|x86.ActiveCfg = Debug|iPhone
		{FE390629-1CE0-42F0-97CC-A78D73A42DE2}.Release|Any CPU.ActiveCfg = Release|iPhone
		{FE390629-1CE0-42F0-97CC-A78D73A42DE2}.Release|ARM.ActiveCfg = Release|iPhone
		{FE390629-1CE0-42F0-97CC-A78D73A42DE2}.Release|iPhone.ActiveCfg = Release|iPhone
		{FE390629-1CE0-42F0-97CC-A78D73A42DE2}.Release|iPhone.Build.0 = Release|iPhone
		{FE390629-1CE0-42F0-97CC-A78D73A42DE2}.Release|iPhoneSimulator.ActiveCfg = Release|iPhoneSimulator
		{FE390629-1CE0-42F0-97CC-A78D73A42DE2}.Release|iPhoneSimulator.Build.0 = Release|iPhoneSimulator
		{FE390629-1CE0-42F0-97CC-A78D73A42DE2}.Release|x64.ActiveCfg = Release|iPhone
		{FE390629-1CE0-42F0-97CC-A78D73A42DE2}.Release|x86.ActiveCfg = Release|iPhone
		{E6BC8C5D-4BAC-4348-A03A-339AA13D1C5F}.Ad-Hoc|Any CPU.ActiveCfg = Release|x86
		{E6BC8C5D-4BAC-4348-A03A-339AA13D1C5F}.Ad-Hoc|Any CPU.Build.0 = Release|x86
		{E6BC8C5D-4BAC-4348-A03A-339AA13D1C5F}.Ad-Hoc|Any CPU.Deploy.0 = Release|x86
		{E6BC8C5D-4BAC-4348-A03A-339AA13D1C5F}.Ad-Hoc|ARM.ActiveCfg = Release|ARM
		{E6BC8C5D-4BAC-4348-A03A-339AA13D1C5F}.Ad-Hoc|ARM.Build.0 = Release|ARM
		{E6BC8C5D-4BAC-4348-A03A-339AA13D1C5F}.Ad-Hoc|ARM.Deploy.0 = Release|ARM
		{E6BC8C5D-4BAC-4348-A03A-339AA13D1C5F}.Ad-Hoc|iPhone.ActiveCfg = Release|x86
		{E6BC8C5D-4BAC-4348-A03A-339AA13D1C5F}.Ad-Hoc|iPhone.Build.0 = Release|x86
		{E6BC8C5D-4BAC-4348-A03A-339AA13D1C5F}.Ad-Hoc|iPhone.Deploy.0 = Release|x86
		{E6BC8C5D-4BAC-4348-A03A-339AA13D1C5F}.Ad-Hoc|iPhoneSimulator.ActiveCfg = Release|x86
		{E6BC8C5D-4BAC-4348-A03A-339AA13D1C5F}.Ad-Hoc|iPhoneSimulator.Build.0 = Release|x86
		{E6BC8C5D-4BAC-4348-A03A-339AA13D1C5F}.Ad-Hoc|iPhoneSimulator.Deploy.0 = Release|x86
		{E6BC8C5D-4BAC-4348-A03A-339AA13D1C5F}.Ad-Hoc|x64.ActiveCfg = Release|x64
		{E6BC8C5D-4BAC-4348-A03A-339AA13D1C5F}.Ad-Hoc|x64.Build.0 = Release|x64
		{E6BC8C5D-4BAC-4348-A03A-339AA13D1C5F}.Ad-Hoc|x64.Deploy.0 = Release|x64
		{E6BC8C5D-4BAC-4348-A03A-339AA13D1C5F}.Ad-Hoc|x86.ActiveCfg = Release|x86
		{E6BC8C5D-4BAC-4348-A03A-339AA13D1C5F}.Ad-Hoc|x86.Build.0 = Release|x86
		{E6BC8C5D-4BAC-4348-A03A-339AA13D1C5F}.Ad-Hoc|x86.Deploy.0 = Release|x86
		{E6BC8C5D-4BAC-4348-A03A-339AA13D1C5F}.AppStore|Any CPU.ActiveCfg = Release|x86
		{E6BC8C5D-4BAC-4348-A03A-339AA13D1C5F}.AppStore|Any CPU.Build.0 = Release|x86
		{E6BC8C5D-4BAC-4348-A03A-339AA13D1C5F}.AppStore|Any CPU.Deploy.0 = Release|x86
		{E6BC8C5D-4BAC-4348-A03A-339AA13D1C5F}.AppStore|ARM.ActiveCfg = Release|ARM
		{E6BC8C5D-4BAC-4348-A03A-339AA13D1C5F}.AppStore|ARM.Build.0 = Release|ARM
		{E6BC8C5D-4BAC-4348-A03A-339AA13D1C5F}.AppStore|ARM.Deploy.0 = Release|ARM
		{E6BC8C5D-4BAC-4348-A03A-339AA13D1C5F}.AppStore|iPhone.ActiveCfg = Release|x86
		{E6BC8C5D-4BAC-4348-A03A-339AA13D1C5F}.AppStore|iPhone.Build.0 = Release|x86
		{E6BC8C5D-4BAC-4348-A03A-339AA13D1C5F}.AppStore|iPhone.Deploy.0 = Release|x86
		{E6BC8C5D-4BAC-4348-A03A-339AA13D1C5F}.AppStore|iPhoneSimulator.ActiveCfg = Release|x86
		{E6BC8C5D-4BAC-4348-A03A-339AA13D1C5F}.AppStore|iPhoneSimulator.Build.0 = Release|x86
		{E6BC8C5D-4BAC-4348-A03A-339AA13D1C5F}.AppStore|iPhoneSimulator.Deploy.0 = Release|x86
		{E6BC8C5D-4BAC-4348-A03A-339AA13D1C5F}.AppStore|x64.ActiveCfg = Release|x64
		{E6BC8C5D-4BAC-4348-A03A-339AA13D1C5F}.AppStore|x64.Build.0 = Release|x64
		{E6BC8C5D-4BAC-4348-A03A-339AA13D1C5F}.AppStore|x64.Deploy.0 = Release|x64
		{E6BC8C5D-4BAC-4348-A03A-339AA13D1C5F}.AppStore|x86.ActiveCfg = Release|x86
		{E6BC8C5D-4BAC-4348-A03A-339AA13D1C5F}.AppStore|x86.Build.0 = Release|x86
		{E6BC8C5D-4BAC-4348-A03A-339AA13D1C5F}.AppStore|x86.Deploy.0 = Release|x86
		{E6BC8C5D-4BAC-4348-A03A-339AA13D1C5F}.Debug|Any CPU.ActiveCfg = Debug|x86
		{E6BC8C5D-4BAC-4348-A03A-339AA13D1C5F}.Debug|ARM.ActiveCfg = Debug|ARM
		{E6BC8C5D-4BAC-4348-A03A-339AA13D1C5F}.Debug|ARM.Build.0 = Debug|ARM
		{E6BC8C5D-4BAC-4348-A03A-339AA13D1C5F}.Debug|ARM.Deploy.0 = Debug|ARM
		{E6BC8C5D-4BAC-4348-A03A-339AA13D1C5F}.Debug|iPhone.ActiveCfg = Debug|x86
		{E6BC8C5D-4BAC-4348-A03A-339AA13D1C5F}.Debug|iPhoneSimulator.ActiveCfg = Debug|x86
		{E6BC8C5D-4BAC-4348-A03A-339AA13D1C5F}.Debug|x64.ActiveCfg = Debug|x64
		{E6BC8C5D-4BAC-4348-A03A-339AA13D1C5F}.Debug|x64.Build.0 = Debug|x64
		{E6BC8C5D-4BAC-4348-A03A-339AA13D1C5F}.Debug|x64.Deploy.0 = Debug|x64
		{E6BC8C5D-4BAC-4348-A03A-339AA13D1C5F}.Debug|x86.ActiveCfg = Debug|x86
		{E6BC8C5D-4BAC-4348-A03A-339AA13D1C5F}.Debug|x86.Build.0 = Debug|x86
		{E6BC8C5D-4BAC-4348-A03A-339AA13D1C5F}.Debug|x86.Deploy.0 = Debug|x86
		{E6BC8C5D-4BAC-4348-A03A-339AA13D1C5F}.Release|Any CPU.ActiveCfg = Release|x86
		{E6BC8C5D-4BAC-4348-A03A-339AA13D1C5F}.Release|ARM.ActiveCfg = Release|ARM
		{E6BC8C5D-4BAC-4348-A03A-339AA13D1C5F}.Release|ARM.Build.0 = Release|ARM
		{E6BC8C5D-4BAC-4348-A03A-339AA13D1C5F}.Release|ARM.Deploy.0 = Release|ARM
		{E6BC8C5D-4BAC-4348-A03A-339AA13D1C5F}.Release|iPhone.ActiveCfg = Release|x86
		{E6BC8C5D-4BAC-4348-A03A-339AA13D1C5F}.Release|iPhoneSimulator.ActiveCfg = Release|x86
		{E6BC8C5D-4BAC-4348-A03A-339AA13D1C5F}.Release|x64.ActiveCfg = Release|x64
		{E6BC8C5D-4BAC-4348-A03A-339AA13D1C5F}.Release|x64.Build.0 = Release|x64
		{E6BC8C5D-4BAC-4348-A03A-339AA13D1C5F}.Release|x64.Deploy.0 = Release|x64
		{E6BC8C5D-4BAC-4348-A03A-339AA13D1C5F}.Release|x86.ActiveCfg = Release|x86
		{E6BC8C5D-4BAC-4348-A03A-339AA13D1C5F}.Release|x86.Build.0 = Release|x86
		{E6BC8C5D-4BAC-4348-A03A-339AA13D1C5F}.Release|x86.Deploy.0 = Release|x86
	EndGlobalSection
	GlobalSection(SolutionProperties) = preSolution
		HideSolutionNode = FALSE
	EndGlobalSection
	GlobalSection(ExtensibilityGlobals) = postSolution
		SolutionGuid = {72582ECA-D816-4E1A-BF4A-4395DCB41E87}
	EndGlobalSection
EndGlobal
