
Microsoft Visual Studio Solution File, Format Version 12.00
# Visual Studio 15
VisualStudioVersion = 15.0.27703.2018
MinimumVisualStudioVersion = 10.0.40219.1
Project("{FAE04EC0-301F-11D3-BF4B-00C04F79EFBC}") = "XFESDeviceDisplay", "XFESDeviceDisplay\XFESDeviceDisplay\XFESDeviceDisplay.csproj", "{C157F3F8-0220-47DA-ADA5-2AAFC34C7D32}"
EndProject
Project("{FAE04EC0-301F-11D3-BF4B-00C04F79EFBC}") = "XFESDeviceDisplay.Android", "XFESDeviceDisplay\XFESDeviceDisplay.Android\XFESDeviceDisplay.Android.csproj", "{3D229155-2277-4447-B775-421AD013BBC8}"
EndProject
Project("{FAE04EC0-301F-11D3-BF4B-00C04F79EFBC}") = "XFESDeviceDisplay.iOS", "XFESDeviceDisplay\XFESDeviceDisplay.iOS\XFESDeviceDisplay.iOS.csproj", "{FC889801-5B98-454D-998F-6F1A03E61543}"
EndProject
Project("{FAE04EC0-301F-11D3-BF4B-00C04F79EFBC}") = "XFESDeviceDisplay.UWP", "XFESDeviceDisplay\XFESDeviceDisplay.UWP\XFESDeviceDisplay.UWP.csproj", "{2C4FDA30-9542-434E-87E3-78643B754D99}"
EndProject
Global
	GlobalSection(SolutionConfigurationPlatforms) = preSolution
		Ad-Hoc|Any CPU = Ad-Hoc|Any CPU
		Ad-Hoc|ARM = Ad-Hoc|ARM
		Ad-Hoc|iPhone = Ad-Hoc|iPhone
		Ad-Hoc|iPhoneSimulator = Ad-Hoc|iPhoneSimulator
		Ad-Hoc|x64 = Ad-Hoc|x64
		Ad-Hoc|x86 = Ad-Hoc|x86
		AppStore|Any CPU = AppStore|Any CPU
		AppStore|ARM = AppStore|ARM
		AppStore|iPhone = AppStore|iPhone
		AppStore|iPhoneSimulator = AppStore|iPhoneSimulator
		AppStore|x64 = AppStore|x64
		AppStore|x86 = AppStore|x86
		Debug|Any CPU = Debug|Any CPU
		Debug|ARM = Debug|ARM
		Debug|iPhone = Debug|iPhone
		Debug|iPhoneSimulator = Debug|iPhoneSimulator
		Debug|x64 = Debug|x64
		Debug|x86 = Debug|x86
		Release|Any CPU = Release|Any CPU
		Release|ARM = Release|ARM
		Release|iPhone = Release|iPhone
		Release|iPhoneSimulator = Release|iPhoneSimulator
		Release|x64 = Release|x64
		Release|x86 = Release|x86
	EndGlobalSection
	GlobalSection(ProjectConfigurationPlatforms) = postSolution
		{C157F3F8-0220-47DA-ADA5-2AAFC34C7D32}.Ad-Hoc|Any CPU.ActiveCfg = Debug|Any CPU
		{C157F3F8-0220-47DA-ADA5-2AAFC34C7D32}.Ad-Hoc|Any CPU.Build.0 = Debug|Any CPU
		{C157F3F8-0220-47DA-ADA5-2AAFC34C7D32}.Ad-Hoc|ARM.ActiveCfg = Debug|Any CPU
		{C157F3F8-0220-47DA-ADA5-2AAFC34C7D32}.Ad-Hoc|ARM.Build.0 = Debug|Any CPU
		{C157F3F8-0220-47DA-ADA5-2AAFC34C7D32}.Ad-Hoc|iPhone.ActiveCfg = Debug|Any CPU
		{C157F3F8-0220-47DA-ADA5-2AAFC34C7D32}.Ad-Hoc|iPhone.Build.0 = Debug|Any CPU
		{C157F3F8-0220-47DA-ADA5-2AAFC34C7D32}.Ad-Hoc|iPhoneSimulator.ActiveCfg = Debug|Any CPU
		{C157F3F8-0220-47DA-ADA5-2AAFC34C7D32}.Ad-Hoc|iPhoneSimulator.Build.0 = Debug|Any CPU
		{C157F3F8-0220-47DA-ADA5-2AAFC34C7D32}.Ad-Hoc|x64.ActiveCfg = Debug|Any CPU
		{C157F3F8-0220-47DA-ADA5-2AAFC34C7D32}.Ad-Hoc|x64.Build.0 = Debug|Any CPU
		{C157F3F8-0220-47DA-ADA5-2AAFC34C7D32}.Ad-Hoc|x86.ActiveCfg = Debug|Any CPU
		{C157F3F8-0220-47DA-ADA5-2AAFC34C7D32}.Ad-Hoc|x86.Build.0 = Debug|Any CPU
		{C157F3F8-0220-47DA-ADA5-2AAFC34C7D32}.AppStore|Any CPU.ActiveCfg = Debug|Any CPU
		{C157F3F8-0220-47DA-ADA5-2AAFC34C7D32}.AppStore|Any CPU.Build.0 = Debug|Any CPU
		{C157F3F8-0220-47DA-ADA5-2AAFC34C7D32}.AppStore|ARM.ActiveCfg = Debug|Any CPU
		{C157F3F8-0220-47DA-ADA5-2AAFC34C7D32}.AppStore|ARM.Build.0 = Debug|Any CPU
		{C157F3F8-0220-47DA-ADA5-2AAFC34C7D32}.AppStore|iPhone.ActiveCfg = Debug|Any CPU
		{C157F3F8-0220-47DA-ADA5-2AAFC34C7D32}.AppStore|iPhone.Build.0 = Debug|Any CPU
		{C157F3F8-0220-47DA-ADA5-2AAFC34C7D32}.AppStore|iPhoneSimulator.ActiveCfg = Debug|Any CPU
		{C157F3F8-0220-47DA-ADA5-2AAFC34C7D32}.AppStore|iPhoneSimulator.Build.0 = Debug|Any CPU
		{C157F3F8-0220-47DA-ADA5-2AAFC34C7D32}.AppStore|x64.ActiveCfg = Debug|Any CPU
		{C157F3F8-0220-47DA-ADA5-2AAFC34C7D32}.AppStore|x64.Build.0 = Debug|Any CPU
		{C157F3F8-0220-47DA-ADA5-2AAFC34C7D32}.AppStore|x86.ActiveCfg = Debug|Any CPU
		{C157F3F8-0220-47DA-ADA5-2AAFC34C7D32}.AppStore|x86.Build.0 = Debug|Any CPU
		{C157F3F8-0220-47DA-ADA5-2AAFC34C7D32}.Debug|Any CPU.ActiveCfg = Debug|Any CPU
		{C157F3F8-0220-47DA-ADA5-2AAFC34C7D32}.Debug|Any CPU.Build.0 = Debug|Any CPU
		{C157F3F8-0220-47DA-ADA5-2AAFC34C7D32}.Debug|ARM.ActiveCfg = Debug|Any CPU
		{C157F3F8-0220-47DA-ADA5-2AAFC34C7D32}.Debug|ARM.Build.0 = Debug|Any CPU
		{C157F3F8-0220-47DA-ADA5-2AAFC34C7D32}.Debug|iPhone.ActiveCfg = Debug|Any CPU
		{C157F3F8-0220-47DA-ADA5-2AAFC34C7D32}.Debug|iPhone.Build.0 = Debug|Any CPU
		{C157F3F8-0220-47DA-ADA5-2AAFC34C7D32}.Debug|iPhoneSimulator.ActiveCfg = Debug|Any CPU
		{C157F3F8-0220-47DA-ADA5-2AAFC34C7D32}.Debug|iPhoneSimulator.Build.0 = Debug|Any CPU
		{C157F3F8-0220-47DA-ADA5-2AAFC34C7D32}.Debug|x64.ActiveCfg = Debug|Any CPU
		{C157F3F8-0220-47DA-ADA5-2AAFC34C7D32}.Debug|x64.Build.0 = Debug|Any CPU
		{C157F3F8-0220-47DA-ADA5-2AAFC34C7D32}.Debug|x86.ActiveCfg = Debug|Any CPU
		{C157F3F8-0220-47DA-ADA5-2AAFC34C7D32}.Debug|x86.Build.0 = Debug|Any CPU
		{C157F3F8-0220-47DA-ADA5-2AAFC34C7D32}.Release|Any CPU.ActiveCfg = Release|Any CPU
		{C157F3F8-0220-47DA-ADA5-2AAFC34C7D32}.Release|Any CPU.Build.0 = Release|Any CPU
		{C157F3F8-0220-47DA-ADA5-2AAFC34C7D32}.Release|ARM.ActiveCfg = Release|Any CPU
		{C157F3F8-0220-47DA-ADA5-2AAFC34C7D32}.Release|ARM.Build.0 = Release|Any CPU
		{C157F3F8-0220-47DA-ADA5-2AAFC34C7D32}.Release|iPhone.ActiveCfg = Release|Any CPU
		{C157F3F8-0220-47DA-ADA5-2AAFC34C7D32}.Release|iPhone.Build.0 = Release|Any CPU
		{C157F3F8-0220-47DA-ADA5-2AAFC34C7D32}.Release|iPhoneSimulator.ActiveCfg = Release|Any CPU
		{C157F3F8-0220-47DA-ADA5-2AAFC34C7D32}.Release|iPhoneSimulator.Build.0 = Release|Any CPU
		{C157F3F8-0220-47DA-ADA5-2AAFC34C7D32}.Release|x64.ActiveCfg = Release|Any CPU
		{C157F3F8-0220-47DA-ADA5-2AAFC34C7D32}.Release|x64.Build.0 = Release|Any CPU
		{C157F3F8-0220-47DA-ADA5-2AAFC34C7D32}.Release|x86.ActiveCfg = Release|Any CPU
		{C157F3F8-0220-47DA-ADA5-2AAFC34C7D32}.Release|x86.Build.0 = Release|Any CPU
		{3D229155-2277-4447-B775-421AD013BBC8}.Ad-Hoc|Any CPU.ActiveCfg = Release|Any CPU
		{3D229155-2277-4447-B775-421AD013BBC8}.Ad-Hoc|Any CPU.Build.0 = Release|Any CPU
		{3D229155-2277-4447-B775-421AD013BBC8}.Ad-Hoc|Any CPU.Deploy.0 = Release|Any CPU
		{3D229155-2277-4447-B775-421AD013BBC8}.Ad-Hoc|ARM.ActiveCfg = Release|Any CPU
		{3D229155-2277-4447-B775-421AD013BBC8}.Ad-Hoc|ARM.Build.0 = Release|Any CPU
		{3D229155-2277-4447-B775-421AD013BBC8}.Ad-Hoc|ARM.Deploy.0 = Release|Any CPU
		{3D229155-2277-4447-B775-421AD013BBC8}.Ad-Hoc|iPhone.ActiveCfg = Release|Any CPU
		{3D229155-2277-4447-B775-421AD013BBC8}.Ad-Hoc|iPhone.Build.0 = Release|Any CPU
		{3D229155-2277-4447-B775-421AD013BBC8}.Ad-Hoc|iPhone.Deploy.0 = Release|Any CPU
		{3D229155-2277-4447-B775-421AD013BBC8}.Ad-Hoc|iPhoneSimulator.ActiveCfg = Release|Any CPU
		{3D229155-2277-4447-B775-421AD013BBC8}.Ad-Hoc|iPhoneSimulator.Build.0 = Release|Any CPU
		{3D229155-2277-4447-B775-421AD013BBC8}.Ad-Hoc|iPhoneSimulator.Deploy.0 = Release|Any CPU
		{3D229155-2277-4447-B775-421AD013BBC8}.Ad-Hoc|x64.ActiveCfg = Release|Any CPU
		{3D229155-2277-4447-B775-421AD013BBC8}.Ad-Hoc|x64.Build.0 = Release|Any CPU
		{3D229155-2277-4447-B775-421AD013BBC8}.Ad-Hoc|x64.Deploy.0 = Release|Any CPU
		{3D229155-2277-4447-B775-421AD013BBC8}.Ad-Hoc|x86.ActiveCfg = Release|Any CPU
		{3D229155-2277-4447-B775-421AD013BBC8}.Ad-Hoc|x86.Build.0 = Release|Any CPU
		{3D229155-2277-4447-B775-421AD013BBC8}.Ad-Hoc|x86.Deploy.0 = Release|Any CPU
		{3D229155-2277-4447-B775-421AD013BBC8}.AppStore|Any CPU.ActiveCfg = Release|Any CPU
		{3D229155-2277-4447-B775-421AD013BBC8}.AppStore|Any CPU.Build.0 = Release|Any CPU
		{3D229155-2277-4447-B775-421AD013BBC8}.AppStore|Any CPU.Deploy.0 = Release|Any CPU
		{3D229155-2277-4447-B775-421AD013BBC8}.AppStore|ARM.ActiveCfg = Release|Any CPU
		{3D229155-2277-4447-B775-421AD013BBC8}.AppStore|ARM.Build.0 = Release|Any CPU
		{3D229155-2277-4447-B775-421AD013BBC8}.AppStore|ARM.Deploy.0 = Release|Any CPU
		{3D229155-2277-4447-B775-421AD013BBC8}.AppStore|iPhone.ActiveCfg = Release|Any CPU
		{3D229155-2277-4447-B775-421AD013BBC8}.AppStore|iPhone.Build.0 = Release|Any CPU
		{3D229155-2277-4447-B775-421AD013BBC8}.AppStore|iPhone.Deploy.0 = Release|Any CPU
		{3D229155-2277-4447-B775-421AD013BBC8}.AppStore|iPhoneSimulator.ActiveCfg = Release|Any CPU
		{3D229155-2277-4447-B775-421AD013BBC8}.AppStore|iPhoneSimulator.Build.0 = Release|Any CPU
		{3D229155-2277-4447-B775-421AD013BBC8}.AppStore|iPhoneSimulator.Deploy.0 = Release|Any CPU
		{3D229155-2277-4447-B775-421AD013BBC8}.AppStore|x64.ActiveCfg = Release|Any CPU
		{3D229155-2277-4447-B775-421AD013BBC8}.AppStore|x64.Build.0 = Release|Any CPU
		{3D229155-2277-4447-B775-421AD013BBC8}.AppStore|x64.Deploy.0 = Release|Any CPU
		{3D229155-2277-4447-B775-421AD013BBC8}.AppStore|x86.ActiveCfg = Release|Any CPU
		{3D229155-2277-4447-B775-421AD013BBC8}.AppStore|x86.Build.0 = Release|Any CPU
		{3D229155-2277-4447-B775-421AD013BBC8}.AppStore|x86.Deploy.0 = Release|Any CPU
		{3D229155-2277-4447-B775-421AD013BBC8}.Debug|Any CPU.ActiveCfg = Debug|Any CPU
		{3D229155-2277-4447-B775-421AD013BBC8}.Debug|Any CPU.Build.0 = Debug|Any CPU
		{3D229155-2277-4447-B775-421AD013BBC8}.Debug|Any CPU.Deploy.0 = Debug|Any CPU
		{3D229155-2277-4447-B775-421AD013BBC8}.Debug|ARM.ActiveCfg = Debug|Any CPU
		{3D229155-2277-4447-B775-421AD013BBC8}.Debug|ARM.Build.0 = Debug|Any CPU
		{3D229155-2277-4447-B775-421AD013BBC8}.Debug|ARM.Deploy.0 = Debug|Any CPU
		{3D229155-2277-4447-B775-421AD013BBC8}.Debug|iPhone.ActiveCfg = Debug|Any CPU
		{3D229155-2277-4447-B775-421AD013BBC8}.Debug|iPhone.Build.0 = Debug|Any CPU
		{3D229155-2277-4447-B775-421AD013BBC8}.Debug|iPhone.Deploy.0 = Debug|Any CPU
		{3D229155-2277-4447-B775-421AD013BBC8}.Debug|iPhoneSimulator.ActiveCfg = Debug|Any CPU
		{3D229155-2277-4447-B775-421AD013BBC8}.Debug|iPhoneSimulator.Build.0 = Debug|Any CPU
		{3D229155-2277-4447-B775-421AD013BBC8}.Debug|iPhoneSimulator.Deploy.0 = Debug|Any CPU
		{3D229155-2277-4447-B775-421AD013BBC8}.Debug|x64.ActiveCfg = Debug|Any CPU
		{3D229155-2277-4447-B775-421AD013BBC8}.Debug|x64.Build.0 = Debug|Any CPU
		{3D229155-2277-4447-B775-421AD013BBC8}.Debug|x64.Deploy.0 = Debug|Any CPU
		{3D229155-2277-4447-B775-421AD013BBC8}.Debug|x86.ActiveCfg = Debug|Any CPU
		{3D229155-2277-4447-B775-421AD013BBC8}.Debug|x86.Build.0 = Debug|Any CPU
		{3D229155-2277-4447-B775-421AD013BBC8}.Debug|x86.Deploy.0 = Debug|Any CPU
		{3D229155-2277-4447-B775-421AD013BBC8}.Release|Any CPU.ActiveCfg = Release|Any CPU
		{3D229155-2277-4447-B775-421AD013BBC8}.Release|Any CPU.Build.0 = Release|Any CPU
		{3D229155-2277-4447-B775-421AD013BBC8}.Release|Any CPU.Deploy.0 = Release|Any CPU
		{3D229155-2277-4447-B775-421AD013BBC8}.Release|ARM.ActiveCfg = Release|Any CPU
		{3D229155-2277-4447-B775-421AD013BBC8}.Release|ARM.Build.0 = Release|Any CPU
		{3D229155-2277-4447-B775-421AD013BBC8}.Release|ARM.Deploy.0 = Release|Any CPU
		{3D229155-2277-4447-B775-421AD013BBC8}.Release|iPhone.ActiveCfg = Release|Any CPU
		{3D229155-2277-4447-B775-421AD013BBC8}.Release|iPhone.Build.0 = Release|Any CPU
		{3D229155-2277-4447-B775-421AD013BBC8}.Release|iPhone.Deploy.0 = Release|Any CPU
		{3D229155-2277-4447-B775-421AD013BBC8}.Release|iPhoneSimulator.ActiveCfg = Release|Any CPU
		{3D229155-2277-4447-B775-421AD013BBC8}.Release|iPhoneSimulator.Build.0 = Release|Any CPU
		{3D229155-2277-4447-B775-421AD013BBC8}.Release|iPhoneSimulator.Deploy.0 = Release|Any CPU
		{3D229155-2277-4447-B775-421AD013BBC8}.Release|x64.ActiveCfg = Release|Any CPU
		{3D229155-2277-4447-B775-421AD013BBC8}.Release|x64.Build.0 = Release|Any CPU
		{3D229155-2277-4447-B775-421AD013BBC8}.Release|x64.Deploy.0 = Release|Any CPU
		{3D229155-2277-4447-B775-421AD013BBC8}.Release|x86.ActiveCfg = Release|Any CPU
		{3D229155-2277-4447-B775-421AD013BBC8}.Release|x86.Build.0 = Release|Any CPU
		{3D229155-2277-4447-B775-421AD013BBC8}.Release|x86.Deploy.0 = Release|Any CPU
		{FC889801-5B98-454D-998F-6F1A03E61543}.Ad-Hoc|Any CPU.ActiveCfg = Ad-Hoc|iPhone
		{FC889801-5B98-454D-998F-6F1A03E61543}.Ad-Hoc|ARM.ActiveCfg = Ad-Hoc|iPhone
		{FC889801-5B98-454D-998F-6F1A03E61543}.Ad-Hoc|iPhone.ActiveCfg = Ad-Hoc|iPhone
		{FC889801-5B98-454D-998F-6F1A03E61543}.Ad-Hoc|iPhone.Build.0 = Ad-Hoc|iPhone
		{FC889801-5B98-454D-998F-6F1A03E61543}.Ad-Hoc|iPhoneSimulator.ActiveCfg = Ad-Hoc|iPhoneSimulator
		{FC889801-5B98-454D-998F-6F1A03E61543}.Ad-Hoc|iPhoneSimulator.Build.0 = Ad-Hoc|iPhoneSimulator
		{FC889801-5B98-454D-998F-6F1A03E61543}.Ad-Hoc|x64.ActiveCfg = Ad-Hoc|iPhone
		{FC889801-5B98-454D-998F-6F1A03E61543}.Ad-Hoc|x86.ActiveCfg = Ad-Hoc|iPhone
		{FC889801-5B98-454D-998F-6F1A03E61543}.AppStore|Any CPU.ActiveCfg = AppStore|iPhone
		{FC889801-5B98-454D-998F-6F1A03E61543}.AppStore|ARM.ActiveCfg = AppStore|iPhone
		{FC889801-5B98-454D-998F-6F1A03E61543}.AppStore|iPhone.ActiveCfg = AppStore|iPhone
		{FC889801-5B98-454D-998F-6F1A03E61543}.AppStore|iPhone.Build.0 = AppStore|iPhone
		{FC889801-5B98-454D-998F-6F1A03E61543}.AppStore|iPhoneSimulator.ActiveCfg = AppStore|iPhoneSimulator
		{FC889801-5B98-454D-998F-6F1A03E61543}.AppStore|iPhoneSimulator.Build.0 = AppStore|iPhoneSimulator
		{FC889801-5B98-454D-998F-6F1A03E61543}.AppStore|x64.ActiveCfg = AppStore|iPhone
		{FC889801-5B98-454D-998F-6F1A03E61543}.AppStore|x86.ActiveCfg = AppStore|iPhone
		{FC889801-5B98-454D-998F-6F1A03E61543}.Debug|Any CPU.ActiveCfg = Debug|iPhone
		{FC889801-5B98-454D-998F-6F1A03E61543}.Debug|ARM.ActiveCfg = Debug|iPhone
		{FC889801-5B98-454D-998F-6F1A03E61543}.Debug|iPhone.ActiveCfg = Debug|iPhone
		{FC889801-5B98-454D-998F-6F1A03E61543}.Debug|iPhone.Build.0 = Debug|iPhone
		{FC889801-5B98-454D-998F-6F1A03E61543}.Debug|iPhoneSimulator.ActiveCfg = Debug|iPhoneSimulator
		{FC889801-5B98-454D-998F-6F1A03E61543}.Debug|iPhoneSimulator.Build.0 = Debug|iPhoneSimulator
		{FC889801-5B98-454D-998F-6F1A03E61543}.Debug|x64.ActiveCfg = Debug|iPhone
		{FC889801-5B98-454D-998F-6F1A03E61543}.Debug|x86.ActiveCfg = Debug|iPhone
		{FC889801-5B98-454D-998F-6F1A03E61543}.Release|Any CPU.ActiveCfg = Release|iPhone
		{FC889801-5B98-454D-998F-6F1A03E61543}.Release|ARM.ActiveCfg = Release|iPhone
		{FC889801-5B98-454D-998F-6F1A03E61543}.Release|iPhone.ActiveCfg = Release|iPhone
		{FC889801-5B98-454D-998F-6F1A03E61543}.Release|iPhone.Build.0 = Release|iPhone
		{FC889801-5B98-454D-998F-6F1A03E61543}.Release|iPhoneSimulator.ActiveCfg = Release|iPhoneSimulator
		{FC889801-5B98-454D-998F-6F1A03E61543}.Release|iPhoneSimulator.Build.0 = Release|iPhoneSimulator
		{FC889801-5B98-454D-998F-6F1A03E61543}.Release|x64.ActiveCfg = Release|iPhone
		{FC889801-5B98-454D-998F-6F1A03E61543}.Release|x86.ActiveCfg = Release|iPhone
		{2C4FDA30-9542-434E-87E3-78643B754D99}.Ad-Hoc|Any CPU.ActiveCfg = Release|x86
		{2C4FDA30-9542-434E-87E3-78643B754D99}.Ad-Hoc|Any CPU.Build.0 = Release|x86
		{2C4FDA30-9542-434E-87E3-78643B754D99}.Ad-Hoc|Any CPU.Deploy.0 = Release|x86
		{2C4FDA30-9542-434E-87E3-78643B754D99}.Ad-Hoc|ARM.ActiveCfg = Release|ARM
		{2C4FDA30-9542-434E-87E3-78643B754D99}.Ad-Hoc|ARM.Build.0 = Release|ARM
		{2C4FDA30-9542-434E-87E3-78643B754D99}.Ad-Hoc|ARM.Deploy.0 = Release|ARM
		{2C4FDA30-9542-434E-87E3-78643B754D99}.Ad-Hoc|iPhone.ActiveCfg = Release|x86
		{2C4FDA30-9542-434E-87E3-78643B754D99}.Ad-Hoc|iPhone.Build.0 = Release|x86
		{2C4FDA30-9542-434E-87E3-78643B754D99}.Ad-Hoc|iPhone.Deploy.0 = Release|x86
		{2C4FDA30-9542-434E-87E3-78643B754D99}.Ad-Hoc|iPhoneSimulator.ActiveCfg = Release|x86
		{2C4FDA30-9542-434E-87E3-78643B754D99}.Ad-Hoc|iPhoneSimulator.Build.0 = Release|x86
		{2C4FDA30-9542-434E-87E3-78643B754D99}.Ad-Hoc|iPhoneSimulator.Deploy.0 = Release|x86
		{2C4FDA30-9542-434E-87E3-78643B754D99}.Ad-Hoc|x64.ActiveCfg = Release|x64
		{2C4FDA30-9542-434E-87E3-78643B754D99}.Ad-Hoc|x64.Build.0 = Release|x64
		{2C4FDA30-9542-434E-87E3-78643B754D99}.Ad-Hoc|x64.Deploy.0 = Release|x64
		{2C4FDA30-9542-434E-87E3-78643B754D99}.Ad-Hoc|x86.ActiveCfg = Release|x86
		{2C4FDA30-9542-434E-87E3-78643B754D99}.Ad-Hoc|x86.Build.0 = Release|x86
		{2C4FDA30-9542-434E-87E3-78643B754D99}.Ad-Hoc|x86.Deploy.0 = Release|x86
		{2C4FDA30-9542-434E-87E3-78643B754D99}.AppStore|Any CPU.ActiveCfg = Release|x86
		{2C4FDA30-9542-434E-87E3-78643B754D99}.AppStore|Any CPU.Build.0 = Release|x86
		{2C4FDA30-9542-434E-87E3-78643B754D99}.AppStore|Any CPU.Deploy.0 = Release|x86
		{2C4FDA30-9542-434E-87E3-78643B754D99}.AppStore|ARM.ActiveCfg = Release|ARM
		{2C4FDA30-9542-434E-87E3-78643B754D99}.AppStore|ARM.Build.0 = Release|ARM
		{2C4FDA30-9542-434E-87E3-78643B754D99}.AppStore|ARM.Deploy.0 = Release|ARM
		{2C4FDA30-9542-434E-87E3-78643B754D99}.AppStore|iPhone.ActiveCfg = Release|x86
		{2C4FDA30-9542-434E-87E3-78643B754D99}.AppStore|iPhone.Build.0 = Release|x86
		{2C4FDA30-9542-434E-87E3-78643B754D99}.AppStore|iPhone.Deploy.0 = Release|x86
		{2C4FDA30-9542-434E-87E3-78643B754D99}.AppStore|iPhoneSimulator.ActiveCfg = Release|x86
		{2C4FDA30-9542-434E-87E3-78643B754D99}.AppStore|iPhoneSimulator.Build.0 = Release|x86
		{2C4FDA30-9542-434E-87E3-78643B754D99}.AppStore|iPhoneSimulator.Deploy.0 = Release|x86
		{2C4FDA30-9542-434E-87E3-78643B754D99}.AppStore|x64.ActiveCfg = Release|x64
		{2C4FDA30-9542-434E-87E3-78643B754D99}.AppStore|x64.Build.0 = Release|x64
		{2C4FDA30-9542-434E-87E3-78643B754D99}.AppStore|x64.Deploy.0 = Release|x64
		{2C4FDA30-9542-434E-87E3-78643B754D99}.AppStore|x86.ActiveCfg = Release|x86
		{2C4FDA30-9542-434E-87E3-78643B754D99}.AppStore|x86.Build.0 = Release|x86
		{2C4FDA30-9542-434E-87E3-78643B754D99}.AppStore|x86.Deploy.0 = Release|x86
		{2C4FDA30-9542-434E-87E3-78643B754D99}.Debug|Any CPU.ActiveCfg = Debug|x86
		{2C4FDA30-9542-434E-87E3-78643B754D99}.Debug|ARM.ActiveCfg = Debug|ARM
		{2C4FDA30-9542-434E-87E3-78643B754D99}.Debug|ARM.Build.0 = Debug|ARM
		{2C4FDA30-9542-434E-87E3-78643B754D99}.Debug|ARM.Deploy.0 = Debug|ARM
		{2C4FDA30-9542-434E-87E3-78643B754D99}.Debug|iPhone.ActiveCfg = Debug|x86
		{2C4FDA30-9542-434E-87E3-78643B754D99}.Debug|iPhoneSimulator.ActiveCfg = Debug|x86
		{2C4FDA30-9542-434E-87E3-78643B754D99}.Debug|x64.ActiveCfg = Debug|x64
		{2C4FDA30-9542-434E-87E3-78643B754D99}.Debug|x64.Build.0 = Debug|x64
		{2C4FDA30-9542-434E-87E3-78643B754D99}.Debug|x64.Deploy.0 = Debug|x64
		{2C4FDA30-9542-434E-87E3-78643B754D99}.Debug|x86.ActiveCfg = Debug|x86
		{2C4FDA30-9542-434E-87E3-78643B754D99}.Debug|x86.Build.0 = Debug|x86
		{2C4FDA30-9542-434E-87E3-78643B754D99}.Debug|x86.Deploy.0 = Debug|x86
		{2C4FDA30-9542-434E-87E3-78643B754D99}.Release|Any CPU.ActiveCfg = Release|x86
		{2C4FDA30-9542-434E-87E3-78643B754D99}.Release|ARM.ActiveCfg = Release|ARM
		{2C4FDA30-9542-434E-87E3-78643B754D99}.Release|ARM.Build.0 = Release|ARM
		{2C4FDA30-9542-434E-87E3-78643B754D99}.Release|ARM.Deploy.0 = Release|ARM
		{2C4FDA30-9542-434E-87E3-78643B754D99}.Release|iPhone.ActiveCfg = Release|x86
		{2C4FDA30-9542-434E-87E3-78643B754D99}.Release|iPhoneSimulator.ActiveCfg = Release|x86
		{2C4FDA30-9542-434E-87E3-78643B754D99}.Release|x64.ActiveCfg = Release|x64
		{2C4FDA30-9542-434E-87E3-78643B754D99}.Release|x64.Build.0 = Release|x64
		{2C4FDA30-9542-434E-87E3-78643B754D99}.Release|x64.Deploy.0 = Release|x64
		{2C4FDA30-9542-434E-87E3-78643B754D99}.Release|x86.ActiveCfg = Release|x86
		{2C4FDA30-9542-434E-87E3-78643B754D99}.Release|x86.Build.0 = Release|x86
		{2C4FDA30-9542-434E-87E3-78643B754D99}.Release|x86.Deploy.0 = Release|x86
	EndGlobalSection
	GlobalSection(SolutionProperties) = preSolution
		HideSolutionNode = FALSE
	EndGlobalSection
	GlobalSection(ExtensibilityGlobals) = postSolution
		SolutionGuid = {D69CCEE2-5051-48C6-B4FE-9A0239376868}
	EndGlobalSection
EndGlobal
