
Microsoft Visual Studio Solution File, Format Version 12.00
# Visual Studio 15
VisualStudioVersion = 15.0.27703.2018
MinimumVisualStudioVersion = 10.0.40219.1
Project("{FAE04EC0-301F-11D3-BF4B-00C04F79EFBC}") = "XFImgBinding", "XFImgBinding\XFImgBinding\XFImgBinding.csproj", "{B2096422-E69F-440A-B8F8-E145861B5D2D}"
EndProject
Project("{FAE04EC0-301F-11D3-BF4B-00C04F79EFBC}") = "XFImgBinding.Android", "XFImgBinding\XFImgBinding.Android\XFImgBinding.Android.csproj", "{2C4A06CB-545E-4404-80D5-BCD968E3A99E}"
EndProject
Project("{FAE04EC0-301F-11D3-BF4B-00C04F79EFBC}") = "XFImgBinding.iOS", "XFImgBinding\XFImgBinding.iOS\XFImgBinding.iOS.csproj", "{DDCD33DF-B30D-474B-A023-EE8790A74A61}"
EndProject
Project("{FAE04EC0-301F-11D3-BF4B-00C04F79EFBC}") = "XFImgBinding.UWP", "XFImgBinding\XFImgBinding.UWP\XFImgBinding.UWP.csproj", "{71448623-8A2F-4070-9834-5C46A8641614}"
EndProject
Global
	GlobalSection(SolutionConfigurationPlatforms) = preSolution
		Ad-Hoc|Any CPU = Ad-Hoc|Any CPU
		Ad-Hoc|ARM = Ad-Hoc|ARM
		Ad-Hoc|iPhone = Ad-Hoc|iPhone
		Ad-Hoc|iPhoneSimulator = Ad-Hoc|iPhoneSimulator
		Ad-Hoc|x64 = Ad-Hoc|x64
		Ad-Hoc|x86 = Ad-Hoc|x86
		AppStore|Any CPU = AppStore|Any CPU
		AppStore|ARM = AppStore|ARM
		AppStore|iPhone = AppStore|iPhone
		AppStore|iPhoneSimulator = AppStore|iPhoneSimulator
		AppStore|x64 = AppStore|x64
		AppStore|x86 = AppStore|x86
		Debug|Any CPU = Debug|Any CPU
		Debug|ARM = Debug|ARM
		Debug|iPhone = Debug|iPhone
		Debug|iPhoneSimulator = Debug|iPhoneSimulator
		Debug|x64 = Debug|x64
		Debug|x86 = Debug|x86
		Release|Any CPU = Release|Any CPU
		Release|ARM = Release|ARM
		Release|iPhone = Release|iPhone
		Release|iPhoneSimulator = Release|iPhoneSimulator
		Release|x64 = Release|x64
		Release|x86 = Release|x86
	EndGlobalSection
	GlobalSection(ProjectConfigurationPlatforms) = postSolution
		{B2096422-E69F-440A-B8F8-E145861B5D2D}.Ad-Hoc|Any CPU.ActiveCfg = Debug|Any CPU
		{B2096422-E69F-440A-B8F8-E145861B5D2D}.Ad-Hoc|Any CPU.Build.0 = Debug|Any CPU
		{B2096422-E69F-440A-B8F8-E145861B5D2D}.Ad-Hoc|ARM.ActiveCfg = Debug|Any CPU
		{B2096422-E69F-440A-B8F8-E145861B5D2D}.Ad-Hoc|ARM.Build.0 = Debug|Any CPU
		{B2096422-E69F-440A-B8F8-E145861B5D2D}.Ad-Hoc|iPhone.ActiveCfg = Debug|Any CPU
		{B2096422-E69F-440A-B8F8-E145861B5D2D}.Ad-Hoc|iPhone.Build.0 = Debug|Any CPU
		{B2096422-E69F-440A-B8F8-E145861B5D2D}.Ad-Hoc|iPhoneSimulator.ActiveCfg = Debug|Any CPU
		{B2096422-E69F-440A-B8F8-E145861B5D2D}.Ad-Hoc|iPhoneSimulator.Build.0 = Debug|Any CPU
		{B2096422-E69F-440A-B8F8-E145861B5D2D}.Ad-Hoc|x64.ActiveCfg = Debug|Any CPU
		{B2096422-E69F-440A-B8F8-E145861B5D2D}.Ad-Hoc|x64.Build.0 = Debug|Any CPU
		{B2096422-E69F-440A-B8F8-E145861B5D2D}.Ad-Hoc|x86.ActiveCfg = Debug|Any CPU
		{B2096422-E69F-440A-B8F8-E145861B5D2D}.Ad-Hoc|x86.Build.0 = Debug|Any CPU
		{B2096422-E69F-440A-B8F8-E145861B5D2D}.AppStore|Any CPU.ActiveCfg = Debug|Any CPU
		{B2096422-E69F-440A-B8F8-E145861B5D2D}.AppStore|Any CPU.Build.0 = Debug|Any CPU
		{B2096422-E69F-440A-B8F8-E145861B5D2D}.AppStore|ARM.ActiveCfg = Debug|Any CPU
		{B2096422-E69F-440A-B8F8-E145861B5D2D}.AppStore|ARM.Build.0 = Debug|Any CPU
		{B2096422-E69F-440A-B8F8-E145861B5D2D}.AppStore|iPhone.ActiveCfg = Debug|Any CPU
		{B2096422-E69F-440A-B8F8-E145861B5D2D}.AppStore|iPhone.Build.0 = Debug|Any CPU
		{B2096422-E69F-440A-B8F8-E145861B5D2D}.AppStore|iPhoneSimulator.ActiveCfg = Debug|Any CPU
		{B2096422-E69F-440A-B8F8-E145861B5D2D}.AppStore|iPhoneSimulator.Build.0 = Debug|Any CPU
		{B2096422-E69F-440A-B8F8-E145861B5D2D}.AppStore|x64.ActiveCfg = Debug|Any CPU
		{B2096422-E69F-440A-B8F8-E145861B5D2D}.AppStore|x64.Build.0 = Debug|Any CPU
		{B2096422-E69F-440A-B8F8-E145861B5D2D}.AppStore|x86.ActiveCfg = Debug|Any CPU
		{B2096422-E69F-440A-B8F8-E145861B5D2D}.AppStore|x86.Build.0 = Debug|Any CPU
		{B2096422-E69F-440A-B8F8-E145861B5D2D}.Debug|Any CPU.ActiveCfg = Debug|Any CPU
		{B2096422-E69F-440A-B8F8-E145861B5D2D}.Debug|Any CPU.Build.0 = Debug|Any CPU
		{B2096422-E69F-440A-B8F8-E145861B5D2D}.Debug|ARM.ActiveCfg = Debug|Any CPU
		{B2096422-E69F-440A-B8F8-E145861B5D2D}.Debug|ARM.Build.0 = Debug|Any CPU
		{B2096422-E69F-440A-B8F8-E145861B5D2D}.Debug|iPhone.ActiveCfg = Debug|Any CPU
		{B2096422-E69F-440A-B8F8-E145861B5D2D}.Debug|iPhone.Build.0 = Debug|Any CPU
		{B2096422-E69F-440A-B8F8-E145861B5D2D}.Debug|iPhoneSimulator.ActiveCfg = Debug|Any CPU
		{B2096422-E69F-440A-B8F8-E145861B5D2D}.Debug|iPhoneSimulator.Build.0 = Debug|Any CPU
		{B2096422-E69F-440A-B8F8-E145861B5D2D}.Debug|x64.ActiveCfg = Debug|Any CPU
		{B2096422-E69F-440A-B8F8-E145861B5D2D}.Debug|x64.Build.0 = Debug|Any CPU
		{B2096422-E69F-440A-B8F8-E145861B5D2D}.Debug|x86.ActiveCfg = Debug|Any CPU
		{B2096422-E69F-440A-B8F8-E145861B5D2D}.Debug|x86.Build.0 = Debug|Any CPU
		{B2096422-E69F-440A-B8F8-E145861B5D2D}.Release|Any CPU.ActiveCfg = Release|Any CPU
		{B2096422-E69F-440A-B8F8-E145861B5D2D}.Release|Any CPU.Build.0 = Release|Any CPU
		{B2096422-E69F-440A-B8F8-E145861B5D2D}.Release|ARM.ActiveCfg = Release|Any CPU
		{B2096422-E69F-440A-B8F8-E145861B5D2D}.Release|ARM.Build.0 = Release|Any CPU
		{B2096422-E69F-440A-B8F8-E145861B5D2D}.Release|iPhone.ActiveCfg = Release|Any CPU
		{B2096422-E69F-440A-B8F8-E145861B5D2D}.Release|iPhone.Build.0 = Release|Any CPU
		{B2096422-E69F-440A-B8F8-E145861B5D2D}.Release|iPhoneSimulator.ActiveCfg = Release|Any CPU
		{B2096422-E69F-440A-B8F8-E145861B5D2D}.Release|iPhoneSimulator.Build.0 = Release|Any CPU
		{B2096422-E69F-440A-B8F8-E145861B5D2D}.Release|x64.ActiveCfg = Release|Any CPU
		{B2096422-E69F-440A-B8F8-E145861B5D2D}.Release|x64.Build.0 = Release|Any CPU
		{B2096422-E69F-440A-B8F8-E145861B5D2D}.Release|x86.ActiveCfg = Release|Any CPU
		{B2096422-E69F-440A-B8F8-E145861B5D2D}.Release|x86.Build.0 = Release|Any CPU
		{2C4A06CB-545E-4404-80D5-BCD968E3A99E}.Ad-Hoc|Any CPU.ActiveCfg = Release|Any CPU
		{2C4A06CB-545E-4404-80D5-BCD968E3A99E}.Ad-Hoc|Any CPU.Build.0 = Release|Any CPU
		{2C4A06CB-545E-4404-80D5-BCD968E3A99E}.Ad-Hoc|Any CPU.Deploy.0 = Release|Any CPU
		{2C4A06CB-545E-4404-80D5-BCD968E3A99E}.Ad-Hoc|ARM.ActiveCfg = Release|Any CPU
		{2C4A06CB-545E-4404-80D5-BCD968E3A99E}.Ad-Hoc|ARM.Build.0 = Release|Any CPU
		{2C4A06CB-545E-4404-80D5-BCD968E3A99E}.Ad-Hoc|ARM.Deploy.0 = Release|Any CPU
		{2C4A06CB-545E-4404-80D5-BCD968E3A99E}.Ad-Hoc|iPhone.ActiveCfg = Release|Any CPU
		{2C4A06CB-545E-4404-80D5-BCD968E3A99E}.Ad-Hoc|iPhone.Build.0 = Release|Any CPU
		{2C4A06CB-545E-4404-80D5-BCD968E3A99E}.Ad-Hoc|iPhone.Deploy.0 = Release|Any CPU
		{2C4A06CB-545E-4404-80D5-BCD968E3A99E}.Ad-Hoc|iPhoneSimulator.ActiveCfg = Release|Any CPU
		{2C4A06CB-545E-4404-80D5-BCD968E3A99E}.Ad-Hoc|iPhoneSimulator.Build.0 = Release|Any CPU
		{2C4A06CB-545E-4404-80D5-BCD968E3A99E}.Ad-Hoc|iPhoneSimulator.Deploy.0 = Release|Any CPU
		{2C4A06CB-545E-4404-80D5-BCD968E3A99E}.Ad-Hoc|x64.ActiveCfg = Release|Any CPU
		{2C4A06CB-545E-4404-80D5-BCD968E3A99E}.Ad-Hoc|x64.Build.0 = Release|Any CPU
		{2C4A06CB-545E-4404-80D5-BCD968E3A99E}.Ad-Hoc|x64.Deploy.0 = Release|Any CPU
		{2C4A06CB-545E-4404-80D5-BCD968E3A99E}.Ad-Hoc|x86.ActiveCfg = Release|Any CPU
		{2C4A06CB-545E-4404-80D5-BCD968E3A99E}.Ad-Hoc|x86.Build.0 = Release|Any CPU
		{2C4A06CB-545E-4404-80D5-BCD968E3A99E}.Ad-Hoc|x86.Deploy.0 = Release|Any CPU
		{2C4A06CB-545E-4404-80D5-BCD968E3A99E}.AppStore|Any CPU.ActiveCfg = Release|Any CPU
		{2C4A06CB-545E-4404-80D5-BCD968E3A99E}.AppStore|Any CPU.Build.0 = Release|Any CPU
		{2C4A06CB-545E-4404-80D5-BCD968E3A99E}.AppStore|Any CPU.Deploy.0 = Release|Any CPU
		{2C4A06CB-545E-4404-80D5-BCD968E3A99E}.AppStore|ARM.ActiveCfg = Release|Any CPU
		{2C4A06CB-545E-4404-80D5-BCD968E3A99E}.AppStore|ARM.Build.0 = Release|Any CPU
		{2C4A06CB-545E-4404-80D5-BCD968E3A99E}.AppStore|ARM.Deploy.0 = Release|Any CPU
		{2C4A06CB-545E-4404-80D5-BCD968E3A99E}.AppStore|iPhone.ActiveCfg = Release|Any CPU
		{2C4A06CB-545E-4404-80D5-BCD968E3A99E}.AppStore|iPhone.Build.0 = Release|Any CPU
		{2C4A06CB-545E-4404-80D5-BCD968E3A99E}.AppStore|iPhone.Deploy.0 = Release|Any CPU
		{2C4A06CB-545E-4404-80D5-BCD968E3A99E}.AppStore|iPhoneSimulator.ActiveCfg = Release|Any CPU
		{2C4A06CB-545E-4404-80D5-BCD968E3A99E}.AppStore|iPhoneSimulator.Build.0 = Release|Any CPU
		{2C4A06CB-545E-4404-80D5-BCD968E3A99E}.AppStore|iPhoneSimulator.Deploy.0 = Release|Any CPU
		{2C4A06CB-545E-4404-80D5-BCD968E3A99E}.AppStore|x64.ActiveCfg = Release|Any CPU
		{2C4A06CB-545E-4404-80D5-BCD968E3A99E}.AppStore|x64.Build.0 = Release|Any CPU
		{2C4A06CB-545E-4404-80D5-BCD968E3A99E}.AppStore|x64.Deploy.0 = Release|Any CPU
		{2C4A06CB-545E-4404-80D5-BCD968E3A99E}.AppStore|x86.ActiveCfg = Release|Any CPU
		{2C4A06CB-545E-4404-80D5-BCD968E3A99E}.AppStore|x86.Build.0 = Release|Any CPU
		{2C4A06CB-545E-4404-80D5-BCD968E3A99E}.AppStore|x86.Deploy.0 = Release|Any CPU
		{2C4A06CB-545E-4404-80D5-BCD968E3A99E}.Debug|Any CPU.ActiveCfg = Debug|Any CPU
		{2C4A06CB-545E-4404-80D5-BCD968E3A99E}.Debug|Any CPU.Build.0 = Debug|Any CPU
		{2C4A06CB-545E-4404-80D5-BCD968E3A99E}.Debug|Any CPU.Deploy.0 = Debug|Any CPU
		{2C4A06CB-545E-4404-80D5-BCD968E3A99E}.Debug|ARM.ActiveCfg = Debug|Any CPU
		{2C4A06CB-545E-4404-80D5-BCD968E3A99E}.Debug|ARM.Build.0 = Debug|Any CPU
		{2C4A06CB-545E-4404-80D5-BCD968E3A99E}.Debug|ARM.Deploy.0 = Debug|Any CPU
		{2C4A06CB-545E-4404-80D5-BCD968E3A99E}.Debug|iPhone.ActiveCfg = Debug|Any CPU
		{2C4A06CB-545E-4404-80D5-BCD968E3A99E}.Debug|iPhone.Build.0 = Debug|Any CPU
		{2C4A06CB-545E-4404-80D5-BCD968E3A99E}.Debug|iPhone.Deploy.0 = Debug|Any CPU
		{2C4A06CB-545E-4404-80D5-BCD968E3A99E}.Debug|iPhoneSimulator.ActiveCfg = Debug|Any CPU
		{2C4A06CB-545E-4404-80D5-BCD968E3A99E}.Debug|iPhoneSimulator.Build.0 = Debug|Any CPU
		{2C4A06CB-545E-4404-80D5-BCD968E3A99E}.Debug|iPhoneSimulator.Deploy.0 = Debug|Any CPU
		{2C4A06CB-545E-4404-80D5-BCD968E3A99E}.Debug|x64.ActiveCfg = Debug|Any CPU
		{2C4A06CB-545E-4404-80D5-BCD968E3A99E}.Debug|x64.Build.0 = Debug|Any CPU
		{2C4A06CB-545E-4404-80D5-BCD968E3A99E}.Debug|x64.Deploy.0 = Debug|Any CPU
		{2C4A06CB-545E-4404-80D5-BCD968E3A99E}.Debug|x86.ActiveCfg = Debug|Any CPU
		{2C4A06CB-545E-4404-80D5-BCD968E3A99E}.Debug|x86.Build.0 = Debug|Any CPU
		{2C4A06CB-545E-4404-80D5-BCD968E3A99E}.Debug|x86.Deploy.0 = Debug|Any CPU
		{2C4A06CB-545E-4404-80D5-BCD968E3A99E}.Release|Any CPU.ActiveCfg = Release|Any CPU
		{2C4A06CB-545E-4404-80D5-BCD968E3A99E}.Release|Any CPU.Build.0 = Release|Any CPU
		{2C4A06CB-545E-4404-80D5-BCD968E3A99E}.Release|Any CPU.Deploy.0 = Release|Any CPU
		{2C4A06CB-545E-4404-80D5-BCD968E3A99E}.Release|ARM.ActiveCfg = Release|Any CPU
		{2C4A06CB-545E-4404-80D5-BCD968E3A99E}.Release|ARM.Build.0 = Release|Any CPU
		{2C4A06CB-545E-4404-80D5-BCD968E3A99E}.Release|ARM.Deploy.0 = Release|Any CPU
		{2C4A06CB-545E-4404-80D5-BCD968E3A99E}.Release|iPhone.ActiveCfg = Release|Any CPU
		{2C4A06CB-545E-4404-80D5-BCD968E3A99E}.Release|iPhone.Build.0 = Release|Any CPU
		{2C4A06CB-545E-4404-80D5-BCD968E3A99E}.Release|iPhone.Deploy.0 = Release|Any CPU
		{2C4A06CB-545E-4404-80D5-BCD968E3A99E}.Release|iPhoneSimulator.ActiveCfg = Release|Any CPU
		{2C4A06CB-545E-4404-80D5-BCD968E3A99E}.Release|iPhoneSimulator.Build.0 = Release|Any CPU
		{2C4A06CB-545E-4404-80D5-BCD968E3A99E}.Release|iPhoneSimulator.Deploy.0 = Release|Any CPU
		{2C4A06CB-545E-4404-80D5-BCD968E3A99E}.Release|x64.ActiveCfg = Release|Any CPU
		{2C4A06CB-545E-4404-80D5-BCD968E3A99E}.Release|x64.Build.0 = Release|Any CPU
		{2C4A06CB-545E-4404-80D5-BCD968E3A99E}.Release|x64.Deploy.0 = Release|Any CPU
		{2C4A06CB-545E-4404-80D5-BCD968E3A99E}.Release|x86.ActiveCfg = Release|Any CPU
		{2C4A06CB-545E-4404-80D5-BCD968E3A99E}.Release|x86.Build.0 = Release|Any CPU
		{2C4A06CB-545E-4404-80D5-BCD968E3A99E}.Release|x86.Deploy.0 = Release|Any CPU
		{DDCD33DF-B30D-474B-A023-EE8790A74A61}.Ad-Hoc|Any CPU.ActiveCfg = Ad-Hoc|iPhone
		{DDCD33DF-B30D-474B-A023-EE8790A74A61}.Ad-Hoc|ARM.ActiveCfg = Ad-Hoc|iPhone
		{DDCD33DF-B30D-474B-A023-EE8790A74A61}.Ad-Hoc|iPhone.ActiveCfg = Ad-Hoc|iPhone
		{DDCD33DF-B30D-474B-A023-EE8790A74A61}.Ad-Hoc|iPhone.Build.0 = Ad-Hoc|iPhone
		{DDCD33DF-B30D-474B-A023-EE8790A74A61}.Ad-Hoc|iPhoneSimulator.ActiveCfg = Ad-Hoc|iPhoneSimulator
		{DDCD33DF-B30D-474B-A023-EE8790A74A61}.Ad-Hoc|iPhoneSimulator.Build.0 = Ad-Hoc|iPhoneSimulator
		{DDCD33DF-B30D-474B-A023-EE8790A74A61}.Ad-Hoc|x64.ActiveCfg = Ad-Hoc|iPhone
		{DDCD33DF-B30D-474B-A023-EE8790A74A61}.Ad-Hoc|x86.ActiveCfg = Ad-Hoc|iPhone
		{DDCD33DF-B30D-474B-A023-EE8790A74A61}.AppStore|Any CPU.ActiveCfg = AppStore|iPhone
		{DDCD33DF-B30D-474B-A023-EE8790A74A61}.AppStore|ARM.ActiveCfg = AppStore|iPhone
		{DDCD33DF-B30D-474B-A023-EE8790A74A61}.AppStore|iPhone.ActiveCfg = AppStore|iPhone
		{DDCD33DF-B30D-474B-A023-EE8790A74A61}.AppStore|iPhone.Build.0 = AppStore|iPhone
		{DDCD33DF-B30D-474B-A023-EE8790A74A61}.AppStore|iPhoneSimulator.ActiveCfg = AppStore|iPhoneSimulator
		{DDCD33DF-B30D-474B-A023-EE8790A74A61}.AppStore|iPhoneSimulator.Build.0 = AppStore|iPhoneSimulator
		{DDCD33DF-B30D-474B-A023-EE8790A74A61}.AppStore|x64.ActiveCfg = AppStore|iPhone
		{DDCD33DF-B30D-474B-A023-EE8790A74A61}.AppStore|x86.ActiveCfg = AppStore|iPhone
		{DDCD33DF-B30D-474B-A023-EE8790A74A61}.Debug|Any CPU.ActiveCfg = Debug|iPhone
		{DDCD33DF-B30D-474B-A023-EE8790A74A61}.Debug|ARM.ActiveCfg = Debug|iPhone
		{DDCD33DF-B30D-474B-A023-EE8790A74A61}.Debug|iPhone.ActiveCfg = Debug|iPhone
		{DDCD33DF-B30D-474B-A023-EE8790A74A61}.Debug|iPhone.Build.0 = Debug|iPhone
		{DDCD33DF-B30D-474B-A023-EE8790A74A61}.Debug|iPhoneSimulator.ActiveCfg = Debug|iPhoneSimulator
		{DDCD33DF-B30D-474B-A023-EE8790A74A61}.Debug|iPhoneSimulator.Build.0 = Debug|iPhoneSimulator
		{DDCD33DF-B30D-474B-A023-EE8790A74A61}.Debug|x64.ActiveCfg = Debug|iPhone
		{DDCD33DF-B30D-474B-A023-EE8790A74A61}.Debug|x86.ActiveCfg = Debug|iPhone
		{DDCD33DF-B30D-474B-A023-EE8790A74A61}.Release|Any CPU.ActiveCfg = Release|iPhone
		{DDCD33DF-B30D-474B-A023-EE8790A74A61}.Release|ARM.ActiveCfg = Release|iPhone
		{DDCD33DF-B30D-474B-A023-EE8790A74A61}.Release|iPhone.ActiveCfg = Release|iPhone
		{DDCD33DF-B30D-474B-A023-EE8790A74A61}.Release|iPhone.Build.0 = Release|iPhone
		{DDCD33DF-B30D-474B-A023-EE8790A74A61}.Release|iPhoneSimulator.ActiveCfg = Release|iPhoneSimulator
		{DDCD33DF-B30D-474B-A023-EE8790A74A61}.Release|iPhoneSimulator.Build.0 = Release|iPhoneSimulator
		{DDCD33DF-B30D-474B-A023-EE8790A74A61}.Release|x64.ActiveCfg = Release|iPhone
		{DDCD33DF-B30D-474B-A023-EE8790A74A61}.Release|x86.ActiveCfg = Release|iPhone
		{71448623-8A2F-4070-9834-5C46A8641614}.Ad-Hoc|Any CPU.ActiveCfg = Release|x86
		{71448623-8A2F-4070-9834-5C46A8641614}.Ad-Hoc|Any CPU.Build.0 = Release|x86
		{71448623-8A2F-4070-9834-5C46A8641614}.Ad-Hoc|Any CPU.Deploy.0 = Release|x86
		{71448623-8A2F-4070-9834-5C46A8641614}.Ad-Hoc|ARM.ActiveCfg = Release|ARM
		{71448623-8A2F-4070-9834-5C46A8641614}.Ad-Hoc|ARM.Build.0 = Release|ARM
		{71448623-8A2F-4070-9834-5C46A8641614}.Ad-Hoc|ARM.Deploy.0 = Release|ARM
		{71448623-8A2F-4070-9834-5C46A8641614}.Ad-Hoc|iPhone.ActiveCfg = Release|x86
		{71448623-8A2F-4070-9834-5C46A8641614}.Ad-Hoc|iPhone.Build.0 = Release|x86
		{71448623-8A2F-4070-9834-5C46A8641614}.Ad-Hoc|iPhone.Deploy.0 = Release|x86
		{71448623-8A2F-4070-9834-5C46A8641614}.Ad-Hoc|iPhoneSimulator.ActiveCfg = Release|x86
		{71448623-8A2F-4070-9834-5C46A8641614}.Ad-Hoc|iPhoneSimulator.Build.0 = Release|x86
		{71448623-8A2F-4070-9834-5C46A8641614}.Ad-Hoc|iPhoneSimulator.Deploy.0 = Release|x86
		{71448623-8A2F-4070-9834-5C46A8641614}.Ad-Hoc|x64.ActiveCfg = Release|x64
		{71448623-8A2F-4070-9834-5C46A8641614}.Ad-Hoc|x64.Build.0 = Release|x64
		{71448623-8A2F-4070-9834-5C46A8641614}.Ad-Hoc|x64.Deploy.0 = Release|x64
		{71448623-8A2F-4070-9834-5C46A8641614}.Ad-Hoc|x86.ActiveCfg = Release|x86
		{71448623-8A2F-4070-9834-5C46A8641614}.Ad-Hoc|x86.Build.0 = Release|x86
		{71448623-8A2F-4070-9834-5C46A8641614}.Ad-Hoc|x86.Deploy.0 = Release|x86
		{71448623-8A2F-4070-9834-5C46A8641614}.AppStore|Any CPU.ActiveCfg = Release|x86
		{71448623-8A2F-4070-9834-5C46A8641614}.AppStore|Any CPU.Build.0 = Release|x86
		{71448623-8A2F-4070-9834-5C46A8641614}.AppStore|Any CPU.Deploy.0 = Release|x86
		{71448623-8A2F-4070-9834-5C46A8641614}.AppStore|ARM.ActiveCfg = Release|ARM
		{71448623-8A2F-4070-9834-5C46A8641614}.AppStore|ARM.Build.0 = Release|ARM
		{71448623-8A2F-4070-9834-5C46A8641614}.AppStore|ARM.Deploy.0 = Release|ARM
		{71448623-8A2F-4070-9834-5C46A8641614}.AppStore|iPhone.ActiveCfg = Release|x86
		{71448623-8A2F-4070-9834-5C46A8641614}.AppStore|iPhone.Build.0 = Release|x86
		{71448623-8A2F-4070-9834-5C46A8641614}.AppStore|iPhone.Deploy.0 = Release|x86
		{71448623-8A2F-4070-9834-5C46A8641614}.AppStore|iPhoneSimulator.ActiveCfg = Release|x86
		{71448623-8A2F-4070-9834-5C46A8641614}.AppStore|iPhoneSimulator.Build.0 = Release|x86
		{71448623-8A2F-4070-9834-5C46A8641614}.AppStore|iPhoneSimulator.Deploy.0 = Release|x86
		{71448623-8A2F-4070-9834-5C46A8641614}.AppStore|x64.ActiveCfg = Release|x64
		{71448623-8A2F-4070-9834-5C46A8641614}.AppStore|x64.Build.0 = Release|x64
		{71448623-8A2F-4070-9834-5C46A8641614}.AppStore|x64.Deploy.0 = Release|x64
		{71448623-8A2F-4070-9834-5C46A8641614}.AppStore|x86.ActiveCfg = Release|x86
		{71448623-8A2F-4070-9834-5C46A8641614}.AppStore|x86.Build.0 = Release|x86
		{71448623-8A2F-4070-9834-5C46A8641614}.AppStore|x86.Deploy.0 = Release|x86
		{71448623-8A2F-4070-9834-5C46A8641614}.Debug|Any CPU.ActiveCfg = Debug|x86
		{71448623-8A2F-4070-9834-5C46A8641614}.Debug|ARM.ActiveCfg = Debug|ARM
		{71448623-8A2F-4070-9834-5C46A8641614}.Debug|ARM.Build.0 = Debug|ARM
		{71448623-8A2F-4070-9834-5C46A8641614}.Debug|ARM.Deploy.0 = Debug|ARM
		{71448623-8A2F-4070-9834-5C46A8641614}.Debug|iPhone.ActiveCfg = Debug|x86
		{71448623-8A2F-4070-9834-5C46A8641614}.Debug|iPhoneSimulator.ActiveCfg = Debug|x86
		{71448623-8A2F-4070-9834-5C46A8641614}.Debug|x64.ActiveCfg = Debug|x64
		{71448623-8A2F-4070-9834-5C46A8641614}.Debug|x64.Build.0 = Debug|x64
		{71448623-8A2F-4070-9834-5C46A8641614}.Debug|x64.Deploy.0 = Debug|x64
		{71448623-8A2F-4070-9834-5C46A8641614}.Debug|x86.ActiveCfg = Debug|x86
		{71448623-8A2F-4070-9834-5C46A8641614}.Debug|x86.Build.0 = Debug|x86
		{71448623-8A2F-4070-9834-5C46A8641614}.Debug|x86.Deploy.0 = Debug|x86
		{71448623-8A2F-4070-9834-5C46A8641614}.Release|Any CPU.ActiveCfg = Release|x86
		{71448623-8A2F-4070-9834-5C46A8641614}.Release|ARM.ActiveCfg = Release|ARM
		{71448623-8A2F-4070-9834-5C46A8641614}.Release|ARM.Build.0 = Release|ARM
		{71448623-8A2F-4070-9834-5C46A8641614}.Release|ARM.Deploy.0 = Release|ARM
		{71448623-8A2F-4070-9834-5C46A8641614}.Release|iPhone.ActiveCfg = Release|x86
		{71448623-8A2F-4070-9834-5C46A8641614}.Release|iPhoneSimulator.ActiveCfg = Release|x86
		{71448623-8A2F-4070-9834-5C46A8641614}.Release|x64.ActiveCfg = Release|x64
		{71448623-8A2F-4070-9834-5C46A8641614}.Release|x64.Build.0 = Release|x64
		{71448623-8A2F-4070-9834-5C46A8641614}.Release|x64.Deploy.0 = Release|x64
		{71448623-8A2F-4070-9834-5C46A8641614}.Release|x86.ActiveCfg = Release|x86
		{71448623-8A2F-4070-9834-5C46A8641614}.Release|x86.Build.0 = Release|x86
		{71448623-8A2F-4070-9834-5C46A8641614}.Release|x86.Deploy.0 = Release|x86
	EndGlobalSection
	GlobalSection(SolutionProperties) = preSolution
		HideSolutionNode = FALSE
	EndGlobalSection
	GlobalSection(ExtensibilityGlobals) = postSolution
		SolutionGuid = {FFDA382A-7D81-432F-AF61-79D268553CAE}
	EndGlobalSection
EndGlobal
