
Microsoft Visual Studio Solution File, Format Version 12.00
# Visual Studio 15
VisualStudioVersion = 15.0.27703.2000
MinimumVisualStudioVersion = 10.0.40219.1
Project("{FAE04EC0-301F-11D3-BF4B-00C04F79EFBC}") = "XFFirebase", "XFFirebase\XFFirebase\XFFirebase.csproj", "{74484A0E-4DA3-4871-93C0-9A41AACF5E9D}"
EndProject
Project("{FAE04EC0-301F-11D3-BF4B-00C04F79EFBC}") = "XFFirebase.Android", "XFFirebase\XFFirebase.Android\XFFirebase.Android.csproj", "{E9F2EF6C-0E02-4ACF-ACC1-F061976CAA7C}"
EndProject
Project("{FAE04EC0-301F-11D3-BF4B-00C04F79EFBC}") = "XFFirebase.iOS", "XFFirebase\XFFirebase.iOS\XFFirebase.iOS.csproj", "{D7FBC4FA-AFEC-47CF-8CB3-80D06475356A}"
EndProject
Project("{FAE04EC0-301F-11D3-BF4B-00C04F79EFBC}") = "XFFirebase.UWP", "XFFirebase\XFFirebase.UWP\XFFirebase.UWP.csproj", "{8D896CA0-6C3B-4A7A-8941-BCE446C8931F}"
EndProject
Global
	GlobalSection(SolutionConfigurationPlatforms) = preSolution
		Ad-Hoc|Any CPU = Ad-Hoc|Any CPU
		Ad-Hoc|ARM = Ad-Hoc|ARM
		Ad-Hoc|iPhone = Ad-Hoc|iPhone
		Ad-Hoc|iPhoneSimulator = Ad-Hoc|iPhoneSimulator
		Ad-Hoc|x64 = Ad-Hoc|x64
		Ad-Hoc|x86 = Ad-Hoc|x86
		AppStore|Any CPU = AppStore|Any CPU
		AppStore|ARM = AppStore|ARM
		AppStore|iPhone = AppStore|iPhone
		AppStore|iPhoneSimulator = AppStore|iPhoneSimulator
		AppStore|x64 = AppStore|x64
		AppStore|x86 = AppStore|x86
		Debug|Any CPU = Debug|Any CPU
		Debug|ARM = Debug|ARM
		Debug|iPhone = Debug|iPhone
		Debug|iPhoneSimulator = Debug|iPhoneSimulator
		Debug|x64 = Debug|x64
		Debug|x86 = Debug|x86
		Release|Any CPU = Release|Any CPU
		Release|ARM = Release|ARM
		Release|iPhone = Release|iPhone
		Release|iPhoneSimulator = Release|iPhoneSimulator
		Release|x64 = Release|x64
		Release|x86 = Release|x86
	EndGlobalSection
	GlobalSection(ProjectConfigurationPlatforms) = postSolution
		{74484A0E-4DA3-4871-93C0-9A41AACF5E9D}.Ad-Hoc|Any CPU.ActiveCfg = Debug|Any CPU
		{74484A0E-4DA3-4871-93C0-9A41AACF5E9D}.Ad-Hoc|Any CPU.Build.0 = Debug|Any CPU
		{74484A0E-4DA3-4871-93C0-9A41AACF5E9D}.Ad-Hoc|ARM.ActiveCfg = Debug|Any CPU
		{74484A0E-4DA3-4871-93C0-9A41AACF5E9D}.Ad-Hoc|ARM.Build.0 = Debug|Any CPU
		{74484A0E-4DA3-4871-93C0-9A41AACF5E9D}.Ad-Hoc|iPhone.ActiveCfg = Debug|Any CPU
		{74484A0E-4DA3-4871-93C0-9A41AACF5E9D}.Ad-Hoc|iPhone.Build.0 = Debug|Any CPU
		{74484A0E-4DA3-4871-93C0-9A41AACF5E9D}.Ad-Hoc|iPhoneSimulator.ActiveCfg = Debug|Any CPU
		{74484A0E-4DA3-4871-93C0-9A41AACF5E9D}.Ad-Hoc|iPhoneSimulator.Build.0 = Debug|Any CPU
		{74484A0E-4DA3-4871-93C0-9A41AACF5E9D}.Ad-Hoc|x64.ActiveCfg = Debug|Any CPU
		{74484A0E-4DA3-4871-93C0-9A41AACF5E9D}.Ad-Hoc|x64.Build.0 = Debug|Any CPU
		{74484A0E-4DA3-4871-93C0-9A41AACF5E9D}.Ad-Hoc|x86.ActiveCfg = Debug|Any CPU
		{74484A0E-4DA3-4871-93C0-9A41AACF5E9D}.Ad-Hoc|x86.Build.0 = Debug|Any CPU
		{74484A0E-4DA3-4871-93C0-9A41AACF5E9D}.AppStore|Any CPU.ActiveCfg = Debug|Any CPU
		{74484A0E-4DA3-4871-93C0-9A41AACF5E9D}.AppStore|Any CPU.Build.0 = Debug|Any CPU
		{74484A0E-4DA3-4871-93C0-9A41AACF5E9D}.AppStore|ARM.ActiveCfg = Debug|Any CPU
		{74484A0E-4DA3-4871-93C0-9A41AACF5E9D}.AppStore|ARM.Build.0 = Debug|Any CPU
		{74484A0E-4DA3-4871-93C0-9A41AACF5E9D}.AppStore|iPhone.ActiveCfg = Debug|Any CPU
		{74484A0E-4DA3-4871-93C0-9A41AACF5E9D}.AppStore|iPhone.Build.0 = Debug|Any CPU
		{74484A0E-4DA3-4871-93C0-9A41AACF5E9D}.AppStore|iPhoneSimulator.ActiveCfg = Debug|Any CPU
		{74484A0E-4DA3-4871-93C0-9A41AACF5E9D}.AppStore|iPhoneSimulator.Build.0 = Debug|Any CPU
		{74484A0E-4DA3-4871-93C0-9A41AACF5E9D}.AppStore|x64.ActiveCfg = Debug|Any CPU
		{74484A0E-4DA3-4871-93C0-9A41AACF5E9D}.AppStore|x64.Build.0 = Debug|Any CPU
		{74484A0E-4DA3-4871-93C0-9A41AACF5E9D}.AppStore|x86.ActiveCfg = Debug|Any CPU
		{74484A0E-4DA3-4871-93C0-9A41AACF5E9D}.AppStore|x86.Build.0 = Debug|Any CPU
		{74484A0E-4DA3-4871-93C0-9A41AACF5E9D}.Debug|Any CPU.ActiveCfg = Debug|Any CPU
		{74484A0E-4DA3-4871-93C0-9A41AACF5E9D}.Debug|Any CPU.Build.0 = Debug|Any CPU
		{74484A0E-4DA3-4871-93C0-9A41AACF5E9D}.Debug|ARM.ActiveCfg = Debug|Any CPU
		{74484A0E-4DA3-4871-93C0-9A41AACF5E9D}.Debug|ARM.Build.0 = Debug|Any CPU
		{74484A0E-4DA3-4871-93C0-9A41AACF5E9D}.Debug|iPhone.ActiveCfg = Debug|Any CPU
		{74484A0E-4DA3-4871-93C0-9A41AACF5E9D}.Debug|iPhone.Build.0 = Debug|Any CPU
		{74484A0E-4DA3-4871-93C0-9A41AACF5E9D}.Debug|iPhoneSimulator.ActiveCfg = Debug|Any CPU
		{74484A0E-4DA3-4871-93C0-9A41AACF5E9D}.Debug|iPhoneSimulator.Build.0 = Debug|Any CPU
		{74484A0E-4DA3-4871-93C0-9A41AACF5E9D}.Debug|x64.ActiveCfg = Debug|Any CPU
		{74484A0E-4DA3-4871-93C0-9A41AACF5E9D}.Debug|x64.Build.0 = Debug|Any CPU
		{74484A0E-4DA3-4871-93C0-9A41AACF5E9D}.Debug|x86.ActiveCfg = Debug|Any CPU
		{74484A0E-4DA3-4871-93C0-9A41AACF5E9D}.Debug|x86.Build.0 = Debug|Any CPU
		{74484A0E-4DA3-4871-93C0-9A41AACF5E9D}.Release|Any CPU.ActiveCfg = Release|Any CPU
		{74484A0E-4DA3-4871-93C0-9A41AACF5E9D}.Release|Any CPU.Build.0 = Release|Any CPU
		{74484A0E-4DA3-4871-93C0-9A41AACF5E9D}.Release|ARM.ActiveCfg = Release|Any CPU
		{74484A0E-4DA3-4871-93C0-9A41AACF5E9D}.Release|ARM.Build.0 = Release|Any CPU
		{74484A0E-4DA3-4871-93C0-9A41AACF5E9D}.Release|iPhone.ActiveCfg = Release|Any CPU
		{74484A0E-4DA3-4871-93C0-9A41AACF5E9D}.Release|iPhone.Build.0 = Release|Any CPU
		{74484A0E-4DA3-4871-93C0-9A41AACF5E9D}.Release|iPhoneSimulator.ActiveCfg = Release|Any CPU
		{74484A0E-4DA3-4871-93C0-9A41AACF5E9D}.Release|iPhoneSimulator.Build.0 = Release|Any CPU
		{74484A0E-4DA3-4871-93C0-9A41AACF5E9D}.Release|x64.ActiveCfg = Release|Any CPU
		{74484A0E-4DA3-4871-93C0-9A41AACF5E9D}.Release|x64.Build.0 = Release|Any CPU
		{74484A0E-4DA3-4871-93C0-9A41AACF5E9D}.Release|x86.ActiveCfg = Release|Any CPU
		{74484A0E-4DA3-4871-93C0-9A41AACF5E9D}.Release|x86.Build.0 = Release|Any CPU
		{E9F2EF6C-0E02-4ACF-ACC1-F061976CAA7C}.Ad-Hoc|Any CPU.ActiveCfg = Release|Any CPU
		{E9F2EF6C-0E02-4ACF-ACC1-F061976CAA7C}.Ad-Hoc|Any CPU.Build.0 = Release|Any CPU
		{E9F2EF6C-0E02-4ACF-ACC1-F061976CAA7C}.Ad-Hoc|Any CPU.Deploy.0 = Release|Any CPU
		{E9F2EF6C-0E02-4ACF-ACC1-F061976CAA7C}.Ad-Hoc|ARM.ActiveCfg = Release|Any CPU
		{E9F2EF6C-0E02-4ACF-ACC1-F061976CAA7C}.Ad-Hoc|ARM.Build.0 = Release|Any CPU
		{E9F2EF6C-0E02-4ACF-ACC1-F061976CAA7C}.Ad-Hoc|ARM.Deploy.0 = Release|Any CPU
		{E9F2EF6C-0E02-4ACF-ACC1-F061976CAA7C}.Ad-Hoc|iPhone.ActiveCfg = Release|Any CPU
		{E9F2EF6C-0E02-4ACF-ACC1-F061976CAA7C}.Ad-Hoc|iPhone.Build.0 = Release|Any CPU
		{E9F2EF6C-0E02-4ACF-ACC1-F061976CAA7C}.Ad-Hoc|iPhone.Deploy.0 = Release|Any CPU
		{E9F2EF6C-0E02-4ACF-ACC1-F061976CAA7C}.Ad-Hoc|iPhoneSimulator.ActiveCfg = Release|Any CPU
		{E9F2EF6C-0E02-4ACF-ACC1-F061976CAA7C}.Ad-Hoc|iPhoneSimulator.Build.0 = Release|Any CPU
		{E9F2EF6C-0E02-4ACF-ACC1-F061976CAA7C}.Ad-Hoc|iPhoneSimulator.Deploy.0 = Release|Any CPU
		{E9F2EF6C-0E02-4ACF-ACC1-F061976CAA7C}.Ad-Hoc|x64.ActiveCfg = Release|Any CPU
		{E9F2EF6C-0E02-4ACF-ACC1-F061976CAA7C}.Ad-Hoc|x64.Build.0 = Release|Any CPU
		{E9F2EF6C-0E02-4ACF-ACC1-F061976CAA7C}.Ad-Hoc|x64.Deploy.0 = Release|Any CPU
		{E9F2EF6C-0E02-4ACF-ACC1-F061976CAA7C}.Ad-Hoc|x86.ActiveCfg = Release|Any CPU
		{E9F2EF6C-0E02-4ACF-ACC1-F061976CAA7C}.Ad-Hoc|x86.Build.0 = Release|Any CPU
		{E9F2EF6C-0E02-4ACF-ACC1-F061976CAA7C}.Ad-Hoc|x86.Deploy.0 = Release|Any CPU
		{E9F2EF6C-0E02-4ACF-ACC1-F061976CAA7C}.AppStore|Any CPU.ActiveCfg = Release|Any CPU
		{E9F2EF6C-0E02-4ACF-ACC1-F061976CAA7C}.AppStore|Any CPU.Build.0 = Release|Any CPU
		{E9F2EF6C-0E02-4ACF-ACC1-F061976CAA7C}.AppStore|Any CPU.Deploy.0 = Release|Any CPU
		{E9F2EF6C-0E02-4ACF-ACC1-F061976CAA7C}.AppStore|ARM.ActiveCfg = Release|Any CPU
		{E9F2EF6C-0E02-4ACF-ACC1-F061976CAA7C}.AppStore|ARM.Build.0 = Release|Any CPU
		{E9F2EF6C-0E02-4ACF-ACC1-F061976CAA7C}.AppStore|ARM.Deploy.0 = Release|Any CPU
		{E9F2EF6C-0E02-4ACF-ACC1-F061976CAA7C}.AppStore|iPhone.ActiveCfg = Release|Any CPU
		{E9F2EF6C-0E02-4ACF-ACC1-F061976CAA7C}.AppStore|iPhone.Build.0 = Release|Any CPU
		{E9F2EF6C-0E02-4ACF-ACC1-F061976CAA7C}.AppStore|iPhone.Deploy.0 = Release|Any CPU
		{E9F2EF6C-0E02-4ACF-ACC1-F061976CAA7C}.AppStore|iPhoneSimulator.ActiveCfg = Release|Any CPU
		{E9F2EF6C-0E02-4ACF-ACC1-F061976CAA7C}.AppStore|iPhoneSimulator.Build.0 = Release|Any CPU
		{E9F2EF6C-0E02-4ACF-ACC1-F061976CAA7C}.AppStore|iPhoneSimulator.Deploy.0 = Release|Any CPU
		{E9F2EF6C-0E02-4ACF-ACC1-F061976CAA7C}.AppStore|x64.ActiveCfg = Release|Any CPU
		{E9F2EF6C-0E02-4ACF-ACC1-F061976CAA7C}.AppStore|x64.Build.0 = Release|Any CPU
		{E9F2EF6C-0E02-4ACF-ACC1-F061976CAA7C}.AppStore|x64.Deploy.0 = Release|Any CPU
		{E9F2EF6C-0E02-4ACF-ACC1-F061976CAA7C}.AppStore|x86.ActiveCfg = Release|Any CPU
		{E9F2EF6C-0E02-4ACF-ACC1-F061976CAA7C}.AppStore|x86.Build.0 = Release|Any CPU
		{E9F2EF6C-0E02-4ACF-ACC1-F061976CAA7C}.AppStore|x86.Deploy.0 = Release|Any CPU
		{E9F2EF6C-0E02-4ACF-ACC1-F061976CAA7C}.Debug|Any CPU.ActiveCfg = Debug|Any CPU
		{E9F2EF6C-0E02-4ACF-ACC1-F061976CAA7C}.Debug|Any CPU.Build.0 = Debug|Any CPU
		{E9F2EF6C-0E02-4ACF-ACC1-F061976CAA7C}.Debug|Any CPU.Deploy.0 = Debug|Any CPU
		{E9F2EF6C-0E02-4ACF-ACC1-F061976CAA7C}.Debug|ARM.ActiveCfg = Debug|Any CPU
		{E9F2EF6C-0E02-4ACF-ACC1-F061976CAA7C}.Debug|ARM.Build.0 = Debug|Any CPU
		{E9F2EF6C-0E02-4ACF-ACC1-F061976CAA7C}.Debug|ARM.Deploy.0 = Debug|Any CPU
		{E9F2EF6C-0E02-4ACF-ACC1-F061976CAA7C}.Debug|iPhone.ActiveCfg = Debug|Any CPU
		{E9F2EF6C-0E02-4ACF-ACC1-F061976CAA7C}.Debug|iPhone.Build.0 = Debug|Any CPU
		{E9F2EF6C-0E02-4ACF-ACC1-F061976CAA7C}.Debug|iPhone.Deploy.0 = Debug|Any CPU
		{E9F2EF6C-0E02-4ACF-ACC1-F061976CAA7C}.Debug|iPhoneSimulator.ActiveCfg = Debug|Any CPU
		{E9F2EF6C-0E02-4ACF-ACC1-F061976CAA7C}.Debug|iPhoneSimulator.Build.0 = Debug|Any CPU
		{E9F2EF6C-0E02-4ACF-ACC1-F061976CAA7C}.Debug|iPhoneSimulator.Deploy.0 = Debug|Any CPU
		{E9F2EF6C-0E02-4ACF-ACC1-F061976CAA7C}.Debug|x64.ActiveCfg = Debug|Any CPU
		{E9F2EF6C-0E02-4ACF-ACC1-F061976CAA7C}.Debug|x64.Build.0 = Debug|Any CPU
		{E9F2EF6C-0E02-4ACF-ACC1-F061976CAA7C}.Debug|x64.Deploy.0 = Debug|Any CPU
		{E9F2EF6C-0E02-4ACF-ACC1-F061976CAA7C}.Debug|x86.ActiveCfg = Debug|Any CPU
		{E9F2EF6C-0E02-4ACF-ACC1-F061976CAA7C}.Debug|x86.Build.0 = Debug|Any CPU
		{E9F2EF6C-0E02-4ACF-ACC1-F061976CAA7C}.Debug|x86.Deploy.0 = Debug|Any CPU
		{E9F2EF6C-0E02-4ACF-ACC1-F061976CAA7C}.Release|Any CPU.ActiveCfg = Release|Any CPU
		{E9F2EF6C-0E02-4ACF-ACC1-F061976CAA7C}.Release|Any CPU.Build.0 = Release|Any CPU
		{E9F2EF6C-0E02-4ACF-ACC1-F061976CAA7C}.Release|Any CPU.Deploy.0 = Release|Any CPU
		{E9F2EF6C-0E02-4ACF-ACC1-F061976CAA7C}.Release|ARM.ActiveCfg = Release|Any CPU
		{E9F2EF6C-0E02-4ACF-ACC1-F061976CAA7C}.Release|ARM.Build.0 = Release|Any CPU
		{E9F2EF6C-0E02-4ACF-ACC1-F061976CAA7C}.Release|ARM.Deploy.0 = Release|Any CPU
		{E9F2EF6C-0E02-4ACF-ACC1-F061976CAA7C}.Release|iPhone.ActiveCfg = Release|Any CPU
		{E9F2EF6C-0E02-4ACF-ACC1-F061976CAA7C}.Release|iPhone.Build.0 = Release|Any CPU
		{E9F2EF6C-0E02-4ACF-ACC1-F061976CAA7C}.Release|iPhone.Deploy.0 = Release|Any CPU
		{E9F2EF6C-0E02-4ACF-ACC1-F061976CAA7C}.Release|iPhoneSimulator.ActiveCfg = Release|Any CPU
		{E9F2EF6C-0E02-4ACF-ACC1-F061976CAA7C}.Release|iPhoneSimulator.Build.0 = Release|Any CPU
		{E9F2EF6C-0E02-4ACF-ACC1-F061976CAA7C}.Release|iPhoneSimulator.Deploy.0 = Release|Any CPU
		{E9F2EF6C-0E02-4ACF-ACC1-F061976CAA7C}.Release|x64.ActiveCfg = Release|Any CPU
		{E9F2EF6C-0E02-4ACF-ACC1-F061976CAA7C}.Release|x64.Build.0 = Release|Any CPU
		{E9F2EF6C-0E02-4ACF-ACC1-F061976CAA7C}.Release|x64.Deploy.0 = Release|Any CPU
		{E9F2EF6C-0E02-4ACF-ACC1-F061976CAA7C}.Release|x86.ActiveCfg = Release|Any CPU
		{E9F2EF6C-0E02-4ACF-ACC1-F061976CAA7C}.Release|x86.Build.0 = Release|Any CPU
		{E9F2EF6C-0E02-4ACF-ACC1-F061976CAA7C}.Release|x86.Deploy.0 = Release|Any CPU
		{D7FBC4FA-AFEC-47CF-8CB3-80D06475356A}.Ad-Hoc|Any CPU.ActiveCfg = Ad-Hoc|iPhone
		{D7FBC4FA-AFEC-47CF-8CB3-80D06475356A}.Ad-Hoc|ARM.ActiveCfg = Ad-Hoc|iPhone
		{D7FBC4FA-AFEC-47CF-8CB3-80D06475356A}.Ad-Hoc|iPhone.ActiveCfg = Ad-Hoc|iPhone
		{D7FBC4FA-AFEC-47CF-8CB3-80D06475356A}.Ad-Hoc|iPhone.Build.0 = Ad-Hoc|iPhone
		{D7FBC4FA-AFEC-47CF-8CB3-80D06475356A}.Ad-Hoc|iPhoneSimulator.ActiveCfg = Ad-Hoc|iPhoneSimulator
		{D7FBC4FA-AFEC-47CF-8CB3-80D06475356A}.Ad-Hoc|iPhoneSimulator.Build.0 = Ad-Hoc|iPhoneSimulator
		{D7FBC4FA-AFEC-47CF-8CB3-80D06475356A}.Ad-Hoc|x64.ActiveCfg = Ad-Hoc|iPhone
		{D7FBC4FA-AFEC-47CF-8CB3-80D06475356A}.Ad-Hoc|x86.ActiveCfg = Ad-Hoc|iPhone
		{D7FBC4FA-AFEC-47CF-8CB3-80D06475356A}.AppStore|Any CPU.ActiveCfg = AppStore|iPhone
		{D7FBC4FA-AFEC-47CF-8CB3-80D06475356A}.AppStore|ARM.ActiveCfg = AppStore|iPhone
		{D7FBC4FA-AFEC-47CF-8CB3-80D06475356A}.AppStore|iPhone.ActiveCfg = AppStore|iPhone
		{D7FBC4FA-AFEC-47CF-8CB3-80D06475356A}.AppStore|iPhone.Build.0 = AppStore|iPhone
		{D7FBC4FA-AFEC-47CF-8CB3-80D06475356A}.AppStore|iPhoneSimulator.ActiveCfg = AppStore|iPhoneSimulator
		{D7FBC4FA-AFEC-47CF-8CB3-80D06475356A}.AppStore|iPhoneSimulator.Build.0 = AppStore|iPhoneSimulator
		{D7FBC4FA-AFEC-47CF-8CB3-80D06475356A}.AppStore|x64.ActiveCfg = AppStore|iPhone
		{D7FBC4FA-AFEC-47CF-8CB3-80D06475356A}.AppStore|x86.ActiveCfg = AppStore|iPhone
		{D7FBC4FA-AFEC-47CF-8CB3-80D06475356A}.Debug|Any CPU.ActiveCfg = Debug|iPhone
		{D7FBC4FA-AFEC-47CF-8CB3-80D06475356A}.Debug|ARM.ActiveCfg = Debug|iPhone
		{D7FBC4FA-AFEC-47CF-8CB3-80D06475356A}.Debug|iPhone.ActiveCfg = Debug|iPhone
		{D7FBC4FA-AFEC-47CF-8CB3-80D06475356A}.Debug|iPhone.Build.0 = Debug|iPhone
		{D7FBC4FA-AFEC-47CF-8CB3-80D06475356A}.Debug|iPhoneSimulator.ActiveCfg = Debug|iPhoneSimulator
		{D7FBC4FA-AFEC-47CF-8CB3-80D06475356A}.Debug|iPhoneSimulator.Build.0 = Debug|iPhoneSimulator
		{D7FBC4FA-AFEC-47CF-8CB3-80D06475356A}.Debug|x64.ActiveCfg = Debug|iPhone
		{D7FBC4FA-AFEC-47CF-8CB3-80D06475356A}.Debug|x86.ActiveCfg = Debug|iPhone
		{D7FBC4FA-AFEC-47CF-8CB3-80D06475356A}.Release|Any CPU.ActiveCfg = Release|iPhone
		{D7FBC4FA-AFEC-47CF-8CB3-80D06475356A}.Release|ARM.ActiveCfg = Release|iPhone
		{D7FBC4FA-AFEC-47CF-8CB3-80D06475356A}.Release|iPhone.ActiveCfg = Release|iPhone
		{D7FBC4FA-AFEC-47CF-8CB3-80D06475356A}.Release|iPhone.Build.0 = Release|iPhone
		{D7FBC4FA-AFEC-47CF-8CB3-80D06475356A}.Release|iPhoneSimulator.ActiveCfg = Release|iPhoneSimulator
		{D7FBC4FA-AFEC-47CF-8CB3-80D06475356A}.Release|iPhoneSimulator.Build.0 = Release|iPhoneSimulator
		{D7FBC4FA-AFEC-47CF-8CB3-80D06475356A}.Release|x64.ActiveCfg = Release|iPhone
		{D7FBC4FA-AFEC-47CF-8CB3-80D06475356A}.Release|x86.ActiveCfg = Release|iPhone
		{8D896CA0-6C3B-4A7A-8941-BCE446C8931F}.Ad-Hoc|Any CPU.ActiveCfg = Release|x86
		{8D896CA0-6C3B-4A7A-8941-BCE446C8931F}.Ad-Hoc|Any CPU.Build.0 = Release|x86
		{8D896CA0-6C3B-4A7A-8941-BCE446C8931F}.Ad-Hoc|Any CPU.Deploy.0 = Release|x86
		{8D896CA0-6C3B-4A7A-8941-BCE446C8931F}.Ad-Hoc|ARM.ActiveCfg = Release|ARM
		{8D896CA0-6C3B-4A7A-8941-BCE446C8931F}.Ad-Hoc|ARM.Build.0 = Release|ARM
		{8D896CA0-6C3B-4A7A-8941-BCE446C8931F}.Ad-Hoc|ARM.Deploy.0 = Release|ARM
		{8D896CA0-6C3B-4A7A-8941-BCE446C8931F}.Ad-Hoc|iPhone.ActiveCfg = Release|x86
		{8D896CA0-6C3B-4A7A-8941-BCE446C8931F}.Ad-Hoc|iPhone.Build.0 = Release|x86
		{8D896CA0-6C3B-4A7A-8941-BCE446C8931F}.Ad-Hoc|iPhone.Deploy.0 = Release|x86
		{8D896CA0-6C3B-4A7A-8941-BCE446C8931F}.Ad-Hoc|iPhoneSimulator.ActiveCfg = Release|x86
		{8D896CA0-6C3B-4A7A-8941-BCE446C8931F}.Ad-Hoc|iPhoneSimulator.Build.0 = Release|x86
		{8D896CA0-6C3B-4A7A-8941-BCE446C8931F}.Ad-Hoc|iPhoneSimulator.Deploy.0 = Release|x86
		{8D896CA0-6C3B-4A7A-8941-BCE446C8931F}.Ad-Hoc|x64.ActiveCfg = Release|x64
		{8D896CA0-6C3B-4A7A-8941-BCE446C8931F}.Ad-Hoc|x64.Build.0 = Release|x64
		{8D896CA0-6C3B-4A7A-8941-BCE446C8931F}.Ad-Hoc|x64.Deploy.0 = Release|x64
		{8D896CA0-6C3B-4A7A-8941-BCE446C8931F}.Ad-Hoc|x86.ActiveCfg = Release|x86
		{8D896CA0-6C3B-4A7A-8941-BCE446C8931F}.Ad-Hoc|x86.Build.0 = Release|x86
		{8D896CA0-6C3B-4A7A-8941-BCE446C8931F}.Ad-Hoc|x86.Deploy.0 = Release|x86
		{8D896CA0-6C3B-4A7A-8941-BCE446C8931F}.AppStore|Any CPU.ActiveCfg = Release|x86
		{8D896CA0-6C3B-4A7A-8941-BCE446C8931F}.AppStore|Any CPU.Build.0 = Release|x86
		{8D896CA0-6C3B-4A7A-8941-BCE446C8931F}.AppStore|Any CPU.Deploy.0 = Release|x86
		{8D896CA0-6C3B-4A7A-8941-BCE446C8931F}.AppStore|ARM.ActiveCfg = Release|ARM
		{8D896CA0-6C3B-4A7A-8941-BCE446C8931F}.AppStore|ARM.Build.0 = Release|ARM
		{8D896CA0-6C3B-4A7A-8941-BCE446C8931F}.AppStore|ARM.Deploy.0 = Release|ARM
		{8D896CA0-6C3B-4A7A-8941-BCE446C8931F}.AppStore|iPhone.ActiveCfg = Release|x86
		{8D896CA0-6C3B-4A7A-8941-BCE446C8931F}.AppStore|iPhone.Build.0 = Release|x86
		{8D896CA0-6C3B-4A7A-8941-BCE446C8931F}.AppStore|iPhone.Deploy.0 = Release|x86
		{8D896CA0-6C3B-4A7A-8941-BCE446C8931F}.AppStore|iPhoneSimulator.ActiveCfg = Release|x86
		{8D896CA0-6C3B-4A7A-8941-BCE446C8931F}.AppStore|iPhoneSimulator.Build.0 = Release|x86
		{8D896CA0-6C3B-4A7A-8941-BCE446C8931F}.AppStore|iPhoneSimulator.Deploy.0 = Release|x86
		{8D896CA0-6C3B-4A7A-8941-BCE446C8931F}.AppStore|x64.ActiveCfg = Release|x64
		{8D896CA0-6C3B-4A7A-8941-BCE446C8931F}.AppStore|x64.Build.0 = Release|x64
		{8D896CA0-6C3B-4A7A-8941-BCE446C8931F}.AppStore|x64.Deploy.0 = Release|x64
		{8D896CA0-6C3B-4A7A-8941-BCE446C8931F}.AppStore|x86.ActiveCfg = Release|x86
		{8D896CA0-6C3B-4A7A-8941-BCE446C8931F}.AppStore|x86.Build.0 = Release|x86
		{8D896CA0-6C3B-4A7A-8941-BCE446C8931F}.AppStore|x86.Deploy.0 = Release|x86
		{8D896CA0-6C3B-4A7A-8941-BCE446C8931F}.Debug|Any CPU.ActiveCfg = Debug|x86
		{8D896CA0-6C3B-4A7A-8941-BCE446C8931F}.Debug|ARM.ActiveCfg = Debug|ARM
		{8D896CA0-6C3B-4A7A-8941-BCE446C8931F}.Debug|ARM.Build.0 = Debug|ARM
		{8D896CA0-6C3B-4A7A-8941-BCE446C8931F}.Debug|ARM.Deploy.0 = Debug|ARM
		{8D896CA0-6C3B-4A7A-8941-BCE446C8931F}.Debug|iPhone.ActiveCfg = Debug|x86
		{8D896CA0-6C3B-4A7A-8941-BCE446C8931F}.Debug|iPhoneSimulator.ActiveCfg = Debug|x86
		{8D896CA0-6C3B-4A7A-8941-BCE446C8931F}.Debug|x64.ActiveCfg = Debug|x64
		{8D896CA0-6C3B-4A7A-8941-BCE446C8931F}.Debug|x64.Build.0 = Debug|x64
		{8D896CA0-6C3B-4A7A-8941-BCE446C8931F}.Debug|x64.Deploy.0 = Debug|x64
		{8D896CA0-6C3B-4A7A-8941-BCE446C8931F}.Debug|x86.ActiveCfg = Debug|x86
		{8D896CA0-6C3B-4A7A-8941-BCE446C8931F}.Debug|x86.Build.0 = Debug|x86
		{8D896CA0-6C3B-4A7A-8941-BCE446C8931F}.Debug|x86.Deploy.0 = Debug|x86
		{8D896CA0-6C3B-4A7A-8941-BCE446C8931F}.Release|Any CPU.ActiveCfg = Release|x86
		{8D896CA0-6C3B-4A7A-8941-BCE446C8931F}.Release|ARM.ActiveCfg = Release|ARM
		{8D896CA0-6C3B-4A7A-8941-BCE446C8931F}.Release|ARM.Build.0 = Release|ARM
		{8D896CA0-6C3B-4A7A-8941-BCE446C8931F}.Release|ARM.Deploy.0 = Release|ARM
		{8D896CA0-6C3B-4A7A-8941-BCE446C8931F}.Release|iPhone.ActiveCfg = Release|x86
		{8D896CA0-6C3B-4A7A-8941-BCE446C8931F}.Release|iPhoneSimulator.ActiveCfg = Release|x86
		{8D896CA0-6C3B-4A7A-8941-BCE446C8931F}.Release|x64.ActiveCfg = Release|x64
		{8D896CA0-6C3B-4A7A-8941-BCE446C8931F}.Release|x64.Build.0 = Release|x64
		{8D896CA0-6C3B-4A7A-8941-BCE446C8931F}.Release|x64.Deploy.0 = Release|x64
		{8D896CA0-6C3B-4A7A-8941-BCE446C8931F}.Release|x86.ActiveCfg = Release|x86
		{8D896CA0-6C3B-4A7A-8941-BCE446C8931F}.Release|x86.Build.0 = Release|x86
		{8D896CA0-6C3B-4A7A-8941-BCE446C8931F}.Release|x86.Deploy.0 = Release|x86
	EndGlobalSection
	GlobalSection(SolutionProperties) = preSolution
		HideSolutionNode = FALSE
	EndGlobalSection
	GlobalSection(ExtensibilityGlobals) = postSolution
		SolutionGuid = {BE788BC3-7124-4B17-99F1-F9EC68847227}
	EndGlobalSection
EndGlobal
