
Microsoft Visual Studio Solution File, Format Version 12.00
# Visual Studio 15
VisualStudioVersion = 15.0.27428.2043
MinimumVisualStudioVersion = 10.0.40219.1
Project("{FAE04EC0-301F-11D3-BF4B-00C04F79EFBC}") = "XFContainer", "XFContainer\XFContainer\XFContainer.csproj", "{55CE7561-E4B3-44D5-82B4-C8E8691FB1F3}"
EndProject
Project("{FAE04EC0-301F-11D3-BF4B-00C04F79EFBC}") = "XFContainer.Android", "XFContainer\XFContainer.Android\XFContainer.Android.csproj", "{F44B999F-4E5F-487F-B920-C601C7E60BEB}"
EndProject
Project("{FAE04EC0-301F-11D3-BF4B-00C04F79EFBC}") = "XFContainer.iOS", "XFContainer\XFContainer.iOS\XFContainer.iOS.csproj", "{218ABC09-9482-4164-86FC-42A6210F5049}"
EndProject
Project("{FAE04EC0-301F-11D3-BF4B-00C04F79EFBC}") = "XFContainer.UWP", "XFContainer\XFContainer.UWP\XFContainer.UWP.csproj", "{EDA78D78-355F-4EA6-8F53-2798D6CA8C23}"
EndProject
Global
	GlobalSection(SolutionConfigurationPlatforms) = preSolution
		Ad-Hoc|Any CPU = Ad-Hoc|Any CPU
		Ad-Hoc|ARM = Ad-Hoc|ARM
		Ad-Hoc|iPhone = Ad-Hoc|iPhone
		Ad-Hoc|iPhoneSimulator = Ad-Hoc|iPhoneSimulator
		Ad-Hoc|x64 = Ad-Hoc|x64
		Ad-Hoc|x86 = Ad-Hoc|x86
		AppStore|Any CPU = AppStore|Any CPU
		AppStore|ARM = AppStore|ARM
		AppStore|iPhone = AppStore|iPhone
		AppStore|iPhoneSimulator = AppStore|iPhoneSimulator
		AppStore|x64 = AppStore|x64
		AppStore|x86 = AppStore|x86
		Debug|Any CPU = Debug|Any CPU
		Debug|ARM = Debug|ARM
		Debug|iPhone = Debug|iPhone
		Debug|iPhoneSimulator = Debug|iPhoneSimulator
		Debug|x64 = Debug|x64
		Debug|x86 = Debug|x86
		Release|Any CPU = Release|Any CPU
		Release|ARM = Release|ARM
		Release|iPhone = Release|iPhone
		Release|iPhoneSimulator = Release|iPhoneSimulator
		Release|x64 = Release|x64
		Release|x86 = Release|x86
	EndGlobalSection
	GlobalSection(ProjectConfigurationPlatforms) = postSolution
		{55CE7561-E4B3-44D5-82B4-C8E8691FB1F3}.Ad-Hoc|Any CPU.ActiveCfg = Debug|Any CPU
		{55CE7561-E4B3-44D5-82B4-C8E8691FB1F3}.Ad-Hoc|Any CPU.Build.0 = Debug|Any CPU
		{55CE7561-E4B3-44D5-82B4-C8E8691FB1F3}.Ad-Hoc|ARM.ActiveCfg = Debug|Any CPU
		{55CE7561-E4B3-44D5-82B4-C8E8691FB1F3}.Ad-Hoc|ARM.Build.0 = Debug|Any CPU
		{55CE7561-E4B3-44D5-82B4-C8E8691FB1F3}.Ad-Hoc|iPhone.ActiveCfg = Debug|Any CPU
		{55CE7561-E4B3-44D5-82B4-C8E8691FB1F3}.Ad-Hoc|iPhone.Build.0 = Debug|Any CPU
		{55CE7561-E4B3-44D5-82B4-C8E8691FB1F3}.Ad-Hoc|iPhoneSimulator.ActiveCfg = Debug|Any CPU
		{55CE7561-E4B3-44D5-82B4-C8E8691FB1F3}.Ad-Hoc|iPhoneSimulator.Build.0 = Debug|Any CPU
		{55CE7561-E4B3-44D5-82B4-C8E8691FB1F3}.Ad-Hoc|x64.ActiveCfg = Debug|Any CPU
		{55CE7561-E4B3-44D5-82B4-C8E8691FB1F3}.Ad-Hoc|x64.Build.0 = Debug|Any CPU
		{55CE7561-E4B3-44D5-82B4-C8E8691FB1F3}.Ad-Hoc|x86.ActiveCfg = Debug|Any CPU
		{55CE7561-E4B3-44D5-82B4-C8E8691FB1F3}.Ad-Hoc|x86.Build.0 = Debug|Any CPU
		{55CE7561-E4B3-44D5-82B4-C8E8691FB1F3}.AppStore|Any CPU.ActiveCfg = Debug|Any CPU
		{55CE7561-E4B3-44D5-82B4-C8E8691FB1F3}.AppStore|Any CPU.Build.0 = Debug|Any CPU
		{55CE7561-E4B3-44D5-82B4-C8E8691FB1F3}.AppStore|ARM.ActiveCfg = Debug|Any CPU
		{55CE7561-E4B3-44D5-82B4-C8E8691FB1F3}.AppStore|ARM.Build.0 = Debug|Any CPU
		{55CE7561-E4B3-44D5-82B4-C8E8691FB1F3}.AppStore|iPhone.ActiveCfg = Debug|Any CPU
		{55CE7561-E4B3-44D5-82B4-C8E8691FB1F3}.AppStore|iPhone.Build.0 = Debug|Any CPU
		{55CE7561-E4B3-44D5-82B4-C8E8691FB1F3}.AppStore|iPhoneSimulator.ActiveCfg = Debug|Any CPU
		{55CE7561-E4B3-44D5-82B4-C8E8691FB1F3}.AppStore|iPhoneSimulator.Build.0 = Debug|Any CPU
		{55CE7561-E4B3-44D5-82B4-C8E8691FB1F3}.AppStore|x64.ActiveCfg = Debug|Any CPU
		{55CE7561-E4B3-44D5-82B4-C8E8691FB1F3}.AppStore|x64.Build.0 = Debug|Any CPU
		{55CE7561-E4B3-44D5-82B4-C8E8691FB1F3}.AppStore|x86.ActiveCfg = Debug|Any CPU
		{55CE7561-E4B3-44D5-82B4-C8E8691FB1F3}.AppStore|x86.Build.0 = Debug|Any CPU
		{55CE7561-E4B3-44D5-82B4-C8E8691FB1F3}.Debug|Any CPU.ActiveCfg = Debug|Any CPU
		{55CE7561-E4B3-44D5-82B4-C8E8691FB1F3}.Debug|Any CPU.Build.0 = Debug|Any CPU
		{55CE7561-E4B3-44D5-82B4-C8E8691FB1F3}.Debug|ARM.ActiveCfg = Debug|Any CPU
		{55CE7561-E4B3-44D5-82B4-C8E8691FB1F3}.Debug|ARM.Build.0 = Debug|Any CPU
		{55CE7561-E4B3-44D5-82B4-C8E8691FB1F3}.Debug|iPhone.ActiveCfg = Debug|Any CPU
		{55CE7561-E4B3-44D5-82B4-C8E8691FB1F3}.Debug|iPhone.Build.0 = Debug|Any CPU
		{55CE7561-E4B3-44D5-82B4-C8E8691FB1F3}.Debug|iPhoneSimulator.ActiveCfg = Debug|Any CPU
		{55CE7561-E4B3-44D5-82B4-C8E8691FB1F3}.Debug|iPhoneSimulator.Build.0 = Debug|Any CPU
		{55CE7561-E4B3-44D5-82B4-C8E8691FB1F3}.Debug|x64.ActiveCfg = Debug|Any CPU
		{55CE7561-E4B3-44D5-82B4-C8E8691FB1F3}.Debug|x64.Build.0 = Debug|Any CPU
		{55CE7561-E4B3-44D5-82B4-C8E8691FB1F3}.Debug|x86.ActiveCfg = Debug|Any CPU
		{55CE7561-E4B3-44D5-82B4-C8E8691FB1F3}.Debug|x86.Build.0 = Debug|Any CPU
		{55CE7561-E4B3-44D5-82B4-C8E8691FB1F3}.Release|Any CPU.ActiveCfg = Release|Any CPU
		{55CE7561-E4B3-44D5-82B4-C8E8691FB1F3}.Release|Any CPU.Build.0 = Release|Any CPU
		{55CE7561-E4B3-44D5-82B4-C8E8691FB1F3}.Release|ARM.ActiveCfg = Release|Any CPU
		{55CE7561-E4B3-44D5-82B4-C8E8691FB1F3}.Release|ARM.Build.0 = Release|Any CPU
		{55CE7561-E4B3-44D5-82B4-C8E8691FB1F3}.Release|iPhone.ActiveCfg = Release|Any CPU
		{55CE7561-E4B3-44D5-82B4-C8E8691FB1F3}.Release|iPhone.Build.0 = Release|Any CPU
		{55CE7561-E4B3-44D5-82B4-C8E8691FB1F3}.Release|iPhoneSimulator.ActiveCfg = Release|Any CPU
		{55CE7561-E4B3-44D5-82B4-C8E8691FB1F3}.Release|iPhoneSimulator.Build.0 = Release|Any CPU
		{55CE7561-E4B3-44D5-82B4-C8E8691FB1F3}.Release|x64.ActiveCfg = Release|Any CPU
		{55CE7561-E4B3-44D5-82B4-C8E8691FB1F3}.Release|x64.Build.0 = Release|Any CPU
		{55CE7561-E4B3-44D5-82B4-C8E8691FB1F3}.Release|x86.ActiveCfg = Release|Any CPU
		{55CE7561-E4B3-44D5-82B4-C8E8691FB1F3}.Release|x86.Build.0 = Release|Any CPU
		{F44B999F-4E5F-487F-B920-C601C7E60BEB}.Ad-Hoc|Any CPU.ActiveCfg = Release|Any CPU
		{F44B999F-4E5F-487F-B920-C601C7E60BEB}.Ad-Hoc|Any CPU.Build.0 = Release|Any CPU
		{F44B999F-4E5F-487F-B920-C601C7E60BEB}.Ad-Hoc|Any CPU.Deploy.0 = Release|Any CPU
		{F44B999F-4E5F-487F-B920-C601C7E60BEB}.Ad-Hoc|ARM.ActiveCfg = Release|Any CPU
		{F44B999F-4E5F-487F-B920-C601C7E60BEB}.Ad-Hoc|ARM.Build.0 = Release|Any CPU
		{F44B999F-4E5F-487F-B920-C601C7E60BEB}.Ad-Hoc|ARM.Deploy.0 = Release|Any CPU
		{F44B999F-4E5F-487F-B920-C601C7E60BEB}.Ad-Hoc|iPhone.ActiveCfg = Release|Any CPU
		{F44B999F-4E5F-487F-B920-C601C7E60BEB}.Ad-Hoc|iPhone.Build.0 = Release|Any CPU
		{F44B999F-4E5F-487F-B920-C601C7E60BEB}.Ad-Hoc|iPhone.Deploy.0 = Release|Any CPU
		{F44B999F-4E5F-487F-B920-C601C7E60BEB}.Ad-Hoc|iPhoneSimulator.ActiveCfg = Release|Any CPU
		{F44B999F-4E5F-487F-B920-C601C7E60BEB}.Ad-Hoc|iPhoneSimulator.Build.0 = Release|Any CPU
		{F44B999F-4E5F-487F-B920-C601C7E60BEB}.Ad-Hoc|iPhoneSimulator.Deploy.0 = Release|Any CPU
		{F44B999F-4E5F-487F-B920-C601C7E60BEB}.Ad-Hoc|x64.ActiveCfg = Release|Any CPU
		{F44B999F-4E5F-487F-B920-C601C7E60BEB}.Ad-Hoc|x64.Build.0 = Release|Any CPU
		{F44B999F-4E5F-487F-B920-C601C7E60BEB}.Ad-Hoc|x64.Deploy.0 = Release|Any CPU
		{F44B999F-4E5F-487F-B920-C601C7E60BEB}.Ad-Hoc|x86.ActiveCfg = Release|Any CPU
		{F44B999F-4E5F-487F-B920-C601C7E60BEB}.Ad-Hoc|x86.Build.0 = Release|Any CPU
		{F44B999F-4E5F-487F-B920-C601C7E60BEB}.Ad-Hoc|x86.Deploy.0 = Release|Any CPU
		{F44B999F-4E5F-487F-B920-C601C7E60BEB}.AppStore|Any CPU.ActiveCfg = Release|Any CPU
		{F44B999F-4E5F-487F-B920-C601C7E60BEB}.AppStore|Any CPU.Build.0 = Release|Any CPU
		{F44B999F-4E5F-487F-B920-C601C7E60BEB}.AppStore|Any CPU.Deploy.0 = Release|Any CPU
		{F44B999F-4E5F-487F-B920-C601C7E60BEB}.AppStore|ARM.ActiveCfg = Release|Any CPU
		{F44B999F-4E5F-487F-B920-C601C7E60BEB}.AppStore|ARM.Build.0 = Release|Any CPU
		{F44B999F-4E5F-487F-B920-C601C7E60BEB}.AppStore|ARM.Deploy.0 = Release|Any CPU
		{F44B999F-4E5F-487F-B920-C601C7E60BEB}.AppStore|iPhone.ActiveCfg = Release|Any CPU
		{F44B999F-4E5F-487F-B920-C601C7E60BEB}.AppStore|iPhone.Build.0 = Release|Any CPU
		{F44B999F-4E5F-487F-B920-C601C7E60BEB}.AppStore|iPhone.Deploy.0 = Release|Any CPU
		{F44B999F-4E5F-487F-B920-C601C7E60BEB}.AppStore|iPhoneSimulator.ActiveCfg = Release|Any CPU
		{F44B999F-4E5F-487F-B920-C601C7E60BEB}.AppStore|iPhoneSimulator.Build.0 = Release|Any CPU
		{F44B999F-4E5F-487F-B920-C601C7E60BEB}.AppStore|iPhoneSimulator.Deploy.0 = Release|Any CPU
		{F44B999F-4E5F-487F-B920-C601C7E60BEB}.AppStore|x64.ActiveCfg = Release|Any CPU
		{F44B999F-4E5F-487F-B920-C601C7E60BEB}.AppStore|x64.Build.0 = Release|Any CPU
		{F44B999F-4E5F-487F-B920-C601C7E60BEB}.AppStore|x64.Deploy.0 = Release|Any CPU
		{F44B999F-4E5F-487F-B920-C601C7E60BEB}.AppStore|x86.ActiveCfg = Release|Any CPU
		{F44B999F-4E5F-487F-B920-C601C7E60BEB}.AppStore|x86.Build.0 = Release|Any CPU
		{F44B999F-4E5F-487F-B920-C601C7E60BEB}.AppStore|x86.Deploy.0 = Release|Any CPU
		{F44B999F-4E5F-487F-B920-C601C7E60BEB}.Debug|Any CPU.ActiveCfg = Debug|Any CPU
		{F44B999F-4E5F-487F-B920-C601C7E60BEB}.Debug|Any CPU.Build.0 = Debug|Any CPU
		{F44B999F-4E5F-487F-B920-C601C7E60BEB}.Debug|Any CPU.Deploy.0 = Debug|Any CPU
		{F44B999F-4E5F-487F-B920-C601C7E60BEB}.Debug|ARM.ActiveCfg = Debug|Any CPU
		{F44B999F-4E5F-487F-B920-C601C7E60BEB}.Debug|ARM.Build.0 = Debug|Any CPU
		{F44B999F-4E5F-487F-B920-C601C7E60BEB}.Debug|ARM.Deploy.0 = Debug|Any CPU
		{F44B999F-4E5F-487F-B920-C601C7E60BEB}.Debug|iPhone.ActiveCfg = Debug|Any CPU
		{F44B999F-4E5F-487F-B920-C601C7E60BEB}.Debug|iPhone.Build.0 = Debug|Any CPU
		{F44B999F-4E5F-487F-B920-C601C7E60BEB}.Debug|iPhone.Deploy.0 = Debug|Any CPU
		{F44B999F-4E5F-487F-B920-C601C7E60BEB}.Debug|iPhoneSimulator.ActiveCfg = Debug|Any CPU
		{F44B999F-4E5F-487F-B920-C601C7E60BEB}.Debug|iPhoneSimulator.Build.0 = Debug|Any CPU
		{F44B999F-4E5F-487F-B920-C601C7E60BEB}.Debug|iPhoneSimulator.Deploy.0 = Debug|Any CPU
		{F44B999F-4E5F-487F-B920-C601C7E60BEB}.Debug|x64.ActiveCfg = Debug|Any CPU
		{F44B999F-4E5F-487F-B920-C601C7E60BEB}.Debug|x64.Build.0 = Debug|Any CPU
		{F44B999F-4E5F-487F-B920-C601C7E60BEB}.Debug|x64.Deploy.0 = Debug|Any CPU
		{F44B999F-4E5F-487F-B920-C601C7E60BEB}.Debug|x86.ActiveCfg = Debug|Any CPU
		{F44B999F-4E5F-487F-B920-C601C7E60BEB}.Debug|x86.Build.0 = Debug|Any CPU
		{F44B999F-4E5F-487F-B920-C601C7E60BEB}.Debug|x86.Deploy.0 = Debug|Any CPU
		{F44B999F-4E5F-487F-B920-C601C7E60BEB}.Release|Any CPU.ActiveCfg = Release|Any CPU
		{F44B999F-4E5F-487F-B920-C601C7E60BEB}.Release|Any CPU.Build.0 = Release|Any CPU
		{F44B999F-4E5F-487F-B920-C601C7E60BEB}.Release|Any CPU.Deploy.0 = Release|Any CPU
		{F44B999F-4E5F-487F-B920-C601C7E60BEB}.Release|ARM.ActiveCfg = Release|Any CPU
		{F44B999F-4E5F-487F-B920-C601C7E60BEB}.Release|ARM.Build.0 = Release|Any CPU
		{F44B999F-4E5F-487F-B920-C601C7E60BEB}.Release|ARM.Deploy.0 = Release|Any CPU
		{F44B999F-4E5F-487F-B920-C601C7E60BEB}.Release|iPhone.ActiveCfg = Release|Any CPU
		{F44B999F-4E5F-487F-B920-C601C7E60BEB}.Release|iPhone.Build.0 = Release|Any CPU
		{F44B999F-4E5F-487F-B920-C601C7E60BEB}.Release|iPhone.Deploy.0 = Release|Any CPU
		{F44B999F-4E5F-487F-B920-C601C7E60BEB}.Release|iPhoneSimulator.ActiveCfg = Release|Any CPU
		{F44B999F-4E5F-487F-B920-C601C7E60BEB}.Release|iPhoneSimulator.Build.0 = Release|Any CPU
		{F44B999F-4E5F-487F-B920-C601C7E60BEB}.Release|iPhoneSimulator.Deploy.0 = Release|Any CPU
		{F44B999F-4E5F-487F-B920-C601C7E60BEB}.Release|x64.ActiveCfg = Release|Any CPU
		{F44B999F-4E5F-487F-B920-C601C7E60BEB}.Release|x64.Build.0 = Release|Any CPU
		{F44B999F-4E5F-487F-B920-C601C7E60BEB}.Release|x64.Deploy.0 = Release|Any CPU
		{F44B999F-4E5F-487F-B920-C601C7E60BEB}.Release|x86.ActiveCfg = Release|Any CPU
		{F44B999F-4E5F-487F-B920-C601C7E60BEB}.Release|x86.Build.0 = Release|Any CPU
		{F44B999F-4E5F-487F-B920-C601C7E60BEB}.Release|x86.Deploy.0 = Release|Any CPU
		{218ABC09-9482-4164-86FC-42A6210F5049}.Ad-Hoc|Any CPU.ActiveCfg = Ad-Hoc|iPhone
		{218ABC09-9482-4164-86FC-42A6210F5049}.Ad-Hoc|ARM.ActiveCfg = Ad-Hoc|iPhone
		{218ABC09-9482-4164-86FC-42A6210F5049}.Ad-Hoc|iPhone.ActiveCfg = Ad-Hoc|iPhone
		{218ABC09-9482-4164-86FC-42A6210F5049}.Ad-Hoc|iPhone.Build.0 = Ad-Hoc|iPhone
		{218ABC09-9482-4164-86FC-42A6210F5049}.Ad-Hoc|iPhoneSimulator.ActiveCfg = Ad-Hoc|iPhoneSimulator
		{218ABC09-9482-4164-86FC-42A6210F5049}.Ad-Hoc|iPhoneSimulator.Build.0 = Ad-Hoc|iPhoneSimulator
		{218ABC09-9482-4164-86FC-42A6210F5049}.Ad-Hoc|x64.ActiveCfg = Ad-Hoc|iPhone
		{218ABC09-9482-4164-86FC-42A6210F5049}.Ad-Hoc|x86.ActiveCfg = Ad-Hoc|iPhone
		{218ABC09-9482-4164-86FC-42A6210F5049}.AppStore|Any CPU.ActiveCfg = AppStore|iPhone
		{218ABC09-9482-4164-86FC-42A6210F5049}.AppStore|ARM.ActiveCfg = AppStore|iPhone
		{218ABC09-9482-4164-86FC-42A6210F5049}.AppStore|iPhone.ActiveCfg = AppStore|iPhone
		{218ABC09-9482-4164-86FC-42A6210F5049}.AppStore|iPhone.Build.0 = AppStore|iPhone
		{218ABC09-9482-4164-86FC-42A6210F5049}.AppStore|iPhoneSimulator.ActiveCfg = AppStore|iPhoneSimulator
		{218ABC09-9482-4164-86FC-42A6210F5049}.AppStore|iPhoneSimulator.Build.0 = AppStore|iPhoneSimulator
		{218ABC09-9482-4164-86FC-42A6210F5049}.AppStore|x64.ActiveCfg = AppStore|iPhone
		{218ABC09-9482-4164-86FC-42A6210F5049}.AppStore|x86.ActiveCfg = AppStore|iPhone
		{218ABC09-9482-4164-86FC-42A6210F5049}.Debug|Any CPU.ActiveCfg = Debug|iPhone
		{218ABC09-9482-4164-86FC-42A6210F5049}.Debug|ARM.ActiveCfg = Debug|iPhone
		{218ABC09-9482-4164-86FC-42A6210F5049}.Debug|iPhone.ActiveCfg = Debug|iPhone
		{218ABC09-9482-4164-86FC-42A6210F5049}.Debug|iPhone.Build.0 = Debug|iPhone
		{218ABC09-9482-4164-86FC-42A6210F5049}.Debug|iPhoneSimulator.ActiveCfg = Debug|iPhoneSimulator
		{218ABC09-9482-4164-86FC-42A6210F5049}.Debug|iPhoneSimulator.Build.0 = Debug|iPhoneSimulator
		{218ABC09-9482-4164-86FC-42A6210F5049}.Debug|x64.ActiveCfg = Debug|iPhone
		{218ABC09-9482-4164-86FC-42A6210F5049}.Debug|x86.ActiveCfg = Debug|iPhone
		{218ABC09-9482-4164-86FC-42A6210F5049}.Release|Any CPU.ActiveCfg = Release|iPhone
		{218ABC09-9482-4164-86FC-42A6210F5049}.Release|ARM.ActiveCfg = Release|iPhone
		{218ABC09-9482-4164-86FC-42A6210F5049}.Release|iPhone.ActiveCfg = Release|iPhone
		{218ABC09-9482-4164-86FC-42A6210F5049}.Release|iPhone.Build.0 = Release|iPhone
		{218ABC09-9482-4164-86FC-42A6210F5049}.Release|iPhoneSimulator.ActiveCfg = Release|iPhoneSimulator
		{218ABC09-9482-4164-86FC-42A6210F5049}.Release|iPhoneSimulator.Build.0 = Release|iPhoneSimulator
		{218ABC09-9482-4164-86FC-42A6210F5049}.Release|x64.ActiveCfg = Release|iPhone
		{218ABC09-9482-4164-86FC-42A6210F5049}.Release|x86.ActiveCfg = Release|iPhone
		{EDA78D78-355F-4EA6-8F53-2798D6CA8C23}.Ad-Hoc|Any CPU.ActiveCfg = Release|x86
		{EDA78D78-355F-4EA6-8F53-2798D6CA8C23}.Ad-Hoc|Any CPU.Build.0 = Release|x86
		{EDA78D78-355F-4EA6-8F53-2798D6CA8C23}.Ad-Hoc|Any CPU.Deploy.0 = Release|x86
		{EDA78D78-355F-4EA6-8F53-2798D6CA8C23}.Ad-Hoc|ARM.ActiveCfg = Release|ARM
		{EDA78D78-355F-4EA6-8F53-2798D6CA8C23}.Ad-Hoc|ARM.Build.0 = Release|ARM
		{EDA78D78-355F-4EA6-8F53-2798D6CA8C23}.Ad-Hoc|ARM.Deploy.0 = Release|ARM
		{EDA78D78-355F-4EA6-8F53-2798D6CA8C23}.Ad-Hoc|iPhone.ActiveCfg = Release|x86
		{EDA78D78-355F-4EA6-8F53-2798D6CA8C23}.Ad-Hoc|iPhone.Build.0 = Release|x86
		{EDA78D78-355F-4EA6-8F53-2798D6CA8C23}.Ad-Hoc|iPhone.Deploy.0 = Release|x86
		{EDA78D78-355F-4EA6-8F53-2798D6CA8C23}.Ad-Hoc|iPhoneSimulator.ActiveCfg = Release|x86
		{EDA78D78-355F-4EA6-8F53-2798D6CA8C23}.Ad-Hoc|iPhoneSimulator.Build.0 = Release|x86
		{EDA78D78-355F-4EA6-8F53-2798D6CA8C23}.Ad-Hoc|iPhoneSimulator.Deploy.0 = Release|x86
		{EDA78D78-355F-4EA6-8F53-2798D6CA8C23}.Ad-Hoc|x64.ActiveCfg = Release|x64
		{EDA78D78-355F-4EA6-8F53-2798D6CA8C23}.Ad-Hoc|x64.Build.0 = Release|x64
		{EDA78D78-355F-4EA6-8F53-2798D6CA8C23}.Ad-Hoc|x64.Deploy.0 = Release|x64
		{EDA78D78-355F-4EA6-8F53-2798D6CA8C23}.Ad-Hoc|x86.ActiveCfg = Release|x86
		{EDA78D78-355F-4EA6-8F53-2798D6CA8C23}.Ad-Hoc|x86.Build.0 = Release|x86
		{EDA78D78-355F-4EA6-8F53-2798D6CA8C23}.Ad-Hoc|x86.Deploy.0 = Release|x86
		{EDA78D78-355F-4EA6-8F53-2798D6CA8C23}.AppStore|Any CPU.ActiveCfg = Release|x86
		{EDA78D78-355F-4EA6-8F53-2798D6CA8C23}.AppStore|Any CPU.Build.0 = Release|x86
		{EDA78D78-355F-4EA6-8F53-2798D6CA8C23}.AppStore|Any CPU.Deploy.0 = Release|x86
		{EDA78D78-355F-4EA6-8F53-2798D6CA8C23}.AppStore|ARM.ActiveCfg = Release|ARM
		{EDA78D78-355F-4EA6-8F53-2798D6CA8C23}.AppStore|ARM.Build.0 = Release|ARM
		{EDA78D78-355F-4EA6-8F53-2798D6CA8C23}.AppStore|ARM.Deploy.0 = Release|ARM
		{EDA78D78-355F-4EA6-8F53-2798D6CA8C23}.AppStore|iPhone.ActiveCfg = Release|x86
		{EDA78D78-355F-4EA6-8F53-2798D6CA8C23}.AppStore|iPhone.Build.0 = Release|x86
		{EDA78D78-355F-4EA6-8F53-2798D6CA8C23}.AppStore|iPhone.Deploy.0 = Release|x86
		{EDA78D78-355F-4EA6-8F53-2798D6CA8C23}.AppStore|iPhoneSimulator.ActiveCfg = Release|x86
		{EDA78D78-355F-4EA6-8F53-2798D6CA8C23}.AppStore|iPhoneSimulator.Build.0 = Release|x86
		{EDA78D78-355F-4EA6-8F53-2798D6CA8C23}.AppStore|iPhoneSimulator.Deploy.0 = Release|x86
		{EDA78D78-355F-4EA6-8F53-2798D6CA8C23}.AppStore|x64.ActiveCfg = Release|x64
		{EDA78D78-355F-4EA6-8F53-2798D6CA8C23}.AppStore|x64.Build.0 = Release|x64
		{EDA78D78-355F-4EA6-8F53-2798D6CA8C23}.AppStore|x64.Deploy.0 = Release|x64
		{EDA78D78-355F-4EA6-8F53-2798D6CA8C23}.AppStore|x86.ActiveCfg = Release|x86
		{EDA78D78-355F-4EA6-8F53-2798D6CA8C23}.AppStore|x86.Build.0 = Release|x86
		{EDA78D78-355F-4EA6-8F53-2798D6CA8C23}.AppStore|x86.Deploy.0 = Release|x86
		{EDA78D78-355F-4EA6-8F53-2798D6CA8C23}.Debug|Any CPU.ActiveCfg = Debug|x86
		{EDA78D78-355F-4EA6-8F53-2798D6CA8C23}.Debug|ARM.ActiveCfg = Debug|ARM
		{EDA78D78-355F-4EA6-8F53-2798D6CA8C23}.Debug|ARM.Build.0 = Debug|ARM
		{EDA78D78-355F-4EA6-8F53-2798D6CA8C23}.Debug|ARM.Deploy.0 = Debug|ARM
		{EDA78D78-355F-4EA6-8F53-2798D6CA8C23}.Debug|iPhone.ActiveCfg = Debug|x86
		{EDA78D78-355F-4EA6-8F53-2798D6CA8C23}.Debug|iPhoneSimulator.ActiveCfg = Debug|x86
		{EDA78D78-355F-4EA6-8F53-2798D6CA8C23}.Debug|x64.ActiveCfg = Debug|x64
		{EDA78D78-355F-4EA6-8F53-2798D6CA8C23}.Debug|x64.Build.0 = Debug|x64
		{EDA78D78-355F-4EA6-8F53-2798D6CA8C23}.Debug|x64.Deploy.0 = Debug|x64
		{EDA78D78-355F-4EA6-8F53-2798D6CA8C23}.Debug|x86.ActiveCfg = Debug|x86
		{EDA78D78-355F-4EA6-8F53-2798D6CA8C23}.Debug|x86.Build.0 = Debug|x86
		{EDA78D78-355F-4EA6-8F53-2798D6CA8C23}.Debug|x86.Deploy.0 = Debug|x86
		{EDA78D78-355F-4EA6-8F53-2798D6CA8C23}.Release|Any CPU.ActiveCfg = Release|x86
		{EDA78D78-355F-4EA6-8F53-2798D6CA8C23}.Release|ARM.ActiveCfg = Release|ARM
		{EDA78D78-355F-4EA6-8F53-2798D6CA8C23}.Release|ARM.Build.0 = Release|ARM
		{EDA78D78-355F-4EA6-8F53-2798D6CA8C23}.Release|ARM.Deploy.0 = Release|ARM
		{EDA78D78-355F-4EA6-8F53-2798D6CA8C23}.Release|iPhone.ActiveCfg = Release|x86
		{EDA78D78-355F-4EA6-8F53-2798D6CA8C23}.Release|iPhoneSimulator.ActiveCfg = Release|x86
		{EDA78D78-355F-4EA6-8F53-2798D6CA8C23}.Release|x64.ActiveCfg = Release|x64
		{EDA78D78-355F-4EA6-8F53-2798D6CA8C23}.Release|x64.Build.0 = Release|x64
		{EDA78D78-355F-4EA6-8F53-2798D6CA8C23}.Release|x64.Deploy.0 = Release|x64
		{EDA78D78-355F-4EA6-8F53-2798D6CA8C23}.Release|x86.ActiveCfg = Release|x86
		{EDA78D78-355F-4EA6-8F53-2798D6CA8C23}.Release|x86.Build.0 = Release|x86
		{EDA78D78-355F-4EA6-8F53-2798D6CA8C23}.Release|x86.Deploy.0 = Release|x86
	EndGlobalSection
	GlobalSection(SolutionProperties) = preSolution
		HideSolutionNode = FALSE
	EndGlobalSection
	GlobalSection(ExtensibilityGlobals) = postSolution
		SolutionGuid = {A8E065A9-2124-4144-A544-1F7FA629DB32}
	EndGlobalSection
EndGlobal
