
Microsoft Visual Studio Solution File, Format Version 12.00
# Visual Studio 15
VisualStudioVersion = 15.0.27428.2043
MinimumVisualStudioVersion = 10.0.40219.1
Project("{FAE04EC0-301F-11D3-BF4B-00C04F79EFBC}") = "XFSkiaMVVM", "XFSkiaMVVM\XFSkiaMVVM\XFSkiaMVVM.csproj", "{EDBF6366-1191-4A51-9B11-152963FB8A08}"
EndProject
Project("{FAE04EC0-301F-11D3-BF4B-00C04F79EFBC}") = "XFSkiaMVVM.Android", "XFSkiaMVVM\XFSkiaMVVM.Android\XFSkiaMVVM.Android.csproj", "{A96D5ED5-C941-4006-9A70-0566A9550735}"
EndProject
Project("{FAE04EC0-301F-11D3-BF4B-00C04F79EFBC}") = "XFSkiaMVVM.iOS", "XFSkiaMVVM\XFSkiaMVVM.iOS\XFSkiaMVVM.iOS.csproj", "{6F7EE510-BD38-4206-9DB0-B81FF27EA22A}"
EndProject
Project("{FAE04EC0-301F-11D3-BF4B-00C04F79EFBC}") = "XFSkiaMVVM.UWP", "XFSkiaMVVM\XFSkiaMVVM.UWP\XFSkiaMVVM.UWP.csproj", "{89FFFD89-0226-453A-AF80-5A367F57B49D}"
EndProject
Global
	GlobalSection(SolutionConfigurationPlatforms) = preSolution
		Ad-Hoc|Any CPU = Ad-Hoc|Any CPU
		Ad-Hoc|ARM = Ad-Hoc|ARM
		Ad-Hoc|iPhone = Ad-Hoc|iPhone
		Ad-Hoc|iPhoneSimulator = Ad-Hoc|iPhoneSimulator
		Ad-Hoc|x64 = Ad-Hoc|x64
		Ad-Hoc|x86 = Ad-Hoc|x86
		AppStore|Any CPU = AppStore|Any CPU
		AppStore|ARM = AppStore|ARM
		AppStore|iPhone = AppStore|iPhone
		AppStore|iPhoneSimulator = AppStore|iPhoneSimulator
		AppStore|x64 = AppStore|x64
		AppStore|x86 = AppStore|x86
		Debug|Any CPU = Debug|Any CPU
		Debug|ARM = Debug|ARM
		Debug|iPhone = Debug|iPhone
		Debug|iPhoneSimulator = Debug|iPhoneSimulator
		Debug|x64 = Debug|x64
		Debug|x86 = Debug|x86
		Release|Any CPU = Release|Any CPU
		Release|ARM = Release|ARM
		Release|iPhone = Release|iPhone
		Release|iPhoneSimulator = Release|iPhoneSimulator
		Release|x64 = Release|x64
		Release|x86 = Release|x86
	EndGlobalSection
	GlobalSection(ProjectConfigurationPlatforms) = postSolution
		{EDBF6366-1191-4A51-9B11-152963FB8A08}.Ad-Hoc|Any CPU.ActiveCfg = Debug|Any CPU
		{EDBF6366-1191-4A51-9B11-152963FB8A08}.Ad-Hoc|Any CPU.Build.0 = Debug|Any CPU
		{EDBF6366-1191-4A51-9B11-152963FB8A08}.Ad-Hoc|ARM.ActiveCfg = Debug|Any CPU
		{EDBF6366-1191-4A51-9B11-152963FB8A08}.Ad-Hoc|ARM.Build.0 = Debug|Any CPU
		{EDBF6366-1191-4A51-9B11-152963FB8A08}.Ad-Hoc|iPhone.ActiveCfg = Debug|Any CPU
		{EDBF6366-1191-4A51-9B11-152963FB8A08}.Ad-Hoc|iPhone.Build.0 = Debug|Any CPU
		{EDBF6366-1191-4A51-9B11-152963FB8A08}.Ad-Hoc|iPhoneSimulator.ActiveCfg = Debug|Any CPU
		{EDBF6366-1191-4A51-9B11-152963FB8A08}.Ad-Hoc|iPhoneSimulator.Build.0 = Debug|Any CPU
		{EDBF6366-1191-4A51-9B11-152963FB8A08}.Ad-Hoc|x64.ActiveCfg = Debug|Any CPU
		{EDBF6366-1191-4A51-9B11-152963FB8A08}.Ad-Hoc|x64.Build.0 = Debug|Any CPU
		{EDBF6366-1191-4A51-9B11-152963FB8A08}.Ad-Hoc|x86.ActiveCfg = Debug|Any CPU
		{EDBF6366-1191-4A51-9B11-152963FB8A08}.Ad-Hoc|x86.Build.0 = Debug|Any CPU
		{EDBF6366-1191-4A51-9B11-152963FB8A08}.AppStore|Any CPU.ActiveCfg = Debug|Any CPU
		{EDBF6366-1191-4A51-9B11-152963FB8A08}.AppStore|Any CPU.Build.0 = Debug|Any CPU
		{EDBF6366-1191-4A51-9B11-152963FB8A08}.AppStore|ARM.ActiveCfg = Debug|Any CPU
		{EDBF6366-1191-4A51-9B11-152963FB8A08}.AppStore|ARM.Build.0 = Debug|Any CPU
		{EDBF6366-1191-4A51-9B11-152963FB8A08}.AppStore|iPhone.ActiveCfg = Debug|Any CPU
		{EDBF6366-1191-4A51-9B11-152963FB8A08}.AppStore|iPhone.Build.0 = Debug|Any CPU
		{EDBF6366-1191-4A51-9B11-152963FB8A08}.AppStore|iPhoneSimulator.ActiveCfg = Debug|Any CPU
		{EDBF6366-1191-4A51-9B11-152963FB8A08}.AppStore|iPhoneSimulator.Build.0 = Debug|Any CPU
		{EDBF6366-1191-4A51-9B11-152963FB8A08}.AppStore|x64.ActiveCfg = Debug|Any CPU
		{EDBF6366-1191-4A51-9B11-152963FB8A08}.AppStore|x64.Build.0 = Debug|Any CPU
		{EDBF6366-1191-4A51-9B11-152963FB8A08}.AppStore|x86.ActiveCfg = Debug|Any CPU
		{EDBF6366-1191-4A51-9B11-152963FB8A08}.AppStore|x86.Build.0 = Debug|Any CPU
		{EDBF6366-1191-4A51-9B11-152963FB8A08}.Debug|Any CPU.ActiveCfg = Debug|Any CPU
		{EDBF6366-1191-4A51-9B11-152963FB8A08}.Debug|Any CPU.Build.0 = Debug|Any CPU
		{EDBF6366-1191-4A51-9B11-152963FB8A08}.Debug|ARM.ActiveCfg = Debug|Any CPU
		{EDBF6366-1191-4A51-9B11-152963FB8A08}.Debug|ARM.Build.0 = Debug|Any CPU
		{EDBF6366-1191-4A51-9B11-152963FB8A08}.Debug|iPhone.ActiveCfg = Debug|Any CPU
		{EDBF6366-1191-4A51-9B11-152963FB8A08}.Debug|iPhone.Build.0 = Debug|Any CPU
		{EDBF6366-1191-4A51-9B11-152963FB8A08}.Debug|iPhoneSimulator.ActiveCfg = Debug|Any CPU
		{EDBF6366-1191-4A51-9B11-152963FB8A08}.Debug|iPhoneSimulator.Build.0 = Debug|Any CPU
		{EDBF6366-1191-4A51-9B11-152963FB8A08}.Debug|x64.ActiveCfg = Debug|Any CPU
		{EDBF6366-1191-4A51-9B11-152963FB8A08}.Debug|x64.Build.0 = Debug|Any CPU
		{EDBF6366-1191-4A51-9B11-152963FB8A08}.Debug|x86.ActiveCfg = Debug|Any CPU
		{EDBF6366-1191-4A51-9B11-152963FB8A08}.Debug|x86.Build.0 = Debug|Any CPU
		{EDBF6366-1191-4A51-9B11-152963FB8A08}.Release|Any CPU.ActiveCfg = Release|Any CPU
		{EDBF6366-1191-4A51-9B11-152963FB8A08}.Release|Any CPU.Build.0 = Release|Any CPU
		{EDBF6366-1191-4A51-9B11-152963FB8A08}.Release|ARM.ActiveCfg = Release|Any CPU
		{EDBF6366-1191-4A51-9B11-152963FB8A08}.Release|ARM.Build.0 = Release|Any CPU
		{EDBF6366-1191-4A51-9B11-152963FB8A08}.Release|iPhone.ActiveCfg = Release|Any CPU
		{EDBF6366-1191-4A51-9B11-152963FB8A08}.Release|iPhone.Build.0 = Release|Any CPU
		{EDBF6366-1191-4A51-9B11-152963FB8A08}.Release|iPhoneSimulator.ActiveCfg = Release|Any CPU
		{EDBF6366-1191-4A51-9B11-152963FB8A08}.Release|iPhoneSimulator.Build.0 = Release|Any CPU
		{EDBF6366-1191-4A51-9B11-152963FB8A08}.Release|x64.ActiveCfg = Release|Any CPU
		{EDBF6366-1191-4A51-9B11-152963FB8A08}.Release|x64.Build.0 = Release|Any CPU
		{EDBF6366-1191-4A51-9B11-152963FB8A08}.Release|x86.ActiveCfg = Release|Any CPU
		{EDBF6366-1191-4A51-9B11-152963FB8A08}.Release|x86.Build.0 = Release|Any CPU
		{A96D5ED5-C941-4006-9A70-0566A9550735}.Ad-Hoc|Any CPU.ActiveCfg = Release|Any CPU
		{A96D5ED5-C941-4006-9A70-0566A9550735}.Ad-Hoc|Any CPU.Build.0 = Release|Any CPU
		{A96D5ED5-C941-4006-9A70-0566A9550735}.Ad-Hoc|Any CPU.Deploy.0 = Release|Any CPU
		{A96D5ED5-C941-4006-9A70-0566A9550735}.Ad-Hoc|ARM.ActiveCfg = Release|Any CPU
		{A96D5ED5-C941-4006-9A70-0566A9550735}.Ad-Hoc|ARM.Build.0 = Release|Any CPU
		{A96D5ED5-C941-4006-9A70-0566A9550735}.Ad-Hoc|ARM.Deploy.0 = Release|Any CPU
		{A96D5ED5-C941-4006-9A70-0566A9550735}.Ad-Hoc|iPhone.ActiveCfg = Release|Any CPU
		{A96D5ED5-C941-4006-9A70-0566A9550735}.Ad-Hoc|iPhone.Build.0 = Release|Any CPU
		{A96D5ED5-C941-4006-9A70-0566A9550735}.Ad-Hoc|iPhone.Deploy.0 = Release|Any CPU
		{A96D5ED5-C941-4006-9A70-0566A9550735}.Ad-Hoc|iPhoneSimulator.ActiveCfg = Release|Any CPU
		{A96D5ED5-C941-4006-9A70-0566A9550735}.Ad-Hoc|iPhoneSimulator.Build.0 = Release|Any CPU
		{A96D5ED5-C941-4006-9A70-0566A9550735}.Ad-Hoc|iPhoneSimulator.Deploy.0 = Release|Any CPU
		{A96D5ED5-C941-4006-9A70-0566A9550735}.Ad-Hoc|x64.ActiveCfg = Release|Any CPU
		{A96D5ED5-C941-4006-9A70-0566A9550735}.Ad-Hoc|x64.Build.0 = Release|Any CPU
		{A96D5ED5-C941-4006-9A70-0566A9550735}.Ad-Hoc|x64.Deploy.0 = Release|Any CPU
		{A96D5ED5-C941-4006-9A70-0566A9550735}.Ad-Hoc|x86.ActiveCfg = Release|Any CPU
		{A96D5ED5-C941-4006-9A70-0566A9550735}.Ad-Hoc|x86.Build.0 = Release|Any CPU
		{A96D5ED5-C941-4006-9A70-0566A9550735}.Ad-Hoc|x86.Deploy.0 = Release|Any CPU
		{A96D5ED5-C941-4006-9A70-0566A9550735}.AppStore|Any CPU.ActiveCfg = Release|Any CPU
		{A96D5ED5-C941-4006-9A70-0566A9550735}.AppStore|Any CPU.Build.0 = Release|Any CPU
		{A96D5ED5-C941-4006-9A70-0566A9550735}.AppStore|Any CPU.Deploy.0 = Release|Any CPU
		{A96D5ED5-C941-4006-9A70-0566A9550735}.AppStore|ARM.ActiveCfg = Release|Any CPU
		{A96D5ED5-C941-4006-9A70-0566A9550735}.AppStore|ARM.Build.0 = Release|Any CPU
		{A96D5ED5-C941-4006-9A70-0566A9550735}.AppStore|ARM.Deploy.0 = Release|Any CPU
		{A96D5ED5-C941-4006-9A70-0566A9550735}.AppStore|iPhone.ActiveCfg = Release|Any CPU
		{A96D5ED5-C941-4006-9A70-0566A9550735}.AppStore|iPhone.Build.0 = Release|Any CPU
		{A96D5ED5-C941-4006-9A70-0566A9550735}.AppStore|iPhone.Deploy.0 = Release|Any CPU
		{A96D5ED5-C941-4006-9A70-0566A9550735}.AppStore|iPhoneSimulator.ActiveCfg = Release|Any CPU
		{A96D5ED5-C941-4006-9A70-0566A9550735}.AppStore|iPhoneSimulator.Build.0 = Release|Any CPU
		{A96D5ED5-C941-4006-9A70-0566A9550735}.AppStore|iPhoneSimulator.Deploy.0 = Release|Any CPU
		{A96D5ED5-C941-4006-9A70-0566A9550735}.AppStore|x64.ActiveCfg = Release|Any CPU
		{A96D5ED5-C941-4006-9A70-0566A9550735}.AppStore|x64.Build.0 = Release|Any CPU
		{A96D5ED5-C941-4006-9A70-0566A9550735}.AppStore|x64.Deploy.0 = Release|Any CPU
		{A96D5ED5-C941-4006-9A70-0566A9550735}.AppStore|x86.ActiveCfg = Release|Any CPU
		{A96D5ED5-C941-4006-9A70-0566A9550735}.AppStore|x86.Build.0 = Release|Any CPU
		{A96D5ED5-C941-4006-9A70-0566A9550735}.AppStore|x86.Deploy.0 = Release|Any CPU
		{A96D5ED5-C941-4006-9A70-0566A9550735}.Debug|Any CPU.ActiveCfg = Debug|Any CPU
		{A96D5ED5-C941-4006-9A70-0566A9550735}.Debug|Any CPU.Build.0 = Debug|Any CPU
		{A96D5ED5-C941-4006-9A70-0566A9550735}.Debug|Any CPU.Deploy.0 = Debug|Any CPU
		{A96D5ED5-C941-4006-9A70-0566A9550735}.Debug|ARM.ActiveCfg = Debug|Any CPU
		{A96D5ED5-C941-4006-9A70-0566A9550735}.Debug|ARM.Build.0 = Debug|Any CPU
		{A96D5ED5-C941-4006-9A70-0566A9550735}.Debug|ARM.Deploy.0 = Debug|Any CPU
		{A96D5ED5-C941-4006-9A70-0566A9550735}.Debug|iPhone.ActiveCfg = Debug|Any CPU
		{A96D5ED5-C941-4006-9A70-0566A9550735}.Debug|iPhone.Build.0 = Debug|Any CPU
		{A96D5ED5-C941-4006-9A70-0566A9550735}.Debug|iPhone.Deploy.0 = Debug|Any CPU
		{A96D5ED5-C941-4006-9A70-0566A9550735}.Debug|iPhoneSimulator.ActiveCfg = Debug|Any CPU
		{A96D5ED5-C941-4006-9A70-0566A9550735}.Debug|iPhoneSimulator.Build.0 = Debug|Any CPU
		{A96D5ED5-C941-4006-9A70-0566A9550735}.Debug|iPhoneSimulator.Deploy.0 = Debug|Any CPU
		{A96D5ED5-C941-4006-9A70-0566A9550735}.Debug|x64.ActiveCfg = Debug|Any CPU
		{A96D5ED5-C941-4006-9A70-0566A9550735}.Debug|x64.Build.0 = Debug|Any CPU
		{A96D5ED5-C941-4006-9A70-0566A9550735}.Debug|x64.Deploy.0 = Debug|Any CPU
		{A96D5ED5-C941-4006-9A70-0566A9550735}.Debug|x86.ActiveCfg = Debug|Any CPU
		{A96D5ED5-C941-4006-9A70-0566A9550735}.Debug|x86.Build.0 = Debug|Any CPU
		{A96D5ED5-C941-4006-9A70-0566A9550735}.Debug|x86.Deploy.0 = Debug|Any CPU
		{A96D5ED5-C941-4006-9A70-0566A9550735}.Release|Any CPU.ActiveCfg = Release|Any CPU
		{A96D5ED5-C941-4006-9A70-0566A9550735}.Release|Any CPU.Build.0 = Release|Any CPU
		{A96D5ED5-C941-4006-9A70-0566A9550735}.Release|Any CPU.Deploy.0 = Release|Any CPU
		{A96D5ED5-C941-4006-9A70-0566A9550735}.Release|ARM.ActiveCfg = Release|Any CPU
		{A96D5ED5-C941-4006-9A70-0566A9550735}.Release|ARM.Build.0 = Release|Any CPU
		{A96D5ED5-C941-4006-9A70-0566A9550735}.Release|ARM.Deploy.0 = Release|Any CPU
		{A96D5ED5-C941-4006-9A70-0566A9550735}.Release|iPhone.ActiveCfg = Release|Any CPU
		{A96D5ED5-C941-4006-9A70-0566A9550735}.Release|iPhone.Build.0 = Release|Any CPU
		{A96D5ED5-C941-4006-9A70-0566A9550735}.Release|iPhone.Deploy.0 = Release|Any CPU
		{A96D5ED5-C941-4006-9A70-0566A9550735}.Release|iPhoneSimulator.ActiveCfg = Release|Any CPU
		{A96D5ED5-C941-4006-9A70-0566A9550735}.Release|iPhoneSimulator.Build.0 = Release|Any CPU
		{A96D5ED5-C941-4006-9A70-0566A9550735}.Release|iPhoneSimulator.Deploy.0 = Release|Any CPU
		{A96D5ED5-C941-4006-9A70-0566A9550735}.Release|x64.ActiveCfg = Release|Any CPU
		{A96D5ED5-C941-4006-9A70-0566A9550735}.Release|x64.Build.0 = Release|Any CPU
		{A96D5ED5-C941-4006-9A70-0566A9550735}.Release|x64.Deploy.0 = Release|Any CPU
		{A96D5ED5-C941-4006-9A70-0566A9550735}.Release|x86.ActiveCfg = Release|Any CPU
		{A96D5ED5-C941-4006-9A70-0566A9550735}.Release|x86.Build.0 = Release|Any CPU
		{A96D5ED5-C941-4006-9A70-0566A9550735}.Release|x86.Deploy.0 = Release|Any CPU
		{6F7EE510-BD38-4206-9DB0-B81FF27EA22A}.Ad-Hoc|Any CPU.ActiveCfg = Ad-Hoc|iPhone
		{6F7EE510-BD38-4206-9DB0-B81FF27EA22A}.Ad-Hoc|ARM.ActiveCfg = Ad-Hoc|iPhone
		{6F7EE510-BD38-4206-9DB0-B81FF27EA22A}.Ad-Hoc|iPhone.ActiveCfg = Ad-Hoc|iPhone
		{6F7EE510-BD38-4206-9DB0-B81FF27EA22A}.Ad-Hoc|iPhone.Build.0 = Ad-Hoc|iPhone
		{6F7EE510-BD38-4206-9DB0-B81FF27EA22A}.Ad-Hoc|iPhoneSimulator.ActiveCfg = Ad-Hoc|iPhoneSimulator
		{6F7EE510-BD38-4206-9DB0-B81FF27EA22A}.Ad-Hoc|iPhoneSimulator.Build.0 = Ad-Hoc|iPhoneSimulator
		{6F7EE510-BD38-4206-9DB0-B81FF27EA22A}.Ad-Hoc|x64.ActiveCfg = Ad-Hoc|iPhone
		{6F7EE510-BD38-4206-9DB0-B81FF27EA22A}.Ad-Hoc|x86.ActiveCfg = Ad-Hoc|iPhone
		{6F7EE510-BD38-4206-9DB0-B81FF27EA22A}.AppStore|Any CPU.ActiveCfg = AppStore|iPhone
		{6F7EE510-BD38-4206-9DB0-B81FF27EA22A}.AppStore|ARM.ActiveCfg = AppStore|iPhone
		{6F7EE510-BD38-4206-9DB0-B81FF27EA22A}.AppStore|iPhone.ActiveCfg = AppStore|iPhone
		{6F7EE510-BD38-4206-9DB0-B81FF27EA22A}.AppStore|iPhone.Build.0 = AppStore|iPhone
		{6F7EE510-BD38-4206-9DB0-B81FF27EA22A}.AppStore|iPhoneSimulator.ActiveCfg = AppStore|iPhoneSimulator
		{6F7EE510-BD38-4206-9DB0-B81FF27EA22A}.AppStore|iPhoneSimulator.Build.0 = AppStore|iPhoneSimulator
		{6F7EE510-BD38-4206-9DB0-B81FF27EA22A}.AppStore|x64.ActiveCfg = AppStore|iPhone
		{6F7EE510-BD38-4206-9DB0-B81FF27EA22A}.AppStore|x86.ActiveCfg = AppStore|iPhone
		{6F7EE510-BD38-4206-9DB0-B81FF27EA22A}.Debug|Any CPU.ActiveCfg = Debug|iPhone
		{6F7EE510-BD38-4206-9DB0-B81FF27EA22A}.Debug|ARM.ActiveCfg = Debug|iPhone
		{6F7EE510-BD38-4206-9DB0-B81FF27EA22A}.Debug|iPhone.ActiveCfg = Debug|iPhone
		{6F7EE510-BD38-4206-9DB0-B81FF27EA22A}.Debug|iPhone.Build.0 = Debug|iPhone
		{6F7EE510-BD38-4206-9DB0-B81FF27EA22A}.Debug|iPhoneSimulator.ActiveCfg = Debug|iPhoneSimulator
		{6F7EE510-BD38-4206-9DB0-B81FF27EA22A}.Debug|iPhoneSimulator.Build.0 = Debug|iPhoneSimulator
		{6F7EE510-BD38-4206-9DB0-B81FF27EA22A}.Debug|x64.ActiveCfg = Debug|iPhone
		{6F7EE510-BD38-4206-9DB0-B81FF27EA22A}.Debug|x86.ActiveCfg = Debug|iPhone
		{6F7EE510-BD38-4206-9DB0-B81FF27EA22A}.Release|Any CPU.ActiveCfg = Release|iPhone
		{6F7EE510-BD38-4206-9DB0-B81FF27EA22A}.Release|ARM.ActiveCfg = Release|iPhone
		{6F7EE510-BD38-4206-9DB0-B81FF27EA22A}.Release|iPhone.ActiveCfg = Release|iPhone
		{6F7EE510-BD38-4206-9DB0-B81FF27EA22A}.Release|iPhone.Build.0 = Release|iPhone
		{6F7EE510-BD38-4206-9DB0-B81FF27EA22A}.Release|iPhoneSimulator.ActiveCfg = Release|iPhoneSimulator
		{6F7EE510-BD38-4206-9DB0-B81FF27EA22A}.Release|iPhoneSimulator.Build.0 = Release|iPhoneSimulator
		{6F7EE510-BD38-4206-9DB0-B81FF27EA22A}.Release|x64.ActiveCfg = Release|iPhone
		{6F7EE510-BD38-4206-9DB0-B81FF27EA22A}.Release|x86.ActiveCfg = Release|iPhone
		{89FFFD89-0226-453A-AF80-5A367F57B49D}.Ad-Hoc|Any CPU.ActiveCfg = Release|x86
		{89FFFD89-0226-453A-AF80-5A367F57B49D}.Ad-Hoc|Any CPU.Build.0 = Release|x86
		{89FFFD89-0226-453A-AF80-5A367F57B49D}.Ad-Hoc|Any CPU.Deploy.0 = Release|x86
		{89FFFD89-0226-453A-AF80-5A367F57B49D}.Ad-Hoc|ARM.ActiveCfg = Release|ARM
		{89FFFD89-0226-453A-AF80-5A367F57B49D}.Ad-Hoc|ARM.Build.0 = Release|ARM
		{89FFFD89-0226-453A-AF80-5A367F57B49D}.Ad-Hoc|ARM.Deploy.0 = Release|ARM
		{89FFFD89-0226-453A-AF80-5A367F57B49D}.Ad-Hoc|iPhone.ActiveCfg = Release|x86
		{89FFFD89-0226-453A-AF80-5A367F57B49D}.Ad-Hoc|iPhone.Build.0 = Release|x86
		{89FFFD89-0226-453A-AF80-5A367F57B49D}.Ad-Hoc|iPhone.Deploy.0 = Release|x86
		{89FFFD89-0226-453A-AF80-5A367F57B49D}.Ad-Hoc|iPhoneSimulator.ActiveCfg = Release|x86
		{89FFFD89-0226-453A-AF80-5A367F57B49D}.Ad-Hoc|iPhoneSimulator.Build.0 = Release|x86
		{89FFFD89-0226-453A-AF80-5A367F57B49D}.Ad-Hoc|iPhoneSimulator.Deploy.0 = Release|x86
		{89FFFD89-0226-453A-AF80-5A367F57B49D}.Ad-Hoc|x64.ActiveCfg = Release|x64
		{89FFFD89-0226-453A-AF80-5A367F57B49D}.Ad-Hoc|x64.Build.0 = Release|x64
		{89FFFD89-0226-453A-AF80-5A367F57B49D}.Ad-Hoc|x64.Deploy.0 = Release|x64
		{89FFFD89-0226-453A-AF80-5A367F57B49D}.Ad-Hoc|x86.ActiveCfg = Release|x86
		{89FFFD89-0226-453A-AF80-5A367F57B49D}.Ad-Hoc|x86.Build.0 = Release|x86
		{89FFFD89-0226-453A-AF80-5A367F57B49D}.Ad-Hoc|x86.Deploy.0 = Release|x86
		{89FFFD89-0226-453A-AF80-5A367F57B49D}.AppStore|Any CPU.ActiveCfg = Release|x86
		{89FFFD89-0226-453A-AF80-5A367F57B49D}.AppStore|Any CPU.Build.0 = Release|x86
		{89FFFD89-0226-453A-AF80-5A367F57B49D}.AppStore|Any CPU.Deploy.0 = Release|x86
		{89FFFD89-0226-453A-AF80-5A367F57B49D}.AppStore|ARM.ActiveCfg = Release|ARM
		{89FFFD89-0226-453A-AF80-5A367F57B49D}.AppStore|ARM.Build.0 = Release|ARM
		{89FFFD89-0226-453A-AF80-5A367F57B49D}.AppStore|ARM.Deploy.0 = Release|ARM
		{89FFFD89-0226-453A-AF80-5A367F57B49D}.AppStore|iPhone.ActiveCfg = Release|x86
		{89FFFD89-0226-453A-AF80-5A367F57B49D}.AppStore|iPhone.Build.0 = Release|x86
		{89FFFD89-0226-453A-AF80-5A367F57B49D}.AppStore|iPhone.Deploy.0 = Release|x86
		{89FFFD89-0226-453A-AF80-5A367F57B49D}.AppStore|iPhoneSimulator.ActiveCfg = Release|x86
		{89FFFD89-0226-453A-AF80-5A367F57B49D}.AppStore|iPhoneSimulator.Build.0 = Release|x86
		{89FFFD89-0226-453A-AF80-5A367F57B49D}.AppStore|iPhoneSimulator.Deploy.0 = Release|x86
		{89FFFD89-0226-453A-AF80-5A367F57B49D}.AppStore|x64.ActiveCfg = Release|x64
		{89FFFD89-0226-453A-AF80-5A367F57B49D}.AppStore|x64.Build.0 = Release|x64
		{89FFFD89-0226-453A-AF80-5A367F57B49D}.AppStore|x64.Deploy.0 = Release|x64
		{89FFFD89-0226-453A-AF80-5A367F57B49D}.AppStore|x86.ActiveCfg = Release|x86
		{89FFFD89-0226-453A-AF80-5A367F57B49D}.AppStore|x86.Build.0 = Release|x86
		{89FFFD89-0226-453A-AF80-5A367F57B49D}.AppStore|x86.Deploy.0 = Release|x86
		{89FFFD89-0226-453A-AF80-5A367F57B49D}.Debug|Any CPU.ActiveCfg = Debug|x86
		{89FFFD89-0226-453A-AF80-5A367F57B49D}.Debug|ARM.ActiveCfg = Debug|ARM
		{89FFFD89-0226-453A-AF80-5A367F57B49D}.Debug|ARM.Build.0 = Debug|ARM
		{89FFFD89-0226-453A-AF80-5A367F57B49D}.Debug|ARM.Deploy.0 = Debug|ARM
		{89FFFD89-0226-453A-AF80-5A367F57B49D}.Debug|iPhone.ActiveCfg = Debug|x86
		{89FFFD89-0226-453A-AF80-5A367F57B49D}.Debug|iPhoneSimulator.ActiveCfg = Debug|x86
		{89FFFD89-0226-453A-AF80-5A367F57B49D}.Debug|x64.ActiveCfg = Debug|x64
		{89FFFD89-0226-453A-AF80-5A367F57B49D}.Debug|x64.Build.0 = Debug|x64
		{89FFFD89-0226-453A-AF80-5A367F57B49D}.Debug|x64.Deploy.0 = Debug|x64
		{89FFFD89-0226-453A-AF80-5A367F57B49D}.Debug|x86.ActiveCfg = Debug|x86
		{89FFFD89-0226-453A-AF80-5A367F57B49D}.Debug|x86.Build.0 = Debug|x86
		{89FFFD89-0226-453A-AF80-5A367F57B49D}.Debug|x86.Deploy.0 = Debug|x86
		{89FFFD89-0226-453A-AF80-5A367F57B49D}.Release|Any CPU.ActiveCfg = Release|x86
		{89FFFD89-0226-453A-AF80-5A367F57B49D}.Release|ARM.ActiveCfg = Release|ARM
		{89FFFD89-0226-453A-AF80-5A367F57B49D}.Release|ARM.Build.0 = Release|ARM
		{89FFFD89-0226-453A-AF80-5A367F57B49D}.Release|ARM.Deploy.0 = Release|ARM
		{89FFFD89-0226-453A-AF80-5A367F57B49D}.Release|iPhone.ActiveCfg = Release|x86
		{89FFFD89-0226-453A-AF80-5A367F57B49D}.Release|iPhoneSimulator.ActiveCfg = Release|x86
		{89FFFD89-0226-453A-AF80-5A367F57B49D}.Release|x64.ActiveCfg = Release|x64
		{89FFFD89-0226-453A-AF80-5A367F57B49D}.Release|x64.Build.0 = Release|x64
		{89FFFD89-0226-453A-AF80-5A367F57B49D}.Release|x64.Deploy.0 = Release|x64
		{89FFFD89-0226-453A-AF80-5A367F57B49D}.Release|x86.ActiveCfg = Release|x86
		{89FFFD89-0226-453A-AF80-5A367F57B49D}.Release|x86.Build.0 = Release|x86
		{89FFFD89-0226-453A-AF80-5A367F57B49D}.Release|x86.Deploy.0 = Release|x86
	EndGlobalSection
	GlobalSection(SolutionProperties) = preSolution
		HideSolutionNode = FALSE
	EndGlobalSection
	GlobalSection(ExtensibilityGlobals) = postSolution
		SolutionGuid = {91283092-1DE8-4B96-8C55-725561797295}
	EndGlobalSection
EndGlobal
