
Microsoft Visual Studio Solution File, Format Version 12.00
# Visual Studio 15
VisualStudioVersion = 15.0.27428.2043
MinimumVisualStudioVersion = 10.0.40219.1
Project("{FAE04EC0-301F-11D3-BF4B-00C04F79EFBC}") = "XFSkiaSharp", "XFSkiaSharp\XFSkiaSharp\XFSkiaSharp.csproj", "{12187DE9-80A8-4349-B628-5A962D6141CD}"
EndProject
Project("{FAE04EC0-301F-11D3-BF4B-00C04F79EFBC}") = "XFSkiaSharp.Android", "XFSkiaSharp\XFSkiaSharp.Android\XFSkiaSharp.Android.csproj", "{6ABE3DB9-E556-4030-AA0E-69D5A791ED2E}"
EndProject
Project("{FAE04EC0-301F-11D3-BF4B-00C04F79EFBC}") = "XFSkiaSharp.iOS", "XFSkiaSharp\XFSkiaSharp.iOS\XFSkiaSharp.iOS.csproj", "{182B0F87-1410-4356-935D-51E2B7B3CE38}"
EndProject
Project("{FAE04EC0-301F-11D3-BF4B-00C04F79EFBC}") = "XFSkiaSharp.UWP", "XFSkiaSharp\XFSkiaSharp.UWP\XFSkiaSharp.UWP.csproj", "{C27D915D-AE1F-4ECF-BC7B-CD157F004622}"
EndProject
Global
	GlobalSection(SolutionConfigurationPlatforms) = preSolution
		Ad-Hoc|Any CPU = Ad-Hoc|Any CPU
		Ad-Hoc|ARM = Ad-Hoc|ARM
		Ad-Hoc|iPhone = Ad-Hoc|iPhone
		Ad-Hoc|iPhoneSimulator = Ad-Hoc|iPhoneSimulator
		Ad-Hoc|x64 = Ad-Hoc|x64
		Ad-Hoc|x86 = Ad-Hoc|x86
		AppStore|Any CPU = AppStore|Any CPU
		AppStore|ARM = AppStore|ARM
		AppStore|iPhone = AppStore|iPhone
		AppStore|iPhoneSimulator = AppStore|iPhoneSimulator
		AppStore|x64 = AppStore|x64
		AppStore|x86 = AppStore|x86
		Debug|Any CPU = Debug|Any CPU
		Debug|ARM = Debug|ARM
		Debug|iPhone = Debug|iPhone
		Debug|iPhoneSimulator = Debug|iPhoneSimulator
		Debug|x64 = Debug|x64
		Debug|x86 = Debug|x86
		Release|Any CPU = Release|Any CPU
		Release|ARM = Release|ARM
		Release|iPhone = Release|iPhone
		Release|iPhoneSimulator = Release|iPhoneSimulator
		Release|x64 = Release|x64
		Release|x86 = Release|x86
	EndGlobalSection
	GlobalSection(ProjectConfigurationPlatforms) = postSolution
		{12187DE9-80A8-4349-B628-5A962D6141CD}.Ad-Hoc|Any CPU.ActiveCfg = Debug|Any CPU
		{12187DE9-80A8-4349-B628-5A962D6141CD}.Ad-Hoc|Any CPU.Build.0 = Debug|Any CPU
		{12187DE9-80A8-4349-B628-5A962D6141CD}.Ad-Hoc|ARM.ActiveCfg = Debug|Any CPU
		{12187DE9-80A8-4349-B628-5A962D6141CD}.Ad-Hoc|ARM.Build.0 = Debug|Any CPU
		{12187DE9-80A8-4349-B628-5A962D6141CD}.Ad-Hoc|iPhone.ActiveCfg = Debug|Any CPU
		{12187DE9-80A8-4349-B628-5A962D6141CD}.Ad-Hoc|iPhone.Build.0 = Debug|Any CPU
		{12187DE9-80A8-4349-B628-5A962D6141CD}.Ad-Hoc|iPhoneSimulator.ActiveCfg = Debug|Any CPU
		{12187DE9-80A8-4349-B628-5A962D6141CD}.Ad-Hoc|iPhoneSimulator.Build.0 = Debug|Any CPU
		{12187DE9-80A8-4349-B628-5A962D6141CD}.Ad-Hoc|x64.ActiveCfg = Debug|Any CPU
		{12187DE9-80A8-4349-B628-5A962D6141CD}.Ad-Hoc|x64.Build.0 = Debug|Any CPU
		{12187DE9-80A8-4349-B628-5A962D6141CD}.Ad-Hoc|x86.ActiveCfg = Debug|Any CPU
		{12187DE9-80A8-4349-B628-5A962D6141CD}.Ad-Hoc|x86.Build.0 = Debug|Any CPU
		{12187DE9-80A8-4349-B628-5A962D6141CD}.AppStore|Any CPU.ActiveCfg = Debug|Any CPU
		{12187DE9-80A8-4349-B628-5A962D6141CD}.AppStore|Any CPU.Build.0 = Debug|Any CPU
		{12187DE9-80A8-4349-B628-5A962D6141CD}.AppStore|ARM.ActiveCfg = Debug|Any CPU
		{12187DE9-80A8-4349-B628-5A962D6141CD}.AppStore|ARM.Build.0 = Debug|Any CPU
		{12187DE9-80A8-4349-B628-5A962D6141CD}.AppStore|iPhone.ActiveCfg = Debug|Any CPU
		{12187DE9-80A8-4349-B628-5A962D6141CD}.AppStore|iPhone.Build.0 = Debug|Any CPU
		{12187DE9-80A8-4349-B628-5A962D6141CD}.AppStore|iPhoneSimulator.ActiveCfg = Debug|Any CPU
		{12187DE9-80A8-4349-B628-5A962D6141CD}.AppStore|iPhoneSimulator.Build.0 = Debug|Any CPU
		{12187DE9-80A8-4349-B628-5A962D6141CD}.AppStore|x64.ActiveCfg = Debug|Any CPU
		{12187DE9-80A8-4349-B628-5A962D6141CD}.AppStore|x64.Build.0 = Debug|Any CPU
		{12187DE9-80A8-4349-B628-5A962D6141CD}.AppStore|x86.ActiveCfg = Debug|Any CPU
		{12187DE9-80A8-4349-B628-5A962D6141CD}.AppStore|x86.Build.0 = Debug|Any CPU
		{12187DE9-80A8-4349-B628-5A962D6141CD}.Debug|Any CPU.ActiveCfg = Debug|Any CPU
		{12187DE9-80A8-4349-B628-5A962D6141CD}.Debug|Any CPU.Build.0 = Debug|Any CPU
		{12187DE9-80A8-4349-B628-5A962D6141CD}.Debug|ARM.ActiveCfg = Debug|Any CPU
		{12187DE9-80A8-4349-B628-5A962D6141CD}.Debug|ARM.Build.0 = Debug|Any CPU
		{12187DE9-80A8-4349-B628-5A962D6141CD}.Debug|iPhone.ActiveCfg = Debug|Any CPU
		{12187DE9-80A8-4349-B628-5A962D6141CD}.Debug|iPhone.Build.0 = Debug|Any CPU
		{12187DE9-80A8-4349-B628-5A962D6141CD}.Debug|iPhoneSimulator.ActiveCfg = Debug|Any CPU
		{12187DE9-80A8-4349-B628-5A962D6141CD}.Debug|iPhoneSimulator.Build.0 = Debug|Any CPU
		{12187DE9-80A8-4349-B628-5A962D6141CD}.Debug|x64.ActiveCfg = Debug|Any CPU
		{12187DE9-80A8-4349-B628-5A962D6141CD}.Debug|x64.Build.0 = Debug|Any CPU
		{12187DE9-80A8-4349-B628-5A962D6141CD}.Debug|x86.ActiveCfg = Debug|Any CPU
		{12187DE9-80A8-4349-B628-5A962D6141CD}.Debug|x86.Build.0 = Debug|Any CPU
		{12187DE9-80A8-4349-B628-5A962D6141CD}.Release|Any CPU.ActiveCfg = Release|Any CPU
		{12187DE9-80A8-4349-B628-5A962D6141CD}.Release|Any CPU.Build.0 = Release|Any CPU
		{12187DE9-80A8-4349-B628-5A962D6141CD}.Release|ARM.ActiveCfg = Release|Any CPU
		{12187DE9-80A8-4349-B628-5A962D6141CD}.Release|ARM.Build.0 = Release|Any CPU
		{12187DE9-80A8-4349-B628-5A962D6141CD}.Release|iPhone.ActiveCfg = Release|Any CPU
		{12187DE9-80A8-4349-B628-5A962D6141CD}.Release|iPhone.Build.0 = Release|Any CPU
		{12187DE9-80A8-4349-B628-5A962D6141CD}.Release|iPhoneSimulator.ActiveCfg = Release|Any CPU
		{12187DE9-80A8-4349-B628-5A962D6141CD}.Release|iPhoneSimulator.Build.0 = Release|Any CPU
		{12187DE9-80A8-4349-B628-5A962D6141CD}.Release|x64.ActiveCfg = Release|Any CPU
		{12187DE9-80A8-4349-B628-5A962D6141CD}.Release|x64.Build.0 = Release|Any CPU
		{12187DE9-80A8-4349-B628-5A962D6141CD}.Release|x86.ActiveCfg = Release|Any CPU
		{12187DE9-80A8-4349-B628-5A962D6141CD}.Release|x86.Build.0 = Release|Any CPU
		{6ABE3DB9-E556-4030-AA0E-69D5A791ED2E}.Ad-Hoc|Any CPU.ActiveCfg = Release|Any CPU
		{6ABE3DB9-E556-4030-AA0E-69D5A791ED2E}.Ad-Hoc|Any CPU.Build.0 = Release|Any CPU
		{6ABE3DB9-E556-4030-AA0E-69D5A791ED2E}.Ad-Hoc|Any CPU.Deploy.0 = Release|Any CPU
		{6ABE3DB9-E556-4030-AA0E-69D5A791ED2E}.Ad-Hoc|ARM.ActiveCfg = Release|Any CPU
		{6ABE3DB9-E556-4030-AA0E-69D5A791ED2E}.Ad-Hoc|ARM.Build.0 = Release|Any CPU
		{6ABE3DB9-E556-4030-AA0E-69D5A791ED2E}.Ad-Hoc|ARM.Deploy.0 = Release|Any CPU
		{6ABE3DB9-E556-4030-AA0E-69D5A791ED2E}.Ad-Hoc|iPhone.ActiveCfg = Release|Any CPU
		{6ABE3DB9-E556-4030-AA0E-69D5A791ED2E}.Ad-Hoc|iPhone.Build.0 = Release|Any CPU
		{6ABE3DB9-E556-4030-AA0E-69D5A791ED2E}.Ad-Hoc|iPhone.Deploy.0 = Release|Any CPU
		{6ABE3DB9-E556-4030-AA0E-69D5A791ED2E}.Ad-Hoc|iPhoneSimulator.ActiveCfg = Release|Any CPU
		{6ABE3DB9-E556-4030-AA0E-69D5A791ED2E}.Ad-Hoc|iPhoneSimulator.Build.0 = Release|Any CPU
		{6ABE3DB9-E556-4030-AA0E-69D5A791ED2E}.Ad-Hoc|iPhoneSimulator.Deploy.0 = Release|Any CPU
		{6ABE3DB9-E556-4030-AA0E-69D5A791ED2E}.Ad-Hoc|x64.ActiveCfg = Release|Any CPU
		{6ABE3DB9-E556-4030-AA0E-69D5A791ED2E}.Ad-Hoc|x64.Build.0 = Release|Any CPU
		{6ABE3DB9-E556-4030-AA0E-69D5A791ED2E}.Ad-Hoc|x64.Deploy.0 = Release|Any CPU
		{6ABE3DB9-E556-4030-AA0E-69D5A791ED2E}.Ad-Hoc|x86.ActiveCfg = Release|Any CPU
		{6ABE3DB9-E556-4030-AA0E-69D5A791ED2E}.Ad-Hoc|x86.Build.0 = Release|Any CPU
		{6ABE3DB9-E556-4030-AA0E-69D5A791ED2E}.Ad-Hoc|x86.Deploy.0 = Release|Any CPU
		{6ABE3DB9-E556-4030-AA0E-69D5A791ED2E}.AppStore|Any CPU.ActiveCfg = Release|Any CPU
		{6ABE3DB9-E556-4030-AA0E-69D5A791ED2E}.AppStore|Any CPU.Build.0 = Release|Any CPU
		{6ABE3DB9-E556-4030-AA0E-69D5A791ED2E}.AppStore|Any CPU.Deploy.0 = Release|Any CPU
		{6ABE3DB9-E556-4030-AA0E-69D5A791ED2E}.AppStore|ARM.ActiveCfg = Release|Any CPU
		{6ABE3DB9-E556-4030-AA0E-69D5A791ED2E}.AppStore|ARM.Build.0 = Release|Any CPU
		{6ABE3DB9-E556-4030-AA0E-69D5A791ED2E}.AppStore|ARM.Deploy.0 = Release|Any CPU
		{6ABE3DB9-E556-4030-AA0E-69D5A791ED2E}.AppStore|iPhone.ActiveCfg = Release|Any CPU
		{6ABE3DB9-E556-4030-AA0E-69D5A791ED2E}.AppStore|iPhone.Build.0 = Release|Any CPU
		{6ABE3DB9-E556-4030-AA0E-69D5A791ED2E}.AppStore|iPhone.Deploy.0 = Release|Any CPU
		{6ABE3DB9-E556-4030-AA0E-69D5A791ED2E}.AppStore|iPhoneSimulator.ActiveCfg = Release|Any CPU
		{6ABE3DB9-E556-4030-AA0E-69D5A791ED2E}.AppStore|iPhoneSimulator.Build.0 = Release|Any CPU
		{6ABE3DB9-E556-4030-AA0E-69D5A791ED2E}.AppStore|iPhoneSimulator.Deploy.0 = Release|Any CPU
		{6ABE3DB9-E556-4030-AA0E-69D5A791ED2E}.AppStore|x64.ActiveCfg = Release|Any CPU
		{6ABE3DB9-E556-4030-AA0E-69D5A791ED2E}.AppStore|x64.Build.0 = Release|Any CPU
		{6ABE3DB9-E556-4030-AA0E-69D5A791ED2E}.AppStore|x64.Deploy.0 = Release|Any CPU
		{6ABE3DB9-E556-4030-AA0E-69D5A791ED2E}.AppStore|x86.ActiveCfg = Release|Any CPU
		{6ABE3DB9-E556-4030-AA0E-69D5A791ED2E}.AppStore|x86.Build.0 = Release|Any CPU
		{6ABE3DB9-E556-4030-AA0E-69D5A791ED2E}.AppStore|x86.Deploy.0 = Release|Any CPU
		{6ABE3DB9-E556-4030-AA0E-69D5A791ED2E}.Debug|Any CPU.ActiveCfg = Debug|Any CPU
		{6ABE3DB9-E556-4030-AA0E-69D5A791ED2E}.Debug|Any CPU.Build.0 = Debug|Any CPU
		{6ABE3DB9-E556-4030-AA0E-69D5A791ED2E}.Debug|Any CPU.Deploy.0 = Debug|Any CPU
		{6ABE3DB9-E556-4030-AA0E-69D5A791ED2E}.Debug|ARM.ActiveCfg = Debug|Any CPU
		{6ABE3DB9-E556-4030-AA0E-69D5A791ED2E}.Debug|ARM.Build.0 = Debug|Any CPU
		{6ABE3DB9-E556-4030-AA0E-69D5A791ED2E}.Debug|ARM.Deploy.0 = Debug|Any CPU
		{6ABE3DB9-E556-4030-AA0E-69D5A791ED2E}.Debug|iPhone.ActiveCfg = Debug|Any CPU
		{6ABE3DB9-E556-4030-AA0E-69D5A791ED2E}.Debug|iPhone.Build.0 = Debug|Any CPU
		{6ABE3DB9-E556-4030-AA0E-69D5A791ED2E}.Debug|iPhone.Deploy.0 = Debug|Any CPU
		{6ABE3DB9-E556-4030-AA0E-69D5A791ED2E}.Debug|iPhoneSimulator.ActiveCfg = Debug|Any CPU
		{6ABE3DB9-E556-4030-AA0E-69D5A791ED2E}.Debug|iPhoneSimulator.Build.0 = Debug|Any CPU
		{6ABE3DB9-E556-4030-AA0E-69D5A791ED2E}.Debug|iPhoneSimulator.Deploy.0 = Debug|Any CPU
		{6ABE3DB9-E556-4030-AA0E-69D5A791ED2E}.Debug|x64.ActiveCfg = Debug|Any CPU
		{6ABE3DB9-E556-4030-AA0E-69D5A791ED2E}.Debug|x64.Build.0 = Debug|Any CPU
		{6ABE3DB9-E556-4030-AA0E-69D5A791ED2E}.Debug|x64.Deploy.0 = Debug|Any CPU
		{6ABE3DB9-E556-4030-AA0E-69D5A791ED2E}.Debug|x86.ActiveCfg = Debug|Any CPU
		{6ABE3DB9-E556-4030-AA0E-69D5A791ED2E}.Debug|x86.Build.0 = Debug|Any CPU
		{6ABE3DB9-E556-4030-AA0E-69D5A791ED2E}.Debug|x86.Deploy.0 = Debug|Any CPU
		{6ABE3DB9-E556-4030-AA0E-69D5A791ED2E}.Release|Any CPU.ActiveCfg = Release|Any CPU
		{6ABE3DB9-E556-4030-AA0E-69D5A791ED2E}.Release|Any CPU.Build.0 = Release|Any CPU
		{6ABE3DB9-E556-4030-AA0E-69D5A791ED2E}.Release|Any CPU.Deploy.0 = Release|Any CPU
		{6ABE3DB9-E556-4030-AA0E-69D5A791ED2E}.Release|ARM.ActiveCfg = Release|Any CPU
		{6ABE3DB9-E556-4030-AA0E-69D5A791ED2E}.Release|ARM.Build.0 = Release|Any CPU
		{6ABE3DB9-E556-4030-AA0E-69D5A791ED2E}.Release|ARM.Deploy.0 = Release|Any CPU
		{6ABE3DB9-E556-4030-AA0E-69D5A791ED2E}.Release|iPhone.ActiveCfg = Release|Any CPU
		{6ABE3DB9-E556-4030-AA0E-69D5A791ED2E}.Release|iPhone.Build.0 = Release|Any CPU
		{6ABE3DB9-E556-4030-AA0E-69D5A791ED2E}.Release|iPhone.Deploy.0 = Release|Any CPU
		{6ABE3DB9-E556-4030-AA0E-69D5A791ED2E}.Release|iPhoneSimulator.ActiveCfg = Release|Any CPU
		{6ABE3DB9-E556-4030-AA0E-69D5A791ED2E}.Release|iPhoneSimulator.Build.0 = Release|Any CPU
		{6ABE3DB9-E556-4030-AA0E-69D5A791ED2E}.Release|iPhoneSimulator.Deploy.0 = Release|Any CPU
		{6ABE3DB9-E556-4030-AA0E-69D5A791ED2E}.Release|x64.ActiveCfg = Release|Any CPU
		{6ABE3DB9-E556-4030-AA0E-69D5A791ED2E}.Release|x64.Build.0 = Release|Any CPU
		{6ABE3DB9-E556-4030-AA0E-69D5A791ED2E}.Release|x64.Deploy.0 = Release|Any CPU
		{6ABE3DB9-E556-4030-AA0E-69D5A791ED2E}.Release|x86.ActiveCfg = Release|Any CPU
		{6ABE3DB9-E556-4030-AA0E-69D5A791ED2E}.Release|x86.Build.0 = Release|Any CPU
		{6ABE3DB9-E556-4030-AA0E-69D5A791ED2E}.Release|x86.Deploy.0 = Release|Any CPU
		{182B0F87-1410-4356-935D-51E2B7B3CE38}.Ad-Hoc|Any CPU.ActiveCfg = Ad-Hoc|iPhone
		{182B0F87-1410-4356-935D-51E2B7B3CE38}.Ad-Hoc|ARM.ActiveCfg = Ad-Hoc|iPhone
		{182B0F87-1410-4356-935D-51E2B7B3CE38}.Ad-Hoc|iPhone.ActiveCfg = Ad-Hoc|iPhone
		{182B0F87-1410-4356-935D-51E2B7B3CE38}.Ad-Hoc|iPhone.Build.0 = Ad-Hoc|iPhone
		{182B0F87-1410-4356-935D-51E2B7B3CE38}.Ad-Hoc|iPhoneSimulator.ActiveCfg = Ad-Hoc|iPhoneSimulator
		{182B0F87-1410-4356-935D-51E2B7B3CE38}.Ad-Hoc|iPhoneSimulator.Build.0 = Ad-Hoc|iPhoneSimulator
		{182B0F87-1410-4356-935D-51E2B7B3CE38}.Ad-Hoc|x64.ActiveCfg = Ad-Hoc|iPhone
		{182B0F87-1410-4356-935D-51E2B7B3CE38}.Ad-Hoc|x86.ActiveCfg = Ad-Hoc|iPhone
		{182B0F87-1410-4356-935D-51E2B7B3CE38}.AppStore|Any CPU.ActiveCfg = AppStore|iPhone
		{182B0F87-1410-4356-935D-51E2B7B3CE38}.AppStore|ARM.ActiveCfg = AppStore|iPhone
		{182B0F87-1410-4356-935D-51E2B7B3CE38}.AppStore|iPhone.ActiveCfg = AppStore|iPhone
		{182B0F87-1410-4356-935D-51E2B7B3CE38}.AppStore|iPhone.Build.0 = AppStore|iPhone
		{182B0F87-1410-4356-935D-51E2B7B3CE38}.AppStore|iPhoneSimulator.ActiveCfg = AppStore|iPhoneSimulator
		{182B0F87-1410-4356-935D-51E2B7B3CE38}.AppStore|iPhoneSimulator.Build.0 = AppStore|iPhoneSimulator
		{182B0F87-1410-4356-935D-51E2B7B3CE38}.AppStore|x64.ActiveCfg = AppStore|iPhone
		{182B0F87-1410-4356-935D-51E2B7B3CE38}.AppStore|x86.ActiveCfg = AppStore|iPhone
		{182B0F87-1410-4356-935D-51E2B7B3CE38}.Debug|Any CPU.ActiveCfg = Debug|iPhone
		{182B0F87-1410-4356-935D-51E2B7B3CE38}.Debug|ARM.ActiveCfg = Debug|iPhone
		{182B0F87-1410-4356-935D-51E2B7B3CE38}.Debug|iPhone.ActiveCfg = Debug|iPhone
		{182B0F87-1410-4356-935D-51E2B7B3CE38}.Debug|iPhone.Build.0 = Debug|iPhone
		{182B0F87-1410-4356-935D-51E2B7B3CE38}.Debug|iPhoneSimulator.ActiveCfg = Debug|iPhoneSimulator
		{182B0F87-1410-4356-935D-51E2B7B3CE38}.Debug|iPhoneSimulator.Build.0 = Debug|iPhoneSimulator
		{182B0F87-1410-4356-935D-51E2B7B3CE38}.Debug|x64.ActiveCfg = Debug|iPhone
		{182B0F87-1410-4356-935D-51E2B7B3CE38}.Debug|x86.ActiveCfg = Debug|iPhone
		{182B0F87-1410-4356-935D-51E2B7B3CE38}.Release|Any CPU.ActiveCfg = Release|iPhone
		{182B0F87-1410-4356-935D-51E2B7B3CE38}.Release|ARM.ActiveCfg = Release|iPhone
		{182B0F87-1410-4356-935D-51E2B7B3CE38}.Release|iPhone.ActiveCfg = Release|iPhone
		{182B0F87-1410-4356-935D-51E2B7B3CE38}.Release|iPhone.Build.0 = Release|iPhone
		{182B0F87-1410-4356-935D-51E2B7B3CE38}.Release|iPhoneSimulator.ActiveCfg = Release|iPhoneSimulator
		{182B0F87-1410-4356-935D-51E2B7B3CE38}.Release|iPhoneSimulator.Build.0 = Release|iPhoneSimulator
		{182B0F87-1410-4356-935D-51E2B7B3CE38}.Release|x64.ActiveCfg = Release|iPhone
		{182B0F87-1410-4356-935D-51E2B7B3CE38}.Release|x86.ActiveCfg = Release|iPhone
		{C27D915D-AE1F-4ECF-BC7B-CD157F004622}.Ad-Hoc|Any CPU.ActiveCfg = Release|x86
		{C27D915D-AE1F-4ECF-BC7B-CD157F004622}.Ad-Hoc|Any CPU.Build.0 = Release|x86
		{C27D915D-AE1F-4ECF-BC7B-CD157F004622}.Ad-Hoc|Any CPU.Deploy.0 = Release|x86
		{C27D915D-AE1F-4ECF-BC7B-CD157F004622}.Ad-Hoc|ARM.ActiveCfg = Release|ARM
		{C27D915D-AE1F-4ECF-BC7B-CD157F004622}.Ad-Hoc|ARM.Build.0 = Release|ARM
		{C27D915D-AE1F-4ECF-BC7B-CD157F004622}.Ad-Hoc|ARM.Deploy.0 = Release|ARM
		{C27D915D-AE1F-4ECF-BC7B-CD157F004622}.Ad-Hoc|iPhone.ActiveCfg = Release|x86
		{C27D915D-AE1F-4ECF-BC7B-CD157F004622}.Ad-Hoc|iPhone.Build.0 = Release|x86
		{C27D915D-AE1F-4ECF-BC7B-CD157F004622}.Ad-Hoc|iPhone.Deploy.0 = Release|x86
		{C27D915D-AE1F-4ECF-BC7B-CD157F004622}.Ad-Hoc|iPhoneSimulator.ActiveCfg = Release|x86
		{C27D915D-AE1F-4ECF-BC7B-CD157F004622}.Ad-Hoc|iPhoneSimulator.Build.0 = Release|x86
		{C27D915D-AE1F-4ECF-BC7B-CD157F004622}.Ad-Hoc|iPhoneSimulator.Deploy.0 = Release|x86
		{C27D915D-AE1F-4ECF-BC7B-CD157F004622}.Ad-Hoc|x64.ActiveCfg = Release|x64
		{C27D915D-AE1F-4ECF-BC7B-CD157F004622}.Ad-Hoc|x64.Build.0 = Release|x64
		{C27D915D-AE1F-4ECF-BC7B-CD157F004622}.Ad-Hoc|x64.Deploy.0 = Release|x64
		{C27D915D-AE1F-4ECF-BC7B-CD157F004622}.Ad-Hoc|x86.ActiveCfg = Release|x86
		{C27D915D-AE1F-4ECF-BC7B-CD157F004622}.Ad-Hoc|x86.Build.0 = Release|x86
		{C27D915D-AE1F-4ECF-BC7B-CD157F004622}.Ad-Hoc|x86.Deploy.0 = Release|x86
		{C27D915D-AE1F-4ECF-BC7B-CD157F004622}.AppStore|Any CPU.ActiveCfg = Release|x86
		{C27D915D-AE1F-4ECF-BC7B-CD157F004622}.AppStore|Any CPU.Build.0 = Release|x86
		{C27D915D-AE1F-4ECF-BC7B-CD157F004622}.AppStore|Any CPU.Deploy.0 = Release|x86
		{C27D915D-AE1F-4ECF-BC7B-CD157F004622}.AppStore|ARM.ActiveCfg = Release|ARM
		{C27D915D-AE1F-4ECF-BC7B-CD157F004622}.AppStore|ARM.Build.0 = Release|ARM
		{C27D915D-AE1F-4ECF-BC7B-CD157F004622}.AppStore|ARM.Deploy.0 = Release|ARM
		{C27D915D-AE1F-4ECF-BC7B-CD157F004622}.AppStore|iPhone.ActiveCfg = Release|x86
		{C27D915D-AE1F-4ECF-BC7B-CD157F004622}.AppStore|iPhone.Build.0 = Release|x86
		{C27D915D-AE1F-4ECF-BC7B-CD157F004622}.AppStore|iPhone.Deploy.0 = Release|x86
		{C27D915D-AE1F-4ECF-BC7B-CD157F004622}.AppStore|iPhoneSimulator.ActiveCfg = Release|x86
		{C27D915D-AE1F-4ECF-BC7B-CD157F004622}.AppStore|iPhoneSimulator.Build.0 = Release|x86
		{C27D915D-AE1F-4ECF-BC7B-CD157F004622}.AppStore|iPhoneSimulator.Deploy.0 = Release|x86
		{C27D915D-AE1F-4ECF-BC7B-CD157F004622}.AppStore|x64.ActiveCfg = Release|x64
		{C27D915D-AE1F-4ECF-BC7B-CD157F004622}.AppStore|x64.Build.0 = Release|x64
		{C27D915D-AE1F-4ECF-BC7B-CD157F004622}.AppStore|x64.Deploy.0 = Release|x64
		{C27D915D-AE1F-4ECF-BC7B-CD157F004622}.AppStore|x86.ActiveCfg = Release|x86
		{C27D915D-AE1F-4ECF-BC7B-CD157F004622}.AppStore|x86.Build.0 = Release|x86
		{C27D915D-AE1F-4ECF-BC7B-CD157F004622}.AppStore|x86.Deploy.0 = Release|x86
		{C27D915D-AE1F-4ECF-BC7B-CD157F004622}.Debug|Any CPU.ActiveCfg = Debug|x86
		{C27D915D-AE1F-4ECF-BC7B-CD157F004622}.Debug|ARM.ActiveCfg = Debug|ARM
		{C27D915D-AE1F-4ECF-BC7B-CD157F004622}.Debug|ARM.Build.0 = Debug|ARM
		{C27D915D-AE1F-4ECF-BC7B-CD157F004622}.Debug|ARM.Deploy.0 = Debug|ARM
		{C27D915D-AE1F-4ECF-BC7B-CD157F004622}.Debug|iPhone.ActiveCfg = Debug|x86
		{C27D915D-AE1F-4ECF-BC7B-CD157F004622}.Debug|iPhoneSimulator.ActiveCfg = Debug|x86
		{C27D915D-AE1F-4ECF-BC7B-CD157F004622}.Debug|x64.ActiveCfg = Debug|x64
		{C27D915D-AE1F-4ECF-BC7B-CD157F004622}.Debug|x64.Build.0 = Debug|x64
		{C27D915D-AE1F-4ECF-BC7B-CD157F004622}.Debug|x64.Deploy.0 = Debug|x64
		{C27D915D-AE1F-4ECF-BC7B-CD157F004622}.Debug|x86.ActiveCfg = Debug|x86
		{C27D915D-AE1F-4ECF-BC7B-CD157F004622}.Debug|x86.Build.0 = Debug|x86
		{C27D915D-AE1F-4ECF-BC7B-CD157F004622}.Debug|x86.Deploy.0 = Debug|x86
		{C27D915D-AE1F-4ECF-BC7B-CD157F004622}.Release|Any CPU.ActiveCfg = Release|x86
		{C27D915D-AE1F-4ECF-BC7B-CD157F004622}.Release|ARM.ActiveCfg = Release|ARM
		{C27D915D-AE1F-4ECF-BC7B-CD157F004622}.Release|ARM.Build.0 = Release|ARM
		{C27D915D-AE1F-4ECF-BC7B-CD157F004622}.Release|ARM.Deploy.0 = Release|ARM
		{C27D915D-AE1F-4ECF-BC7B-CD157F004622}.Release|iPhone.ActiveCfg = Release|x86
		{C27D915D-AE1F-4ECF-BC7B-CD157F004622}.Release|iPhoneSimulator.ActiveCfg = Release|x86
		{C27D915D-AE1F-4ECF-BC7B-CD157F004622}.Release|x64.ActiveCfg = Release|x64
		{C27D915D-AE1F-4ECF-BC7B-CD157F004622}.Release|x64.Build.0 = Release|x64
		{C27D915D-AE1F-4ECF-BC7B-CD157F004622}.Release|x64.Deploy.0 = Release|x64
		{C27D915D-AE1F-4ECF-BC7B-CD157F004622}.Release|x86.ActiveCfg = Release|x86
		{C27D915D-AE1F-4ECF-BC7B-CD157F004622}.Release|x86.Build.0 = Release|x86
		{C27D915D-AE1F-4ECF-BC7B-CD157F004622}.Release|x86.Deploy.0 = Release|x86
	EndGlobalSection
	GlobalSection(SolutionProperties) = preSolution
		HideSolutionNode = FALSE
	EndGlobalSection
	GlobalSection(ExtensibilityGlobals) = postSolution
		SolutionGuid = {22B7B040-EDF5-47A7-A4FD-0CB0032123D5}
	EndGlobalSection
EndGlobal
