
Microsoft Visual Studio Solution File, Format Version 12.00
# Visual Studio 15
VisualStudioVersion = 15.0.27703.2018
MinimumVisualStudioVersion = 10.0.40219.1
Project("{FAE04EC0-301F-11D3-BF4B-00C04F79EFBC}") = "XFESDeviceInformation", "XFESDeviceInformation\XFESDeviceInformation\XFESDeviceInformation.csproj", "{8CC46C80-8461-47D6-8B47-2118285A8373}"
EndProject
Project("{FAE04EC0-301F-11D3-BF4B-00C04F79EFBC}") = "XFESDeviceInformation.Android", "XFESDeviceInformation\XFESDeviceInformation.Android\XFESDeviceInformation.Android.csproj", "{A62BDB3E-85E7-499B-AB07-0D16D715BA2C}"
EndProject
Project("{FAE04EC0-301F-11D3-BF4B-00C04F79EFBC}") = "XFESDeviceInformation.iOS", "XFESDeviceInformation\XFESDeviceInformation.iOS\XFESDeviceInformation.iOS.csproj", "{9D47E186-3D35-43D6-B2FE-6ECF50E38D72}"
EndProject
Project("{FAE04EC0-301F-11D3-BF4B-00C04F79EFBC}") = "XFESDeviceInformation.UWP", "XFESDeviceInformation\XFESDeviceInformation.UWP\XFESDeviceInformation.UWP.csproj", "{5956B2B9-4158-4AB0-830E-64587D61FE2B}"
EndProject
Global
	GlobalSection(SolutionConfigurationPlatforms) = preSolution
		Ad-Hoc|Any CPU = Ad-Hoc|Any CPU
		Ad-Hoc|ARM = Ad-Hoc|ARM
		Ad-Hoc|iPhone = Ad-Hoc|iPhone
		Ad-Hoc|iPhoneSimulator = Ad-Hoc|iPhoneSimulator
		Ad-Hoc|x64 = Ad-Hoc|x64
		Ad-Hoc|x86 = Ad-Hoc|x86
		AppStore|Any CPU = AppStore|Any CPU
		AppStore|ARM = AppStore|ARM
		AppStore|iPhone = AppStore|iPhone
		AppStore|iPhoneSimulator = AppStore|iPhoneSimulator
		AppStore|x64 = AppStore|x64
		AppStore|x86 = AppStore|x86
		Debug|Any CPU = Debug|Any CPU
		Debug|ARM = Debug|ARM
		Debug|iPhone = Debug|iPhone
		Debug|iPhoneSimulator = Debug|iPhoneSimulator
		Debug|x64 = Debug|x64
		Debug|x86 = Debug|x86
		Release|Any CPU = Release|Any CPU
		Release|ARM = Release|ARM
		Release|iPhone = Release|iPhone
		Release|iPhoneSimulator = Release|iPhoneSimulator
		Release|x64 = Release|x64
		Release|x86 = Release|x86
	EndGlobalSection
	GlobalSection(ProjectConfigurationPlatforms) = postSolution
		{8CC46C80-8461-47D6-8B47-2118285A8373}.Ad-Hoc|Any CPU.ActiveCfg = Debug|Any CPU
		{8CC46C80-8461-47D6-8B47-2118285A8373}.Ad-Hoc|Any CPU.Build.0 = Debug|Any CPU
		{8CC46C80-8461-47D6-8B47-2118285A8373}.Ad-Hoc|ARM.ActiveCfg = Debug|Any CPU
		{8CC46C80-8461-47D6-8B47-2118285A8373}.Ad-Hoc|ARM.Build.0 = Debug|Any CPU
		{8CC46C80-8461-47D6-8B47-2118285A8373}.Ad-Hoc|iPhone.ActiveCfg = Debug|Any CPU
		{8CC46C80-8461-47D6-8B47-2118285A8373}.Ad-Hoc|iPhone.Build.0 = Debug|Any CPU
		{8CC46C80-8461-47D6-8B47-2118285A8373}.Ad-Hoc|iPhoneSimulator.ActiveCfg = Debug|Any CPU
		{8CC46C80-8461-47D6-8B47-2118285A8373}.Ad-Hoc|iPhoneSimulator.Build.0 = Debug|Any CPU
		{8CC46C80-8461-47D6-8B47-2118285A8373}.Ad-Hoc|x64.ActiveCfg = Debug|Any CPU
		{8CC46C80-8461-47D6-8B47-2118285A8373}.Ad-Hoc|x64.Build.0 = Debug|Any CPU
		{8CC46C80-8461-47D6-8B47-2118285A8373}.Ad-Hoc|x86.ActiveCfg = Debug|Any CPU
		{8CC46C80-8461-47D6-8B47-2118285A8373}.Ad-Hoc|x86.Build.0 = Debug|Any CPU
		{8CC46C80-8461-47D6-8B47-2118285A8373}.AppStore|Any CPU.ActiveCfg = Debug|Any CPU
		{8CC46C80-8461-47D6-8B47-2118285A8373}.AppStore|Any CPU.Build.0 = Debug|Any CPU
		{8CC46C80-8461-47D6-8B47-2118285A8373}.AppStore|ARM.ActiveCfg = Debug|Any CPU
		{8CC46C80-8461-47D6-8B47-2118285A8373}.AppStore|ARM.Build.0 = Debug|Any CPU
		{8CC46C80-8461-47D6-8B47-2118285A8373}.AppStore|iPhone.ActiveCfg = Debug|Any CPU
		{8CC46C80-8461-47D6-8B47-2118285A8373}.AppStore|iPhone.Build.0 = Debug|Any CPU
		{8CC46C80-8461-47D6-8B47-2118285A8373}.AppStore|iPhoneSimulator.ActiveCfg = Debug|Any CPU
		{8CC46C80-8461-47D6-8B47-2118285A8373}.AppStore|iPhoneSimulator.Build.0 = Debug|Any CPU
		{8CC46C80-8461-47D6-8B47-2118285A8373}.AppStore|x64.ActiveCfg = Debug|Any CPU
		{8CC46C80-8461-47D6-8B47-2118285A8373}.AppStore|x64.Build.0 = Debug|Any CPU
		{8CC46C80-8461-47D6-8B47-2118285A8373}.AppStore|x86.ActiveCfg = Debug|Any CPU
		{8CC46C80-8461-47D6-8B47-2118285A8373}.AppStore|x86.Build.0 = Debug|Any CPU
		{8CC46C80-8461-47D6-8B47-2118285A8373}.Debug|Any CPU.ActiveCfg = Debug|Any CPU
		{8CC46C80-8461-47D6-8B47-2118285A8373}.Debug|Any CPU.Build.0 = Debug|Any CPU
		{8CC46C80-8461-47D6-8B47-2118285A8373}.Debug|ARM.ActiveCfg = Debug|Any CPU
		{8CC46C80-8461-47D6-8B47-2118285A8373}.Debug|ARM.Build.0 = Debug|Any CPU
		{8CC46C80-8461-47D6-8B47-2118285A8373}.Debug|iPhone.ActiveCfg = Debug|Any CPU
		{8CC46C80-8461-47D6-8B47-2118285A8373}.Debug|iPhone.Build.0 = Debug|Any CPU
		{8CC46C80-8461-47D6-8B47-2118285A8373}.Debug|iPhoneSimulator.ActiveCfg = Debug|Any CPU
		{8CC46C80-8461-47D6-8B47-2118285A8373}.Debug|iPhoneSimulator.Build.0 = Debug|Any CPU
		{8CC46C80-8461-47D6-8B47-2118285A8373}.Debug|x64.ActiveCfg = Debug|Any CPU
		{8CC46C80-8461-47D6-8B47-2118285A8373}.Debug|x64.Build.0 = Debug|Any CPU
		{8CC46C80-8461-47D6-8B47-2118285A8373}.Debug|x86.ActiveCfg = Debug|Any CPU
		{8CC46C80-8461-47D6-8B47-2118285A8373}.Debug|x86.Build.0 = Debug|Any CPU
		{8CC46C80-8461-47D6-8B47-2118285A8373}.Release|Any CPU.ActiveCfg = Release|Any CPU
		{8CC46C80-8461-47D6-8B47-2118285A8373}.Release|Any CPU.Build.0 = Release|Any CPU
		{8CC46C80-8461-47D6-8B47-2118285A8373}.Release|ARM.ActiveCfg = Release|Any CPU
		{8CC46C80-8461-47D6-8B47-2118285A8373}.Release|ARM.Build.0 = Release|Any CPU
		{8CC46C80-8461-47D6-8B47-2118285A8373}.Release|iPhone.ActiveCfg = Release|Any CPU
		{8CC46C80-8461-47D6-8B47-2118285A8373}.Release|iPhone.Build.0 = Release|Any CPU
		{8CC46C80-8461-47D6-8B47-2118285A8373}.Release|iPhoneSimulator.ActiveCfg = Release|Any CPU
		{8CC46C80-8461-47D6-8B47-2118285A8373}.Release|iPhoneSimulator.Build.0 = Release|Any CPU
		{8CC46C80-8461-47D6-8B47-2118285A8373}.Release|x64.ActiveCfg = Release|Any CPU
		{8CC46C80-8461-47D6-8B47-2118285A8373}.Release|x64.Build.0 = Release|Any CPU
		{8CC46C80-8461-47D6-8B47-2118285A8373}.Release|x86.ActiveCfg = Release|Any CPU
		{8CC46C80-8461-47D6-8B47-2118285A8373}.Release|x86.Build.0 = Release|Any CPU
		{A62BDB3E-85E7-499B-AB07-0D16D715BA2C}.Ad-Hoc|Any CPU.ActiveCfg = Release|Any CPU
		{A62BDB3E-85E7-499B-AB07-0D16D715BA2C}.Ad-Hoc|Any CPU.Build.0 = Release|Any CPU
		{A62BDB3E-85E7-499B-AB07-0D16D715BA2C}.Ad-Hoc|Any CPU.Deploy.0 = Release|Any CPU
		{A62BDB3E-85E7-499B-AB07-0D16D715BA2C}.Ad-Hoc|ARM.ActiveCfg = Release|Any CPU
		{A62BDB3E-85E7-499B-AB07-0D16D715BA2C}.Ad-Hoc|ARM.Build.0 = Release|Any CPU
		{A62BDB3E-85E7-499B-AB07-0D16D715BA2C}.Ad-Hoc|ARM.Deploy.0 = Release|Any CPU
		{A62BDB3E-85E7-499B-AB07-0D16D715BA2C}.Ad-Hoc|iPhone.ActiveCfg = Release|Any CPU
		{A62BDB3E-85E7-499B-AB07-0D16D715BA2C}.Ad-Hoc|iPhone.Build.0 = Release|Any CPU
		{A62BDB3E-85E7-499B-AB07-0D16D715BA2C}.Ad-Hoc|iPhone.Deploy.0 = Release|Any CPU
		{A62BDB3E-85E7-499B-AB07-0D16D715BA2C}.Ad-Hoc|iPhoneSimulator.ActiveCfg = Release|Any CPU
		{A62BDB3E-85E7-499B-AB07-0D16D715BA2C}.Ad-Hoc|iPhoneSimulator.Build.0 = Release|Any CPU
		{A62BDB3E-85E7-499B-AB07-0D16D715BA2C}.Ad-Hoc|iPhoneSimulator.Deploy.0 = Release|Any CPU
		{A62BDB3E-85E7-499B-AB07-0D16D715BA2C}.Ad-Hoc|x64.ActiveCfg = Release|Any CPU
		{A62BDB3E-85E7-499B-AB07-0D16D715BA2C}.Ad-Hoc|x64.Build.0 = Release|Any CPU
		{A62BDB3E-85E7-499B-AB07-0D16D715BA2C}.Ad-Hoc|x64.Deploy.0 = Release|Any CPU
		{A62BDB3E-85E7-499B-AB07-0D16D715BA2C}.Ad-Hoc|x86.ActiveCfg = Release|Any CPU
		{A62BDB3E-85E7-499B-AB07-0D16D715BA2C}.Ad-Hoc|x86.Build.0 = Release|Any CPU
		{A62BDB3E-85E7-499B-AB07-0D16D715BA2C}.Ad-Hoc|x86.Deploy.0 = Release|Any CPU
		{A62BDB3E-85E7-499B-AB07-0D16D715BA2C}.AppStore|Any CPU.ActiveCfg = Release|Any CPU
		{A62BDB3E-85E7-499B-AB07-0D16D715BA2C}.AppStore|Any CPU.Build.0 = Release|Any CPU
		{A62BDB3E-85E7-499B-AB07-0D16D715BA2C}.AppStore|Any CPU.Deploy.0 = Release|Any CPU
		{A62BDB3E-85E7-499B-AB07-0D16D715BA2C}.AppStore|ARM.ActiveCfg = Release|Any CPU
		{A62BDB3E-85E7-499B-AB07-0D16D715BA2C}.AppStore|ARM.Build.0 = Release|Any CPU
		{A62BDB3E-85E7-499B-AB07-0D16D715BA2C}.AppStore|ARM.Deploy.0 = Release|Any CPU
		{A62BDB3E-85E7-499B-AB07-0D16D715BA2C}.AppStore|iPhone.ActiveCfg = Release|Any CPU
		{A62BDB3E-85E7-499B-AB07-0D16D715BA2C}.AppStore|iPhone.Build.0 = Release|Any CPU
		{A62BDB3E-85E7-499B-AB07-0D16D715BA2C}.AppStore|iPhone.Deploy.0 = Release|Any CPU
		{A62BDB3E-85E7-499B-AB07-0D16D715BA2C}.AppStore|iPhoneSimulator.ActiveCfg = Release|Any CPU
		{A62BDB3E-85E7-499B-AB07-0D16D715BA2C}.AppStore|iPhoneSimulator.Build.0 = Release|Any CPU
		{A62BDB3E-85E7-499B-AB07-0D16D715BA2C}.AppStore|iPhoneSimulator.Deploy.0 = Release|Any CPU
		{A62BDB3E-85E7-499B-AB07-0D16D715BA2C}.AppStore|x64.ActiveCfg = Release|Any CPU
		{A62BDB3E-85E7-499B-AB07-0D16D715BA2C}.AppStore|x64.Build.0 = Release|Any CPU
		{A62BDB3E-85E7-499B-AB07-0D16D715BA2C}.AppStore|x64.Deploy.0 = Release|Any CPU
		{A62BDB3E-85E7-499B-AB07-0D16D715BA2C}.AppStore|x86.ActiveCfg = Release|Any CPU
		{A62BDB3E-85E7-499B-AB07-0D16D715BA2C}.AppStore|x86.Build.0 = Release|Any CPU
		{A62BDB3E-85E7-499B-AB07-0D16D715BA2C}.AppStore|x86.Deploy.0 = Release|Any CPU
		{A62BDB3E-85E7-499B-AB07-0D16D715BA2C}.Debug|Any CPU.ActiveCfg = Debug|Any CPU
		{A62BDB3E-85E7-499B-AB07-0D16D715BA2C}.Debug|Any CPU.Build.0 = Debug|Any CPU
		{A62BDB3E-85E7-499B-AB07-0D16D715BA2C}.Debug|Any CPU.Deploy.0 = Debug|Any CPU
		{A62BDB3E-85E7-499B-AB07-0D16D715BA2C}.Debug|ARM.ActiveCfg = Debug|Any CPU
		{A62BDB3E-85E7-499B-AB07-0D16D715BA2C}.Debug|ARM.Build.0 = Debug|Any CPU
		{A62BDB3E-85E7-499B-AB07-0D16D715BA2C}.Debug|ARM.Deploy.0 = Debug|Any CPU
		{A62BDB3E-85E7-499B-AB07-0D16D715BA2C}.Debug|iPhone.ActiveCfg = Debug|Any CPU
		{A62BDB3E-85E7-499B-AB07-0D16D715BA2C}.Debug|iPhone.Build.0 = Debug|Any CPU
		{A62BDB3E-85E7-499B-AB07-0D16D715BA2C}.Debug|iPhone.Deploy.0 = Debug|Any CPU
		{A62BDB3E-85E7-499B-AB07-0D16D715BA2C}.Debug|iPhoneSimulator.ActiveCfg = Debug|Any CPU
		{A62BDB3E-85E7-499B-AB07-0D16D715BA2C}.Debug|iPhoneSimulator.Build.0 = Debug|Any CPU
		{A62BDB3E-85E7-499B-AB07-0D16D715BA2C}.Debug|iPhoneSimulator.Deploy.0 = Debug|Any CPU
		{A62BDB3E-85E7-499B-AB07-0D16D715BA2C}.Debug|x64.ActiveCfg = Debug|Any CPU
		{A62BDB3E-85E7-499B-AB07-0D16D715BA2C}.Debug|x64.Build.0 = Debug|Any CPU
		{A62BDB3E-85E7-499B-AB07-0D16D715BA2C}.Debug|x64.Deploy.0 = Debug|Any CPU
		{A62BDB3E-85E7-499B-AB07-0D16D715BA2C}.Debug|x86.ActiveCfg = Debug|Any CPU
		{A62BDB3E-85E7-499B-AB07-0D16D715BA2C}.Debug|x86.Build.0 = Debug|Any CPU
		{A62BDB3E-85E7-499B-AB07-0D16D715BA2C}.Debug|x86.Deploy.0 = Debug|Any CPU
		{A62BDB3E-85E7-499B-AB07-0D16D715BA2C}.Release|Any CPU.ActiveCfg = Release|Any CPU
		{A62BDB3E-85E7-499B-AB07-0D16D715BA2C}.Release|Any CPU.Build.0 = Release|Any CPU
		{A62BDB3E-85E7-499B-AB07-0D16D715BA2C}.Release|Any CPU.Deploy.0 = Release|Any CPU
		{A62BDB3E-85E7-499B-AB07-0D16D715BA2C}.Release|ARM.ActiveCfg = Release|Any CPU
		{A62BDB3E-85E7-499B-AB07-0D16D715BA2C}.Release|ARM.Build.0 = Release|Any CPU
		{A62BDB3E-85E7-499B-AB07-0D16D715BA2C}.Release|ARM.Deploy.0 = Release|Any CPU
		{A62BDB3E-85E7-499B-AB07-0D16D715BA2C}.Release|iPhone.ActiveCfg = Release|Any CPU
		{A62BDB3E-85E7-499B-AB07-0D16D715BA2C}.Release|iPhone.Build.0 = Release|Any CPU
		{A62BDB3E-85E7-499B-AB07-0D16D715BA2C}.Release|iPhone.Deploy.0 = Release|Any CPU
		{A62BDB3E-85E7-499B-AB07-0D16D715BA2C}.Release|iPhoneSimulator.ActiveCfg = Release|Any CPU
		{A62BDB3E-85E7-499B-AB07-0D16D715BA2C}.Release|iPhoneSimulator.Build.0 = Release|Any CPU
		{A62BDB3E-85E7-499B-AB07-0D16D715BA2C}.Release|iPhoneSimulator.Deploy.0 = Release|Any CPU
		{A62BDB3E-85E7-499B-AB07-0D16D715BA2C}.Release|x64.ActiveCfg = Release|Any CPU
		{A62BDB3E-85E7-499B-AB07-0D16D715BA2C}.Release|x64.Build.0 = Release|Any CPU
		{A62BDB3E-85E7-499B-AB07-0D16D715BA2C}.Release|x64.Deploy.0 = Release|Any CPU
		{A62BDB3E-85E7-499B-AB07-0D16D715BA2C}.Release|x86.ActiveCfg = Release|Any CPU
		{A62BDB3E-85E7-499B-AB07-0D16D715BA2C}.Release|x86.Build.0 = Release|Any CPU
		{A62BDB3E-85E7-499B-AB07-0D16D715BA2C}.Release|x86.Deploy.0 = Release|Any CPU
		{9D47E186-3D35-43D6-B2FE-6ECF50E38D72}.Ad-Hoc|Any CPU.ActiveCfg = Ad-Hoc|iPhone
		{9D47E186-3D35-43D6-B2FE-6ECF50E38D72}.Ad-Hoc|ARM.ActiveCfg = Ad-Hoc|iPhone
		{9D47E186-3D35-43D6-B2FE-6ECF50E38D72}.Ad-Hoc|iPhone.ActiveCfg = Ad-Hoc|iPhone
		{9D47E186-3D35-43D6-B2FE-6ECF50E38D72}.Ad-Hoc|iPhone.Build.0 = Ad-Hoc|iPhone
		{9D47E186-3D35-43D6-B2FE-6ECF50E38D72}.Ad-Hoc|iPhoneSimulator.ActiveCfg = Ad-Hoc|iPhoneSimulator
		{9D47E186-3D35-43D6-B2FE-6ECF50E38D72}.Ad-Hoc|iPhoneSimulator.Build.0 = Ad-Hoc|iPhoneSimulator
		{9D47E186-3D35-43D6-B2FE-6ECF50E38D72}.Ad-Hoc|x64.ActiveCfg = Ad-Hoc|iPhone
		{9D47E186-3D35-43D6-B2FE-6ECF50E38D72}.Ad-Hoc|x86.ActiveCfg = Ad-Hoc|iPhone
		{9D47E186-3D35-43D6-B2FE-6ECF50E38D72}.AppStore|Any CPU.ActiveCfg = AppStore|iPhone
		{9D47E186-3D35-43D6-B2FE-6ECF50E38D72}.AppStore|ARM.ActiveCfg = AppStore|iPhone
		{9D47E186-3D35-43D6-B2FE-6ECF50E38D72}.AppStore|iPhone.ActiveCfg = AppStore|iPhone
		{9D47E186-3D35-43D6-B2FE-6ECF50E38D72}.AppStore|iPhone.Build.0 = AppStore|iPhone
		{9D47E186-3D35-43D6-B2FE-6ECF50E38D72}.AppStore|iPhoneSimulator.ActiveCfg = AppStore|iPhoneSimulator
		{9D47E186-3D35-43D6-B2FE-6ECF50E38D72}.AppStore|iPhoneSimulator.Build.0 = AppStore|iPhoneSimulator
		{9D47E186-3D35-43D6-B2FE-6ECF50E38D72}.AppStore|x64.ActiveCfg = AppStore|iPhone
		{9D47E186-3D35-43D6-B2FE-6ECF50E38D72}.AppStore|x86.ActiveCfg = AppStore|iPhone
		{9D47E186-3D35-43D6-B2FE-6ECF50E38D72}.Debug|Any CPU.ActiveCfg = Debug|iPhone
		{9D47E186-3D35-43D6-B2FE-6ECF50E38D72}.Debug|ARM.ActiveCfg = Debug|iPhone
		{9D47E186-3D35-43D6-B2FE-6ECF50E38D72}.Debug|iPhone.ActiveCfg = Debug|iPhone
		{9D47E186-3D35-43D6-B2FE-6ECF50E38D72}.Debug|iPhone.Build.0 = Debug|iPhone
		{9D47E186-3D35-43D6-B2FE-6ECF50E38D72}.Debug|iPhoneSimulator.ActiveCfg = Debug|iPhoneSimulator
		{9D47E186-3D35-43D6-B2FE-6ECF50E38D72}.Debug|iPhoneSimulator.Build.0 = Debug|iPhoneSimulator
		{9D47E186-3D35-43D6-B2FE-6ECF50E38D72}.Debug|x64.ActiveCfg = Debug|iPhone
		{9D47E186-3D35-43D6-B2FE-6ECF50E38D72}.Debug|x86.ActiveCfg = Debug|iPhone
		{9D47E186-3D35-43D6-B2FE-6ECF50E38D72}.Release|Any CPU.ActiveCfg = Release|iPhone
		{9D47E186-3D35-43D6-B2FE-6ECF50E38D72}.Release|ARM.ActiveCfg = Release|iPhone
		{9D47E186-3D35-43D6-B2FE-6ECF50E38D72}.Release|iPhone.ActiveCfg = Release|iPhone
		{9D47E186-3D35-43D6-B2FE-6ECF50E38D72}.Release|iPhone.Build.0 = Release|iPhone
		{9D47E186-3D35-43D6-B2FE-6ECF50E38D72}.Release|iPhoneSimulator.ActiveCfg = Release|iPhoneSimulator
		{9D47E186-3D35-43D6-B2FE-6ECF50E38D72}.Release|iPhoneSimulator.Build.0 = Release|iPhoneSimulator
		{9D47E186-3D35-43D6-B2FE-6ECF50E38D72}.Release|x64.ActiveCfg = Release|iPhone
		{9D47E186-3D35-43D6-B2FE-6ECF50E38D72}.Release|x86.ActiveCfg = Release|iPhone
		{5956B2B9-4158-4AB0-830E-64587D61FE2B}.Ad-Hoc|Any CPU.ActiveCfg = Release|x86
		{5956B2B9-4158-4AB0-830E-64587D61FE2B}.Ad-Hoc|Any CPU.Build.0 = Release|x86
		{5956B2B9-4158-4AB0-830E-64587D61FE2B}.Ad-Hoc|Any CPU.Deploy.0 = Release|x86
		{5956B2B9-4158-4AB0-830E-64587D61FE2B}.Ad-Hoc|ARM.ActiveCfg = Release|ARM
		{5956B2B9-4158-4AB0-830E-64587D61FE2B}.Ad-Hoc|ARM.Build.0 = Release|ARM
		{5956B2B9-4158-4AB0-830E-64587D61FE2B}.Ad-Hoc|ARM.Deploy.0 = Release|ARM
		{5956B2B9-4158-4AB0-830E-64587D61FE2B}.Ad-Hoc|iPhone.ActiveCfg = Release|x86
		{5956B2B9-4158-4AB0-830E-64587D61FE2B}.Ad-Hoc|iPhone.Build.0 = Release|x86
		{5956B2B9-4158-4AB0-830E-64587D61FE2B}.Ad-Hoc|iPhone.Deploy.0 = Release|x86
		{5956B2B9-4158-4AB0-830E-64587D61FE2B}.Ad-Hoc|iPhoneSimulator.ActiveCfg = Release|x86
		{5956B2B9-4158-4AB0-830E-64587D61FE2B}.Ad-Hoc|iPhoneSimulator.Build.0 = Release|x86
		{5956B2B9-4158-4AB0-830E-64587D61FE2B}.Ad-Hoc|iPhoneSimulator.Deploy.0 = Release|x86
		{5956B2B9-4158-4AB0-830E-64587D61FE2B}.Ad-Hoc|x64.ActiveCfg = Release|x64
		{5956B2B9-4158-4AB0-830E-64587D61FE2B}.Ad-Hoc|x64.Build.0 = Release|x64
		{5956B2B9-4158-4AB0-830E-64587D61FE2B}.Ad-Hoc|x64.Deploy.0 = Release|x64
		{5956B2B9-4158-4AB0-830E-64587D61FE2B}.Ad-Hoc|x86.ActiveCfg = Release|x86
		{5956B2B9-4158-4AB0-830E-64587D61FE2B}.Ad-Hoc|x86.Build.0 = Release|x86
		{5956B2B9-4158-4AB0-830E-64587D61FE2B}.Ad-Hoc|x86.Deploy.0 = Release|x86
		{5956B2B9-4158-4AB0-830E-64587D61FE2B}.AppStore|Any CPU.ActiveCfg = Release|x86
		{5956B2B9-4158-4AB0-830E-64587D61FE2B}.AppStore|Any CPU.Build.0 = Release|x86
		{5956B2B9-4158-4AB0-830E-64587D61FE2B}.AppStore|Any CPU.Deploy.0 = Release|x86
		{5956B2B9-4158-4AB0-830E-64587D61FE2B}.AppStore|ARM.ActiveCfg = Release|ARM
		{5956B2B9-4158-4AB0-830E-64587D61FE2B}.AppStore|ARM.Build.0 = Release|ARM
		{5956B2B9-4158-4AB0-830E-64587D61FE2B}.AppStore|ARM.Deploy.0 = Release|ARM
		{5956B2B9-4158-4AB0-830E-64587D61FE2B}.AppStore|iPhone.ActiveCfg = Release|x86
		{5956B2B9-4158-4AB0-830E-64587D61FE2B}.AppStore|iPhone.Build.0 = Release|x86
		{5956B2B9-4158-4AB0-830E-64587D61FE2B}.AppStore|iPhone.Deploy.0 = Release|x86
		{5956B2B9-4158-4AB0-830E-64587D61FE2B}.AppStore|iPhoneSimulator.ActiveCfg = Release|x86
		{5956B2B9-4158-4AB0-830E-64587D61FE2B}.AppStore|iPhoneSimulator.Build.0 = Release|x86
		{5956B2B9-4158-4AB0-830E-64587D61FE2B}.AppStore|iPhoneSimulator.Deploy.0 = Release|x86
		{5956B2B9-4158-4AB0-830E-64587D61FE2B}.AppStore|x64.ActiveCfg = Release|x64
		{5956B2B9-4158-4AB0-830E-64587D61FE2B}.AppStore|x64.Build.0 = Release|x64
		{5956B2B9-4158-4AB0-830E-64587D61FE2B}.AppStore|x64.Deploy.0 = Release|x64
		{5956B2B9-4158-4AB0-830E-64587D61FE2B}.AppStore|x86.ActiveCfg = Release|x86
		{5956B2B9-4158-4AB0-830E-64587D61FE2B}.AppStore|x86.Build.0 = Release|x86
		{5956B2B9-4158-4AB0-830E-64587D61FE2B}.AppStore|x86.Deploy.0 = Release|x86
		{5956B2B9-4158-4AB0-830E-64587D61FE2B}.Debug|Any CPU.ActiveCfg = Debug|x86
		{5956B2B9-4158-4AB0-830E-64587D61FE2B}.Debug|ARM.ActiveCfg = Debug|ARM
		{5956B2B9-4158-4AB0-830E-64587D61FE2B}.Debug|ARM.Build.0 = Debug|ARM
		{5956B2B9-4158-4AB0-830E-64587D61FE2B}.Debug|ARM.Deploy.0 = Debug|ARM
		{5956B2B9-4158-4AB0-830E-64587D61FE2B}.Debug|iPhone.ActiveCfg = Debug|x86
		{5956B2B9-4158-4AB0-830E-64587D61FE2B}.Debug|iPhoneSimulator.ActiveCfg = Debug|x86
		{5956B2B9-4158-4AB0-830E-64587D61FE2B}.Debug|x64.ActiveCfg = Debug|x64
		{5956B2B9-4158-4AB0-830E-64587D61FE2B}.Debug|x64.Build.0 = Debug|x64
		{5956B2B9-4158-4AB0-830E-64587D61FE2B}.Debug|x64.Deploy.0 = Debug|x64
		{5956B2B9-4158-4AB0-830E-64587D61FE2B}.Debug|x86.ActiveCfg = Debug|x86
		{5956B2B9-4158-4AB0-830E-64587D61FE2B}.Debug|x86.Build.0 = Debug|x86
		{5956B2B9-4158-4AB0-830E-64587D61FE2B}.Debug|x86.Deploy.0 = Debug|x86
		{5956B2B9-4158-4AB0-830E-64587D61FE2B}.Release|Any CPU.ActiveCfg = Release|x86
		{5956B2B9-4158-4AB0-830E-64587D61FE2B}.Release|ARM.ActiveCfg = Release|ARM
		{5956B2B9-4158-4AB0-830E-64587D61FE2B}.Release|ARM.Build.0 = Release|ARM
		{5956B2B9-4158-4AB0-830E-64587D61FE2B}.Release|ARM.Deploy.0 = Release|ARM
		{5956B2B9-4158-4AB0-830E-64587D61FE2B}.Release|iPhone.ActiveCfg = Release|x86
		{5956B2B9-4158-4AB0-830E-64587D61FE2B}.Release|iPhoneSimulator.ActiveCfg = Release|x86
		{5956B2B9-4158-4AB0-830E-64587D61FE2B}.Release|x64.ActiveCfg = Release|x64
		{5956B2B9-4158-4AB0-830E-64587D61FE2B}.Release|x64.Build.0 = Release|x64
		{5956B2B9-4158-4AB0-830E-64587D61FE2B}.Release|x64.Deploy.0 = Release|x64
		{5956B2B9-4158-4AB0-830E-64587D61FE2B}.Release|x86.ActiveCfg = Release|x86
		{5956B2B9-4158-4AB0-830E-64587D61FE2B}.Release|x86.Build.0 = Release|x86
		{5956B2B9-4158-4AB0-830E-64587D61FE2B}.Release|x86.Deploy.0 = Release|x86
	EndGlobalSection
	GlobalSection(SolutionProperties) = preSolution
		HideSolutionNode = FALSE
	EndGlobalSection
	GlobalSection(ExtensibilityGlobals) = postSolution
		SolutionGuid = {52433895-19EC-4399-B6F2-F437743521F5}
	EndGlobalSection
EndGlobal
