
Microsoft Visual Studio Solution File, Format Version 12.00
# Visual Studio 15
VisualStudioVersion = 15.0.27703.2018
MinimumVisualStudioVersion = 10.0.40219.1
Project("{FAE04EC0-301F-11D3-BF4B-00C04F79EFBC}") = "XFESGeolocation", "XFESGeolocation\XFESGeolocation\XFESGeolocation.csproj", "{37F2996F-8C59-483E-908B-D0FAA6639712}"
EndProject
Project("{FAE04EC0-301F-11D3-BF4B-00C04F79EFBC}") = "XFESGeolocation.Android", "XFESGeolocation\XFESGeolocation.Android\XFESGeolocation.Android.csproj", "{A2B595D1-33A5-4556-AF51-E039C680CA39}"
EndProject
Project("{FAE04EC0-301F-11D3-BF4B-00C04F79EFBC}") = "XFESGeolocation.iOS", "XFESGeolocation\XFESGeolocation.iOS\XFESGeolocation.iOS.csproj", "{D982309C-CE63-425D-B3E5-4DD9164D8564}"
EndProject
Project("{FAE04EC0-301F-11D3-BF4B-00C04F79EFBC}") = "XFESGeolocation.UWP", "XFESGeolocation\XFESGeolocation.UWP\XFESGeolocation.UWP.csproj", "{C9B6F808-DB5D-4A6F-A66B-244F11AC5CB4}"
EndProject
Global
	GlobalSection(SolutionConfigurationPlatforms) = preSolution
		Ad-Hoc|Any CPU = Ad-Hoc|Any CPU
		Ad-Hoc|ARM = Ad-Hoc|ARM
		Ad-Hoc|iPhone = Ad-Hoc|iPhone
		Ad-Hoc|iPhoneSimulator = Ad-Hoc|iPhoneSimulator
		Ad-Hoc|x64 = Ad-Hoc|x64
		Ad-Hoc|x86 = Ad-Hoc|x86
		AppStore|Any CPU = AppStore|Any CPU
		AppStore|ARM = AppStore|ARM
		AppStore|iPhone = AppStore|iPhone
		AppStore|iPhoneSimulator = AppStore|iPhoneSimulator
		AppStore|x64 = AppStore|x64
		AppStore|x86 = AppStore|x86
		Debug|Any CPU = Debug|Any CPU
		Debug|ARM = Debug|ARM
		Debug|iPhone = Debug|iPhone
		Debug|iPhoneSimulator = Debug|iPhoneSimulator
		Debug|x64 = Debug|x64
		Debug|x86 = Debug|x86
		Release|Any CPU = Release|Any CPU
		Release|ARM = Release|ARM
		Release|iPhone = Release|iPhone
		Release|iPhoneSimulator = Release|iPhoneSimulator
		Release|x64 = Release|x64
		Release|x86 = Release|x86
	EndGlobalSection
	GlobalSection(ProjectConfigurationPlatforms) = postSolution
		{37F2996F-8C59-483E-908B-D0FAA6639712}.Ad-Hoc|Any CPU.ActiveCfg = Debug|Any CPU
		{37F2996F-8C59-483E-908B-D0FAA6639712}.Ad-Hoc|Any CPU.Build.0 = Debug|Any CPU
		{37F2996F-8C59-483E-908B-D0FAA6639712}.Ad-Hoc|ARM.ActiveCfg = Debug|Any CPU
		{37F2996F-8C59-483E-908B-D0FAA6639712}.Ad-Hoc|ARM.Build.0 = Debug|Any CPU
		{37F2996F-8C59-483E-908B-D0FAA6639712}.Ad-Hoc|iPhone.ActiveCfg = Debug|Any CPU
		{37F2996F-8C59-483E-908B-D0FAA6639712}.Ad-Hoc|iPhone.Build.0 = Debug|Any CPU
		{37F2996F-8C59-483E-908B-D0FAA6639712}.Ad-Hoc|iPhoneSimulator.ActiveCfg = Debug|Any CPU
		{37F2996F-8C59-483E-908B-D0FAA6639712}.Ad-Hoc|iPhoneSimulator.Build.0 = Debug|Any CPU
		{37F2996F-8C59-483E-908B-D0FAA6639712}.Ad-Hoc|x64.ActiveCfg = Debug|Any CPU
		{37F2996F-8C59-483E-908B-D0FAA6639712}.Ad-Hoc|x64.Build.0 = Debug|Any CPU
		{37F2996F-8C59-483E-908B-D0FAA6639712}.Ad-Hoc|x86.ActiveCfg = Debug|Any CPU
		{37F2996F-8C59-483E-908B-D0FAA6639712}.Ad-Hoc|x86.Build.0 = Debug|Any CPU
		{37F2996F-8C59-483E-908B-D0FAA6639712}.AppStore|Any CPU.ActiveCfg = Debug|Any CPU
		{37F2996F-8C59-483E-908B-D0FAA6639712}.AppStore|Any CPU.Build.0 = Debug|Any CPU
		{37F2996F-8C59-483E-908B-D0FAA6639712}.AppStore|ARM.ActiveCfg = Debug|Any CPU
		{37F2996F-8C59-483E-908B-D0FAA6639712}.AppStore|ARM.Build.0 = Debug|Any CPU
		{37F2996F-8C59-483E-908B-D0FAA6639712}.AppStore|iPhone.ActiveCfg = Debug|Any CPU
		{37F2996F-8C59-483E-908B-D0FAA6639712}.AppStore|iPhone.Build.0 = Debug|Any CPU
		{37F2996F-8C59-483E-908B-D0FAA6639712}.AppStore|iPhoneSimulator.ActiveCfg = Debug|Any CPU
		{37F2996F-8C59-483E-908B-D0FAA6639712}.AppStore|iPhoneSimulator.Build.0 = Debug|Any CPU
		{37F2996F-8C59-483E-908B-D0FAA6639712}.AppStore|x64.ActiveCfg = Debug|Any CPU
		{37F2996F-8C59-483E-908B-D0FAA6639712}.AppStore|x64.Build.0 = Debug|Any CPU
		{37F2996F-8C59-483E-908B-D0FAA6639712}.AppStore|x86.ActiveCfg = Debug|Any CPU
		{37F2996F-8C59-483E-908B-D0FAA6639712}.AppStore|x86.Build.0 = Debug|Any CPU
		{37F2996F-8C59-483E-908B-D0FAA6639712}.Debug|Any CPU.ActiveCfg = Debug|Any CPU
		{37F2996F-8C59-483E-908B-D0FAA6639712}.Debug|Any CPU.Build.0 = Debug|Any CPU
		{37F2996F-8C59-483E-908B-D0FAA6639712}.Debug|ARM.ActiveCfg = Debug|Any CPU
		{37F2996F-8C59-483E-908B-D0FAA6639712}.Debug|ARM.Build.0 = Debug|Any CPU
		{37F2996F-8C59-483E-908B-D0FAA6639712}.Debug|iPhone.ActiveCfg = Debug|Any CPU
		{37F2996F-8C59-483E-908B-D0FAA6639712}.Debug|iPhone.Build.0 = Debug|Any CPU
		{37F2996F-8C59-483E-908B-D0FAA6639712}.Debug|iPhoneSimulator.ActiveCfg = Debug|Any CPU
		{37F2996F-8C59-483E-908B-D0FAA6639712}.Debug|iPhoneSimulator.Build.0 = Debug|Any CPU
		{37F2996F-8C59-483E-908B-D0FAA6639712}.Debug|x64.ActiveCfg = Debug|Any CPU
		{37F2996F-8C59-483E-908B-D0FAA6639712}.Debug|x64.Build.0 = Debug|Any CPU
		{37F2996F-8C59-483E-908B-D0FAA6639712}.Debug|x86.ActiveCfg = Debug|Any CPU
		{37F2996F-8C59-483E-908B-D0FAA6639712}.Debug|x86.Build.0 = Debug|Any CPU
		{37F2996F-8C59-483E-908B-D0FAA6639712}.Release|Any CPU.ActiveCfg = Release|Any CPU
		{37F2996F-8C59-483E-908B-D0FAA6639712}.Release|Any CPU.Build.0 = Release|Any CPU
		{37F2996F-8C59-483E-908B-D0FAA6639712}.Release|ARM.ActiveCfg = Release|Any CPU
		{37F2996F-8C59-483E-908B-D0FAA6639712}.Release|ARM.Build.0 = Release|Any CPU
		{37F2996F-8C59-483E-908B-D0FAA6639712}.Release|iPhone.ActiveCfg = Release|Any CPU
		{37F2996F-8C59-483E-908B-D0FAA6639712}.Release|iPhone.Build.0 = Release|Any CPU
		{37F2996F-8C59-483E-908B-D0FAA6639712}.Release|iPhoneSimulator.ActiveCfg = Release|Any CPU
		{37F2996F-8C59-483E-908B-D0FAA6639712}.Release|iPhoneSimulator.Build.0 = Release|Any CPU
		{37F2996F-8C59-483E-908B-D0FAA6639712}.Release|x64.ActiveCfg = Release|Any CPU
		{37F2996F-8C59-483E-908B-D0FAA6639712}.Release|x64.Build.0 = Release|Any CPU
		{37F2996F-8C59-483E-908B-D0FAA6639712}.Release|x86.ActiveCfg = Release|Any CPU
		{37F2996F-8C59-483E-908B-D0FAA6639712}.Release|x86.Build.0 = Release|Any CPU
		{A2B595D1-33A5-4556-AF51-E039C680CA39}.Ad-Hoc|Any CPU.ActiveCfg = Release|Any CPU
		{A2B595D1-33A5-4556-AF51-E039C680CA39}.Ad-Hoc|Any CPU.Build.0 = Release|Any CPU
		{A2B595D1-33A5-4556-AF51-E039C680CA39}.Ad-Hoc|Any CPU.Deploy.0 = Release|Any CPU
		{A2B595D1-33A5-4556-AF51-E039C680CA39}.Ad-Hoc|ARM.ActiveCfg = Release|Any CPU
		{A2B595D1-33A5-4556-AF51-E039C680CA39}.Ad-Hoc|ARM.Build.0 = Release|Any CPU
		{A2B595D1-33A5-4556-AF51-E039C680CA39}.Ad-Hoc|ARM.Deploy.0 = Release|Any CPU
		{A2B595D1-33A5-4556-AF51-E039C680CA39}.Ad-Hoc|iPhone.ActiveCfg = Release|Any CPU
		{A2B595D1-33A5-4556-AF51-E039C680CA39}.Ad-Hoc|iPhone.Build.0 = Release|Any CPU
		{A2B595D1-33A5-4556-AF51-E039C680CA39}.Ad-Hoc|iPhone.Deploy.0 = Release|Any CPU
		{A2B595D1-33A5-4556-AF51-E039C680CA39}.Ad-Hoc|iPhoneSimulator.ActiveCfg = Release|Any CPU
		{A2B595D1-33A5-4556-AF51-E039C680CA39}.Ad-Hoc|iPhoneSimulator.Build.0 = Release|Any CPU
		{A2B595D1-33A5-4556-AF51-E039C680CA39}.Ad-Hoc|iPhoneSimulator.Deploy.0 = Release|Any CPU
		{A2B595D1-33A5-4556-AF51-E039C680CA39}.Ad-Hoc|x64.ActiveCfg = Release|Any CPU
		{A2B595D1-33A5-4556-AF51-E039C680CA39}.Ad-Hoc|x64.Build.0 = Release|Any CPU
		{A2B595D1-33A5-4556-AF51-E039C680CA39}.Ad-Hoc|x64.Deploy.0 = Release|Any CPU
		{A2B595D1-33A5-4556-AF51-E039C680CA39}.Ad-Hoc|x86.ActiveCfg = Release|Any CPU
		{A2B595D1-33A5-4556-AF51-E039C680CA39}.Ad-Hoc|x86.Build.0 = Release|Any CPU
		{A2B595D1-33A5-4556-AF51-E039C680CA39}.Ad-Hoc|x86.Deploy.0 = Release|Any CPU
		{A2B595D1-33A5-4556-AF51-E039C680CA39}.AppStore|Any CPU.ActiveCfg = Release|Any CPU
		{A2B595D1-33A5-4556-AF51-E039C680CA39}.AppStore|Any CPU.Build.0 = Release|Any CPU
		{A2B595D1-33A5-4556-AF51-E039C680CA39}.AppStore|Any CPU.Deploy.0 = Release|Any CPU
		{A2B595D1-33A5-4556-AF51-E039C680CA39}.AppStore|ARM.ActiveCfg = Release|Any CPU
		{A2B595D1-33A5-4556-AF51-E039C680CA39}.AppStore|ARM.Build.0 = Release|Any CPU
		{A2B595D1-33A5-4556-AF51-E039C680CA39}.AppStore|ARM.Deploy.0 = Release|Any CPU
		{A2B595D1-33A5-4556-AF51-E039C680CA39}.AppStore|iPhone.ActiveCfg = Release|Any CPU
		{A2B595D1-33A5-4556-AF51-E039C680CA39}.AppStore|iPhone.Build.0 = Release|Any CPU
		{A2B595D1-33A5-4556-AF51-E039C680CA39}.AppStore|iPhone.Deploy.0 = Release|Any CPU
		{A2B595D1-33A5-4556-AF51-E039C680CA39}.AppStore|iPhoneSimulator.ActiveCfg = Release|Any CPU
		{A2B595D1-33A5-4556-AF51-E039C680CA39}.AppStore|iPhoneSimulator.Build.0 = Release|Any CPU
		{A2B595D1-33A5-4556-AF51-E039C680CA39}.AppStore|iPhoneSimulator.Deploy.0 = Release|Any CPU
		{A2B595D1-33A5-4556-AF51-E039C680CA39}.AppStore|x64.ActiveCfg = Release|Any CPU
		{A2B595D1-33A5-4556-AF51-E039C680CA39}.AppStore|x64.Build.0 = Release|Any CPU
		{A2B595D1-33A5-4556-AF51-E039C680CA39}.AppStore|x64.Deploy.0 = Release|Any CPU
		{A2B595D1-33A5-4556-AF51-E039C680CA39}.AppStore|x86.ActiveCfg = Release|Any CPU
		{A2B595D1-33A5-4556-AF51-E039C680CA39}.AppStore|x86.Build.0 = Release|Any CPU
		{A2B595D1-33A5-4556-AF51-E039C680CA39}.AppStore|x86.Deploy.0 = Release|Any CPU
		{A2B595D1-33A5-4556-AF51-E039C680CA39}.Debug|Any CPU.ActiveCfg = Debug|Any CPU
		{A2B595D1-33A5-4556-AF51-E039C680CA39}.Debug|Any CPU.Build.0 = Debug|Any CPU
		{A2B595D1-33A5-4556-AF51-E039C680CA39}.Debug|Any CPU.Deploy.0 = Debug|Any CPU
		{A2B595D1-33A5-4556-AF51-E039C680CA39}.Debug|ARM.ActiveCfg = Debug|Any CPU
		{A2B595D1-33A5-4556-AF51-E039C680CA39}.Debug|ARM.Build.0 = Debug|Any CPU
		{A2B595D1-33A5-4556-AF51-E039C680CA39}.Debug|ARM.Deploy.0 = Debug|Any CPU
		{A2B595D1-33A5-4556-AF51-E039C680CA39}.Debug|iPhone.ActiveCfg = Debug|Any CPU
		{A2B595D1-33A5-4556-AF51-E039C680CA39}.Debug|iPhone.Build.0 = Debug|Any CPU
		{A2B595D1-33A5-4556-AF51-E039C680CA39}.Debug|iPhone.Deploy.0 = Debug|Any CPU
		{A2B595D1-33A5-4556-AF51-E039C680CA39}.Debug|iPhoneSimulator.ActiveCfg = Debug|Any CPU
		{A2B595D1-33A5-4556-AF51-E039C680CA39}.Debug|iPhoneSimulator.Build.0 = Debug|Any CPU
		{A2B595D1-33A5-4556-AF51-E039C680CA39}.Debug|iPhoneSimulator.Deploy.0 = Debug|Any CPU
		{A2B595D1-33A5-4556-AF51-E039C680CA39}.Debug|x64.ActiveCfg = Debug|Any CPU
		{A2B595D1-33A5-4556-AF51-E039C680CA39}.Debug|x64.Build.0 = Debug|Any CPU
		{A2B595D1-33A5-4556-AF51-E039C680CA39}.Debug|x64.Deploy.0 = Debug|Any CPU
		{A2B595D1-33A5-4556-AF51-E039C680CA39}.Debug|x86.ActiveCfg = Debug|Any CPU
		{A2B595D1-33A5-4556-AF51-E039C680CA39}.Debug|x86.Build.0 = Debug|Any CPU
		{A2B595D1-33A5-4556-AF51-E039C680CA39}.Debug|x86.Deploy.0 = Debug|Any CPU
		{A2B595D1-33A5-4556-AF51-E039C680CA39}.Release|Any CPU.ActiveCfg = Release|Any CPU
		{A2B595D1-33A5-4556-AF51-E039C680CA39}.Release|Any CPU.Build.0 = Release|Any CPU
		{A2B595D1-33A5-4556-AF51-E039C680CA39}.Release|Any CPU.Deploy.0 = Release|Any CPU
		{A2B595D1-33A5-4556-AF51-E039C680CA39}.Release|ARM.ActiveCfg = Release|Any CPU
		{A2B595D1-33A5-4556-AF51-E039C680CA39}.Release|ARM.Build.0 = Release|Any CPU
		{A2B595D1-33A5-4556-AF51-E039C680CA39}.Release|ARM.Deploy.0 = Release|Any CPU
		{A2B595D1-33A5-4556-AF51-E039C680CA39}.Release|iPhone.ActiveCfg = Release|Any CPU
		{A2B595D1-33A5-4556-AF51-E039C680CA39}.Release|iPhone.Build.0 = Release|Any CPU
		{A2B595D1-33A5-4556-AF51-E039C680CA39}.Release|iPhone.Deploy.0 = Release|Any CPU
		{A2B595D1-33A5-4556-AF51-E039C680CA39}.Release|iPhoneSimulator.ActiveCfg = Release|Any CPU
		{A2B595D1-33A5-4556-AF51-E039C680CA39}.Release|iPhoneSimulator.Build.0 = Release|Any CPU
		{A2B595D1-33A5-4556-AF51-E039C680CA39}.Release|iPhoneSimulator.Deploy.0 = Release|Any CPU
		{A2B595D1-33A5-4556-AF51-E039C680CA39}.Release|x64.ActiveCfg = Release|Any CPU
		{A2B595D1-33A5-4556-AF51-E039C680CA39}.Release|x64.Build.0 = Release|Any CPU
		{A2B595D1-33A5-4556-AF51-E039C680CA39}.Release|x64.Deploy.0 = Release|Any CPU
		{A2B595D1-33A5-4556-AF51-E039C680CA39}.Release|x86.ActiveCfg = Release|Any CPU
		{A2B595D1-33A5-4556-AF51-E039C680CA39}.Release|x86.Build.0 = Release|Any CPU
		{A2B595D1-33A5-4556-AF51-E039C680CA39}.Release|x86.Deploy.0 = Release|Any CPU
		{D982309C-CE63-425D-B3E5-4DD9164D8564}.Ad-Hoc|Any CPU.ActiveCfg = Ad-Hoc|iPhone
		{D982309C-CE63-425D-B3E5-4DD9164D8564}.Ad-Hoc|ARM.ActiveCfg = Ad-Hoc|iPhone
		{D982309C-CE63-425D-B3E5-4DD9164D8564}.Ad-Hoc|iPhone.ActiveCfg = Ad-Hoc|iPhone
		{D982309C-CE63-425D-B3E5-4DD9164D8564}.Ad-Hoc|iPhone.Build.0 = Ad-Hoc|iPhone
		{D982309C-CE63-425D-B3E5-4DD9164D8564}.Ad-Hoc|iPhoneSimulator.ActiveCfg = Ad-Hoc|iPhoneSimulator
		{D982309C-CE63-425D-B3E5-4DD9164D8564}.Ad-Hoc|iPhoneSimulator.Build.0 = Ad-Hoc|iPhoneSimulator
		{D982309C-CE63-425D-B3E5-4DD9164D8564}.Ad-Hoc|x64.ActiveCfg = Ad-Hoc|iPhone
		{D982309C-CE63-425D-B3E5-4DD9164D8564}.Ad-Hoc|x86.ActiveCfg = Ad-Hoc|iPhone
		{D982309C-CE63-425D-B3E5-4DD9164D8564}.AppStore|Any CPU.ActiveCfg = AppStore|iPhone
		{D982309C-CE63-425D-B3E5-4DD9164D8564}.AppStore|ARM.ActiveCfg = AppStore|iPhone
		{D982309C-CE63-425D-B3E5-4DD9164D8564}.AppStore|iPhone.ActiveCfg = AppStore|iPhone
		{D982309C-CE63-425D-B3E5-4DD9164D8564}.AppStore|iPhone.Build.0 = AppStore|iPhone
		{D982309C-CE63-425D-B3E5-4DD9164D8564}.AppStore|iPhoneSimulator.ActiveCfg = AppStore|iPhoneSimulator
		{D982309C-CE63-425D-B3E5-4DD9164D8564}.AppStore|iPhoneSimulator.Build.0 = AppStore|iPhoneSimulator
		{D982309C-CE63-425D-B3E5-4DD9164D8564}.AppStore|x64.ActiveCfg = AppStore|iPhone
		{D982309C-CE63-425D-B3E5-4DD9164D8564}.AppStore|x86.ActiveCfg = AppStore|iPhone
		{D982309C-CE63-425D-B3E5-4DD9164D8564}.Debug|Any CPU.ActiveCfg = Debug|iPhone
		{D982309C-CE63-425D-B3E5-4DD9164D8564}.Debug|ARM.ActiveCfg = Debug|iPhone
		{D982309C-CE63-425D-B3E5-4DD9164D8564}.Debug|iPhone.ActiveCfg = Debug|iPhone
		{D982309C-CE63-425D-B3E5-4DD9164D8564}.Debug|iPhone.Build.0 = Debug|iPhone
		{D982309C-CE63-425D-B3E5-4DD9164D8564}.Debug|iPhoneSimulator.ActiveCfg = Debug|iPhoneSimulator
		{D982309C-CE63-425D-B3E5-4DD9164D8564}.Debug|iPhoneSimulator.Build.0 = Debug|iPhoneSimulator
		{D982309C-CE63-425D-B3E5-4DD9164D8564}.Debug|x64.ActiveCfg = Debug|iPhone
		{D982309C-CE63-425D-B3E5-4DD9164D8564}.Debug|x86.ActiveCfg = Debug|iPhone
		{D982309C-CE63-425D-B3E5-4DD9164D8564}.Release|Any CPU.ActiveCfg = Release|iPhone
		{D982309C-CE63-425D-B3E5-4DD9164D8564}.Release|ARM.ActiveCfg = Release|iPhone
		{D982309C-CE63-425D-B3E5-4DD9164D8564}.Release|iPhone.ActiveCfg = Release|iPhone
		{D982309C-CE63-425D-B3E5-4DD9164D8564}.Release|iPhone.Build.0 = Release|iPhone
		{D982309C-CE63-425D-B3E5-4DD9164D8564}.Release|iPhoneSimulator.ActiveCfg = Release|iPhoneSimulator
		{D982309C-CE63-425D-B3E5-4DD9164D8564}.Release|iPhoneSimulator.Build.0 = Release|iPhoneSimulator
		{D982309C-CE63-425D-B3E5-4DD9164D8564}.Release|x64.ActiveCfg = Release|iPhone
		{D982309C-CE63-425D-B3E5-4DD9164D8564}.Release|x86.ActiveCfg = Release|iPhone
		{C9B6F808-DB5D-4A6F-A66B-244F11AC5CB4}.Ad-Hoc|Any CPU.ActiveCfg = Release|x86
		{C9B6F808-DB5D-4A6F-A66B-244F11AC5CB4}.Ad-Hoc|Any CPU.Build.0 = Release|x86
		{C9B6F808-DB5D-4A6F-A66B-244F11AC5CB4}.Ad-Hoc|Any CPU.Deploy.0 = Release|x86
		{C9B6F808-DB5D-4A6F-A66B-244F11AC5CB4}.Ad-Hoc|ARM.ActiveCfg = Release|ARM
		{C9B6F808-DB5D-4A6F-A66B-244F11AC5CB4}.Ad-Hoc|ARM.Build.0 = Release|ARM
		{C9B6F808-DB5D-4A6F-A66B-244F11AC5CB4}.Ad-Hoc|ARM.Deploy.0 = Release|ARM
		{C9B6F808-DB5D-4A6F-A66B-244F11AC5CB4}.Ad-Hoc|iPhone.ActiveCfg = Release|x86
		{C9B6F808-DB5D-4A6F-A66B-244F11AC5CB4}.Ad-Hoc|iPhone.Build.0 = Release|x86
		{C9B6F808-DB5D-4A6F-A66B-244F11AC5CB4}.Ad-Hoc|iPhone.Deploy.0 = Release|x86
		{C9B6F808-DB5D-4A6F-A66B-244F11AC5CB4}.Ad-Hoc|iPhoneSimulator.ActiveCfg = Release|x86
		{C9B6F808-DB5D-4A6F-A66B-244F11AC5CB4}.Ad-Hoc|iPhoneSimulator.Build.0 = Release|x86
		{C9B6F808-DB5D-4A6F-A66B-244F11AC5CB4}.Ad-Hoc|iPhoneSimulator.Deploy.0 = Release|x86
		{C9B6F808-DB5D-4A6F-A66B-244F11AC5CB4}.Ad-Hoc|x64.ActiveCfg = Release|x64
		{C9B6F808-DB5D-4A6F-A66B-244F11AC5CB4}.Ad-Hoc|x64.Build.0 = Release|x64
		{C9B6F808-DB5D-4A6F-A66B-244F11AC5CB4}.Ad-Hoc|x64.Deploy.0 = Release|x64
		{C9B6F808-DB5D-4A6F-A66B-244F11AC5CB4}.Ad-Hoc|x86.ActiveCfg = Release|x86
		{C9B6F808-DB5D-4A6F-A66B-244F11AC5CB4}.Ad-Hoc|x86.Build.0 = Release|x86
		{C9B6F808-DB5D-4A6F-A66B-244F11AC5CB4}.Ad-Hoc|x86.Deploy.0 = Release|x86
		{C9B6F808-DB5D-4A6F-A66B-244F11AC5CB4}.AppStore|Any CPU.ActiveCfg = Release|x86
		{C9B6F808-DB5D-4A6F-A66B-244F11AC5CB4}.AppStore|Any CPU.Build.0 = Release|x86
		{C9B6F808-DB5D-4A6F-A66B-244F11AC5CB4}.AppStore|Any CPU.Deploy.0 = Release|x86
		{C9B6F808-DB5D-4A6F-A66B-244F11AC5CB4}.AppStore|ARM.ActiveCfg = Release|ARM
		{C9B6F808-DB5D-4A6F-A66B-244F11AC5CB4}.AppStore|ARM.Build.0 = Release|ARM
		{C9B6F808-DB5D-4A6F-A66B-244F11AC5CB4}.AppStore|ARM.Deploy.0 = Release|ARM
		{C9B6F808-DB5D-4A6F-A66B-244F11AC5CB4}.AppStore|iPhone.ActiveCfg = Release|x86
		{C9B6F808-DB5D-4A6F-A66B-244F11AC5CB4}.AppStore|iPhone.Build.0 = Release|x86
		{C9B6F808-DB5D-4A6F-A66B-244F11AC5CB4}.AppStore|iPhone.Deploy.0 = Release|x86
		{C9B6F808-DB5D-4A6F-A66B-244F11AC5CB4}.AppStore|iPhoneSimulator.ActiveCfg = Release|x86
		{C9B6F808-DB5D-4A6F-A66B-244F11AC5CB4}.AppStore|iPhoneSimulator.Build.0 = Release|x86
		{C9B6F808-DB5D-4A6F-A66B-244F11AC5CB4}.AppStore|iPhoneSimulator.Deploy.0 = Release|x86
		{C9B6F808-DB5D-4A6F-A66B-244F11AC5CB4}.AppStore|x64.ActiveCfg = Release|x64
		{C9B6F808-DB5D-4A6F-A66B-244F11AC5CB4}.AppStore|x64.Build.0 = Release|x64
		{C9B6F808-DB5D-4A6F-A66B-244F11AC5CB4}.AppStore|x64.Deploy.0 = Release|x64
		{C9B6F808-DB5D-4A6F-A66B-244F11AC5CB4}.AppStore|x86.ActiveCfg = Release|x86
		{C9B6F808-DB5D-4A6F-A66B-244F11AC5CB4}.AppStore|x86.Build.0 = Release|x86
		{C9B6F808-DB5D-4A6F-A66B-244F11AC5CB4}.AppStore|x86.Deploy.0 = Release|x86
		{C9B6F808-DB5D-4A6F-A66B-244F11AC5CB4}.Debug|Any CPU.ActiveCfg = Debug|x86
		{C9B6F808-DB5D-4A6F-A66B-244F11AC5CB4}.Debug|ARM.ActiveCfg = Debug|ARM
		{C9B6F808-DB5D-4A6F-A66B-244F11AC5CB4}.Debug|ARM.Build.0 = Debug|ARM
		{C9B6F808-DB5D-4A6F-A66B-244F11AC5CB4}.Debug|ARM.Deploy.0 = Debug|ARM
		{C9B6F808-DB5D-4A6F-A66B-244F11AC5CB4}.Debug|iPhone.ActiveCfg = Debug|x86
		{C9B6F808-DB5D-4A6F-A66B-244F11AC5CB4}.Debug|iPhoneSimulator.ActiveCfg = Debug|x86
		{C9B6F808-DB5D-4A6F-A66B-244F11AC5CB4}.Debug|x64.ActiveCfg = Debug|x64
		{C9B6F808-DB5D-4A6F-A66B-244F11AC5CB4}.Debug|x64.Build.0 = Debug|x64
		{C9B6F808-DB5D-4A6F-A66B-244F11AC5CB4}.Debug|x64.Deploy.0 = Debug|x64
		{C9B6F808-DB5D-4A6F-A66B-244F11AC5CB4}.Debug|x86.ActiveCfg = Debug|x86
		{C9B6F808-DB5D-4A6F-A66B-244F11AC5CB4}.Debug|x86.Build.0 = Debug|x86
		{C9B6F808-DB5D-4A6F-A66B-244F11AC5CB4}.Debug|x86.Deploy.0 = Debug|x86
		{C9B6F808-DB5D-4A6F-A66B-244F11AC5CB4}.Release|Any CPU.ActiveCfg = Release|x86
		{C9B6F808-DB5D-4A6F-A66B-244F11AC5CB4}.Release|ARM.ActiveCfg = Release|ARM
		{C9B6F808-DB5D-4A6F-A66B-244F11AC5CB4}.Release|ARM.Build.0 = Release|ARM
		{C9B6F808-DB5D-4A6F-A66B-244F11AC5CB4}.Release|ARM.Deploy.0 = Release|ARM
		{C9B6F808-DB5D-4A6F-A66B-244F11AC5CB4}.Release|iPhone.ActiveCfg = Release|x86
		{C9B6F808-DB5D-4A6F-A66B-244F11AC5CB4}.Release|iPhoneSimulator.ActiveCfg = Release|x86
		{C9B6F808-DB5D-4A6F-A66B-244F11AC5CB4}.Release|x64.ActiveCfg = Release|x64
		{C9B6F808-DB5D-4A6F-A66B-244F11AC5CB4}.Release|x64.Build.0 = Release|x64
		{C9B6F808-DB5D-4A6F-A66B-244F11AC5CB4}.Release|x64.Deploy.0 = Release|x64
		{C9B6F808-DB5D-4A6F-A66B-244F11AC5CB4}.Release|x86.ActiveCfg = Release|x86
		{C9B6F808-DB5D-4A6F-A66B-244F11AC5CB4}.Release|x86.Build.0 = Release|x86
		{C9B6F808-DB5D-4A6F-A66B-244F11AC5CB4}.Release|x86.Deploy.0 = Release|x86
	EndGlobalSection
	GlobalSection(SolutionProperties) = preSolution
		HideSolutionNode = FALSE
	EndGlobalSection
	GlobalSection(ExtensibilityGlobals) = postSolution
		SolutionGuid = {55C50C60-ADAA-41BC-B076-D8F102408268}
	EndGlobalSection
EndGlobal
